{"SurveyEntry":{"SurveyID":"SV_43egVSmWXLvDOWa","SurveyName":"test","SurveyDescription":null,"SurveyOwnerID":"UR_6xwvJq0siaEd4p0","SurveyBrandID":"umd","DivisionID":null,"SurveyLanguage":"EN","SurveyActiveResponseSet":"RS_071idxFGjtg0e8K","SurveyStatus":"Inactive","SurveyStartDate":"0000-00-00 00:00:00","SurveyExpirationDate":"0000-00-00 00:00:00","SurveyCreationDate":"2024-10-08 15:12:24","CreatorID":"UR_6xwvJq0siaEd4p0","LastModified":"2024-10-08 15:24:53","LastAccessed":"0000-00-00 00:00:00","LastActivated":"0000-00-00 00:00:00","Deleted":null},"SurveyElements":[{"SurveyID":"SV_43egVSmWXLvDOWa","Element":"BL","PrimaryAttribute":"Survey Blocks","SecondaryAttribute":null,"TertiaryAttribute":null,"Payload":[{"Type":"Default","Description":"Default Question Block","ID":"BL_5vgSjmlPOEPQwuy","BlockElements":[{"Type":"Question","QuestionID":"QID1"}]},{"Type":"Trash","Description":"Trash \/ Unused Questions","ID":"BL_1zxpZpAS70cypYq"}]},{"SurveyID":"SV_43egVSmWXLvDOWa","Element":"FL","PrimaryAttribute":"Survey Flow","SecondaryAttribute":null,"TertiaryAttribute":null,"Payload":{"Flow":[{"ID":"BL_5vgSjmlPOEPQwuy","Type":"Block","FlowID":"FL_2"}],"Properties":{"Count":2},"FlowID":"FL_1","Type":"Root"}},{"SurveyID":"SV_43egVSmWXLvDOWa","Element":"PL","PrimaryAttribute":"Preview Link","SecondaryAttribute":null,"TertiaryAttribute":null,"Payload":{"PreviewType":"Brand","PreviewID":"cc12f0a2-0cb3-46c2-abb7-b8619e46221d"}},{"SurveyID":"SV_43egVSmWXLvDOWa","Element":"SO","PrimaryAttribute":"Survey Options","SecondaryAttribute":null,"TertiaryAttribute":null,"Payload":{"BackButton":"false","SaveAndContinue":"true","SurveyProtection":"PublicSurvey","BallotBoxStuffingPrevention":"false","NoIndex":"Yes","SecureResponseFiles":"true","SurveyExpiration":"None","SurveyTermination":"DefaultMessage","Header":"","Footer":"","ProgressBarDisplay":"None","PartialData":"+1 week","ValidationMessage":"","PreviousButton":"","NextButton":"","SurveyTitle":"Qualtrics Survey | Qualtrics Experience Management","SkinLibrary":"umd","SkinType":"templated","Skin":{"brandingId":"3587758998","templateId":"*base","overrides":null},"NewScoring":1,"SurveyMetaDescription":"The most powerful, simple and trusted way to gather experience data. Start your journey to experience management and try a free account today.","SurveyName":"test"}},{"SurveyID":"SV_43egVSmWXLvDOWa","Element":"QGO","PrimaryAttribute":"QGO_QuotaGroupOrder","SecondaryAttribute":null,"TertiaryAttribute":null,"Payload":["QG_GUgSKerjR9xlquL"]},{"SurveyID":"SV_43egVSmWXLvDOWa","Element":"SCO","PrimaryAttribute":"Scoring","SecondaryAttribute":null,"TertiaryAttribute":null,"Payload":{"ScoringCategories":[],"ScoringCategoryGroups":[],"ScoringSummaryCategory":null,"ScoringSummaryAfterQuestions":0,"ScoringSummaryAfterSurvey":0,"DefaultScoringCategory":null,"AutoScoringCategory":null}},{"SurveyID":"SV_43egVSmWXLvDOWa","Element":"PROJ","PrimaryAttribute":"CORE","SecondaryAttribute":null,"TertiaryAttribute":"1.1.0","Payload":{"ProjectCategory":"CORE","SchemaVersion":"1.1.0"}},{"SurveyID":"SV_43egVSmWXLvDOWa","Element":"STAT","PrimaryAttribute":"Survey Statistics","SecondaryAttribute":null,"TertiaryAttribute":null,"Payload":{"MobileCompatible":false,"ID":"Survey Statistics"}},{"SurveyID":"SV_43egVSmWXLvDOWa","Element":"QC","PrimaryAttribute":"Survey Question Count","SecondaryAttribute":"1","TertiaryAttribute":null,"Payload":null},{"SurveyID":"SV_43egVSmWXLvDOWa","Element":"QG","PrimaryAttribute":"QG_GUgSKerjR9xlquL","SecondaryAttribute":"Default Quota Group","TertiaryAttribute":null,"Payload":{"ID":"QG_GUgSKerjR9xlquL","Name":"Default Quota Group","Selected":true,"MultipleMatch":"PlaceInAll","Public":false,"Quotas":[]}},{"SurveyID":"SV_43egVSmWXLvDOWa","Element":"RS","PrimaryAttribute":"RS_071idxFGjtg0e8K","SecondaryAttribute":"Default Response Set","TertiaryAttribute":null,"Payload":null},{"SurveyID":"SV_43egVSmWXLvDOWa","Element":"SQ","PrimaryAttribute":"QID1","SecondaryAttribute":"These sentences have the same structure: A hearing is set for Nov. 15, but participants don't exp...","TertiaryAttribute":null,"Payload":{"QuestionText":"These sentences have the same structure:<br><br>A hearing is set for Nov. 15, but participants don't expect a resolution until July 1990.\n<br><br>A wrist is strapped for Nov. 15, but mothers don't credit an obedience until July 1990.<br>","DefaultChoices":false,"DataExportTag":"Q1","QuestionID":"QID1","QuestionType":"Matrix","Selector":"Bipolar","DataVisibility":{"Private":false,"Hidden":false},"Configuration":{"QuestionDescriptionOption":"UseText","TextPosition":"inline","ChoiceColumnWidth":25,"Stack":"OFF","MobileFirst":true,"RepeatHeaders":"none","WhiteSpace":"OFF"},"QuestionDescription":"These sentences have the same structure: A hearing is set for Nov. 15, but participants don't exp...","Choices":{"1":{"Display":"Strongly disagree:Somewhat disagree","ExclusiveAnswer":false}},"ChoiceOrder":[1],"Validation":{"Settings":{"ForceResponse":"OFF","Type":"None"}},"GradingData":[],"Language":[],"NextChoiceId":6,"NextAnswerId":6,"Answers":{"1":{"Display":"1"},"2":{"Display":"2"},"3":{"Display":"3"},"4":{"Display":"4"},"5":{"Display":"5"}},"AnswerOrder":[1,2,3,4,5],"ChoiceDataExportTags":false,"AnswerColumns":5}}]}
