{"SurveyEntry":{"SurveyID":"SV_9QBRV7tM4pj6FAW","SurveyName":"test","SurveyDescription":null,"SurveyOwnerID":"UR_6xwvJq0siaEd4p0","SurveyBrandID":"umd","DivisionID":null,"SurveyLanguage":"EN","SurveyActiveResponseSet":"RS_7TYDTfnAxCQKThI","SurveyStatus":"Inactive","SurveyStartDate":"0000-00-00 00:00:00","SurveyExpirationDate":"0000-00-00 00:00:00","SurveyCreationDate":"2024-10-09 11:32:23","CreatorID":"UR_6xwvJq0siaEd4p0","LastModified":"2024-10-09 11:34:53","LastAccessed":"0000-00-00 00:00:00","LastActivated":"0000-00-00 00:00:00","Deleted":null},"SurveyElements":[{"SurveyID":"SV_9QBRV7tM4pj6FAW","Element":"BL","PrimaryAttribute":"Survey Blocks","SecondaryAttribute":null,"TertiaryAttribute":null,"Payload":[{"Type":"Default","Description":"Default Question Block","ID":"BL_5vgSjmlPOEPQwuy","BlockElements":[{"Type":"Question","QuestionID":"QID1"}]},{"Type":"Trash","Description":"Trash \/ Unused Questions","ID":"BL_1zxpZpAS70cypYq"},{"Type":"Standard","SubType":"","Description":"Block 1","ID":"BL_cwQ02aCxtqbI6mW","BlockElements":[{"Type":"Question","QuestionID":"QIDIntro","SkipLogic":[{"SkipLogicID":1,"ChoiceLocator":"q:\/\/QIDIntro\/SelectableChoice\/2","Condition":"Selected","SkipToDestination":"ENDOFSURVEY","Locator":"q:\/\/QIDIntro\/SelectableChoice\/2","SkipToDescription":"During this study, you will... <strong>No<\/strong>  <strong>Is Selected<\/strong>","Description":"Condition: <strong title=\"No\">No<\/strong> <strong>Is Selected<\/strong>. Skip To: <strong>End of Survey<\/strong>.","QuestionID":"QIDIntro"}]}]}]},{"SurveyID":"SV_9QBRV7tM4pj6FAW","Element":"FL","PrimaryAttribute":"Survey Flow","SecondaryAttribute":null,"TertiaryAttribute":null,"Payload":{"Flow":[{"ID":"BL_cwQ02aCxtqbI6mW","Type":"Standard","FlowID":"FL_3"},{"ID":"BL_5vgSjmlPOEPQwuy","Type":"Block","FlowID":"FL_2"}],"Properties":{"Count":3},"FlowID":"FL_1","Type":"Root"}},{"SurveyID":"SV_9QBRV7tM4pj6FAW","Element":"PL","PrimaryAttribute":"Preview Link","SecondaryAttribute":null,"TertiaryAttribute":null,"Payload":{"PreviewType":"Brand","PreviewID":"cc2ed0d1-1ed2-4abb-a619-f7f5bd8ef310"}},{"SurveyID":"SV_9QBRV7tM4pj6FAW","Element":"SO","PrimaryAttribute":"Survey Options","SecondaryAttribute":null,"TertiaryAttribute":null,"Payload":{"BackButton":"false","SaveAndContinue":"true","SurveyProtection":"PublicSurvey","BallotBoxStuffingPrevention":"false","NoIndex":"Yes","SecureResponseFiles":"true","SurveyExpiration":"None","SurveyTermination":"DefaultMessage","Header":"","Footer":"","ProgressBarDisplay":"None","PartialData":"+1 week","ValidationMessage":"","PreviousButton":"","NextButton":"","SurveyTitle":"Qualtrics Survey | Qualtrics Experience Management","SkinLibrary":"umd","SkinType":"templated","Skin":{"brandingId":"3587758998","templateId":"*base","overrides":null},"NewScoring":1,"SurveyMetaDescription":"The most powerful, simple and trusted way to gather experience data. Start your journey to experience management and try a free account today."}},{"SurveyID":"SV_9QBRV7tM4pj6FAW","Element":"SCO","PrimaryAttribute":"Scoring","SecondaryAttribute":null,"TertiaryAttribute":null,"Payload":{"ScoringCategories":[],"ScoringCategoryGroups":[],"ScoringSummaryCategory":null,"ScoringSummaryAfterQuestions":0,"ScoringSummaryAfterSurvey":0,"DefaultScoringCategory":null,"AutoScoringCategory":null}},{"SurveyID":"SV_9QBRV7tM4pj6FAW","Element":"PROJ","PrimaryAttribute":"CORE","SecondaryAttribute":null,"TertiaryAttribute":"1.1.0","Payload":{"ProjectCategory":"CORE","SchemaVersion":"1.1.0"}},{"SurveyID":"SV_9QBRV7tM4pj6FAW","Element":"STAT","PrimaryAttribute":"Survey Statistics","SecondaryAttribute":null,"TertiaryAttribute":null,"Payload":{"MobileCompatible":true,"ID":"Survey Statistics"}},{"SurveyID":"SV_9QBRV7tM4pj6FAW","Element":"QC","PrimaryAttribute":"Survey Question Count","SecondaryAttribute":"2","TertiaryAttribute":null,"Payload":null},{"SurveyID":"SV_9QBRV7tM4pj6FAW","Element":"RS","PrimaryAttribute":"RS_7TYDTfnAxCQKThI","SecondaryAttribute":"Default Response Set","TertiaryAttribute":null,"Payload":null},{"SurveyID":"SV_9QBRV7tM4pj6FAW","Element":"SQ","PrimaryAttribute":"QIDIntro","SecondaryAttribute":"During this study, you will be presented with two sentences. Your job is to determine whether or...","TertiaryAttribute":null,"Payload":{"QuestionText":"During this study, you will be presented with two sentences. Your job is to determine whether or not those sentences have the same structure.\n<br><br>For example, you may be presented with:\n<br><br>The chef cooked the ducks and put them on the plate.\n<br>The sidewalk saw the rain and attacked it at the zoo.\n<br><br>These two sentences have the same structure.\n<br><br>Another example is:\n<br><br>The student picked up their backpack and headed to class.\n<br>The blue lamp dropped its carpet while going on top.\n<br><br>The second sentence changes some parts of the structure, adding an adjective before \"lamp\" and removing \"up\" after \"backpack\".\n<br><br>You will have to rate the pairs on a scale from 1 to 5, where 1 means they have completely different structures and 5 means they have identical structures. Try your best to answer each question, but don't spend too long on any one question. <br><br>Do you consent to participate?","DefaultChoices":false,"DataExportTag":"QIntro","QuestionType":"MC","Selector":"SAVR","SubSelector":"TX","DataVisibility":{"Private":false,"Hidden":false},"Configuration":{"QuestionDescriptionOption":"UseText"},"QuestionDescription":"During this study, you will be presented with two sentences. Your job is to determine whether or...","Choices":{"1":{"Display":"Yes"},"2":{"Display":"No"}},"ChoiceOrder":[1,2],"Validation":{"Settings":{"ForceResponse":"OFF","Type":"None"}},"GradingData":[],"Language":[],"NextChoiceId":3,"NextAnswerId":1,"QuestionID":"QIDIntro"}},{"SurveyID":"SV_9QBRV7tM4pj6FAW","Element":"SQ","PrimaryAttribute":"QID1","SecondaryAttribute":"These sentences have the same structure: A hearing is set for Nov. 15, but participants don't exp...","TertiaryAttribute":null,"Payload":{"QuestionText":"These sentences have the same structure:<br><br>A hearing is set for Nov. 15, but participants don't expect a resolution until July 1990.\n<br><br>A wrist is strapped for Nov. 15, but mothers don't credit an obedience until July 1990.<br>","DefaultChoices":false,"DataExportTag":"Q1","QuestionID":"QID1","QuestionType":"Matrix","Selector":"Bipolar","DataVisibility":{"Private":false,"Hidden":false},"Configuration":{"QuestionDescriptionOption":"UseText","TextPosition":"inline","ChoiceColumnWidth":25,"Stack":"OFF","MobileFirst":true,"RepeatHeaders":"none","WhiteSpace":"OFF"},"QuestionDescription":"These sentences have the same structure: A hearing is set for Nov. 15, but participants don't exp...","Choices":{"1":{"Display":"Strongly disagree:Strongly agree","ExclusiveAnswer":false}},"ChoiceOrder":[1],"Validation":{"Settings":{"ForceResponse":"OFF","Type":"None"}},"GradingData":[],"Language":[],"NextChoiceId":6,"NextAnswerId":6,"Answers":{"1":{"Display":"1"},"2":{"Display":"2"},"3":{"Display":"3"},"4":{"Display":"4"},"5":{"Display":"5"}},"AnswerOrder":[1,2,3,4,5],"ChoiceDataExportTags":false,"AnswerColumns":5}}]}