{"SurveyEntry": {"SurveyID": "SV_9QBRV7tM4pj6FAW", "SurveyName": "test", "SurveyDescription": null, "SurveyOwnerID": "UR_6xwvJq0siaEd4p0", "SurveyBrandID": "umd", "DivisionID": null, "SurveyLanguage": "EN", "SurveyActiveResponseSet": "RS_7TYDTfnAxCQKThI", "SurveyStatus": "Inactive", "SurveyStartDate": "0000-00-00 00:00:00", "SurveyExpirationDate": "0000-00-00 00:00:00", "SurveyCreationDate": "2024-10-09 11:32:23", "CreatorID": "UR_6xwvJq0siaEd4p0", "LastModified": "2024-10-09 11:34:53", "LastAccessed": "0000-00-00 00:00:00", "LastActivated": "0000-00-00 00:00:00", "Deleted": null}, "SurveyElements": [{"SurveyID": "SV_9QBRV7tM4pj6FAW", "Element": "BL", "PrimaryAttribute": "Survey Blocks", "SecondaryAttribute": null, "TertiaryAttribute": null, "Payload": [{"Type": "Standard", "SubType": "", "Description": "Block 1", "ID": "BL_cwQ02aCxtqbI6mW", "BlockElements": [{"Type": "Question", "QuestionID": "QIDIntro", "SkipLogic": [{"SkipLogicID": 1, "ChoiceLocator": "q://QIDIntro/SelectableChoice/2", "Condition": "Selected", "SkipToDestination": "ENDOFSURVEY", "Locator": "q://QIDIntro/SelectableChoice/2", "SkipToDescription": "During this study, you will... <strong>No</strong>  <strong>Is Selected</strong>", "Description": "Condition: <strong title=\"No\">No</strong> <strong>Is Selected</strong>. Skip To: <strong>End of Survey</strong>.", "QuestionID": "QIDIntro"}]}]}, {"Type": "Standard", "Description": "BL_QID1", "ID": "BL_QID1", "BlockElements": [{"Type": "Question", "QuestionID": "QID1"}]}, {"Type": "Standard", "Description": "BL_QID2", "ID": "BL_QID2", "BlockElements": [{"Type": "Question", "QuestionID": "QID2"}]}, {"Type": "Standard", "Description": "BL_QID3", "ID": "BL_QID3", "BlockElements": [{"Type": "Question", "QuestionID": "QID3"}]}, {"Type": "Standard", "Description": "BL_QID4", "ID": "BL_QID4", "BlockElements": [{"Type": "Question", "QuestionID": "QID4"}]}, {"Type": "Standard", "Description": "BL_QID5", "ID": "BL_QID5", "BlockElements": [{"Type": "Question", "QuestionID": "QID5"}]}, {"Type": "Standard", "Description": "BL_QID6", "ID": "BL_QID6", "BlockElements": [{"Type": "Question", "QuestionID": "QID6"}]}, {"Type": "Standard", "Description": "BL_QID7", "ID": "BL_QID7", "BlockElements": [{"Type": "Question", "QuestionID": "QID7"}]}, {"Type": "Standard", "Description": "BL_QID8", "ID": "BL_QID8", "BlockElements": [{"Type": "Question", "QuestionID": "QID8"}]}, {"Type": "Standard", "Description": "BL_QID9", "ID": "BL_QID9", "BlockElements": [{"Type": "Question", "QuestionID": "QID9"}]}, {"Type": "Standard", "Description": "BL_QID10", "ID": "BL_QID10", "BlockElements": [{"Type": "Question", "QuestionID": "QID10"}]}, {"Type": "Standard", "Description": "BL_QID1000", "ID": "BL_QID1000", "BlockElements": [{"Type": "Question", "QuestionID": "QID1000"}]}, {"Type": "Standard", "Description": "BL_QID11", "ID": "BL_QID11", "BlockElements": [{"Type": "Question", "QuestionID": "QID11"}]}, {"Type": "Standard", "Description": "BL_QID12", "ID": "BL_QID12", "BlockElements": [{"Type": "Question", "QuestionID": "QID12"}]}, {"Type": "Standard", "Description": "BL_QID13", "ID": "BL_QID13", "BlockElements": [{"Type": "Question", "QuestionID": "QID13"}]}, {"Type": "Standard", "Description": "BL_QID14", "ID": "BL_QID14", "BlockElements": [{"Type": "Question", "QuestionID": "QID14"}]}, {"Type": "Standard", "Description": "BL_QID15", "ID": "BL_QID15", "BlockElements": [{"Type": "Question", "QuestionID": "QID15"}]}, {"Type": "Standard", "Description": "BL_QID16", "ID": "BL_QID16", "BlockElements": [{"Type": "Question", "QuestionID": "QID16"}]}, {"Type": "Standard", "Description": "BL_QID17", "ID": "BL_QID17", "BlockElements": [{"Type": "Question", "QuestionID": "QID17"}]}, {"Type": "Standard", "Description": "BL_QID18", "ID": "BL_QID18", "BlockElements": [{"Type": "Question", "QuestionID": "QID18"}]}, {"Type": "Standard", "Description": "BL_QID19", "ID": "BL_QID19", "BlockElements": [{"Type": "Question", "QuestionID": "QID19"}]}, {"Type": "Standard", "Description": "BL_QID20", "ID": "BL_QID20", "BlockElements": [{"Type": "Question", "QuestionID": "QID20"}]}, {"Type": "Standard", "Description": "BL_QID21", "ID": "BL_QID21", "BlockElements": [{"Type": "Question", "QuestionID": "QID21"}]}, {"Type": "Standard", "Description": "BL_QID22", "ID": "BL_QID22", "BlockElements": [{"Type": "Question", "QuestionID": "QID22"}]}, {"Type": "Standard", "Description": "BL_QID23", "ID": "BL_QID23", "BlockElements": [{"Type": "Question", "QuestionID": "QID23"}]}, {"Type": "Standard", "Description": "BL_QID24", "ID": "BL_QID24", "BlockElements": [{"Type": "Question", "QuestionID": "QID24"}]}, {"Type": "Standard", "Description": "BL_QID25", "ID": "BL_QID25", "BlockElements": [{"Type": "Question", "QuestionID": "QID25"}]}]}, {"SurveyID": "SV_9QBRV7tM4pj6FAW", "Element": "FL", "PrimaryAttribute": "Survey Flow", "SecondaryAttribute": null, "TertiaryAttribute": null, "Payload": {"Flow": [{"ID": "BL_cwQ02aCxtqbI6mW", "Type": "Standard", "FlowID": "FL_3"}, {"ID": "BL_5vgSjmlPOEPQwuy", "Type": "Block", "FlowID": "FL_2"}, {"ID": "BL_QID1", "Type": "Block", "FlowID": "FL_QID1"}, {"ID": "BL_QID2", "Type": "Block", "FlowID": "FL_QID2"}, {"ID": "BL_QID3", "Type": "Block", "FlowID": "FL_QID3"}, {"ID": "BL_QID4", "Type": "Block", "FlowID": "FL_QID4"}, {"ID": "BL_QID5", "Type": "Block", "FlowID": "FL_QID5"}, {"ID": "BL_QID6", "Type": "Block", "FlowID": "FL_QID6"}, {"ID": "BL_QID7", "Type": "Block", "FlowID": "FL_QID7"}, {"ID": "BL_QID8", "Type": "Block", "FlowID": "FL_QID8"}, {"ID": "BL_QID9", "Type": "Block", "FlowID": "FL_QID9"}, {"ID": "BL_QID10", "Type": "Block", "FlowID": "FL_QID10"}, {"ID": "BL_QID1000", "Type": "Block", "FlowID": "FL_QID1000"}, {"ID": "BL_QID11", "Type": "Block", "FlowID": "FL_QID11"}, {"ID": "BL_QID12", "Type": "Block", "FlowID": "FL_QID12"}, {"ID": "BL_QID13", "Type": "Block", "FlowID": "FL_QID13"}, {"ID": "BL_QID14", "Type": "Block", "FlowID": "FL_QID14"}, {"ID": "BL_QID15", "Type": "Block", "FlowID": "FL_QID15"}, {"ID": "BL_QID16", "Type": "Block", "FlowID": "FL_QID16"}, {"ID": "BL_QID17", "Type": "Block", "FlowID": "FL_QID17"}, {"ID": "BL_QID18", "Type": "Block", "FlowID": "FL_QID18"}, {"ID": "BL_QID19", "Type": "Block", "FlowID": "FL_QID19"}, {"ID": "BL_QID20", "Type": "Block", "FlowID": "FL_QID20"}, {"ID": "BL_QID21", "Type": "Block", "FlowID": "FL_QID21"}, {"ID": "BL_QID22", "Type": "Block", "FlowID": "FL_QID22"}, {"ID": "BL_QID23", "Type": "Block", "FlowID": "FL_QID23"}, {"ID": "BL_QID24", "Type": "Block", "FlowID": "FL_QID24"}, {"ID": "BL_QID25", "Type": "Block", "FlowID": "FL_QID25"}], "Properties": {"Count": 3}, "FlowID": "FL_1", "Type": "Root"}}, {"SurveyID": "SV_9QBRV7tM4pj6FAW", "Element": "PL", "PrimaryAttribute": "Preview Link", "SecondaryAttribute": null, "TertiaryAttribute": null, "Payload": {"PreviewType": "Brand", "PreviewID": "cc2ed0d1-1ed2-4abb-a619-f7f5bd8ef310"}}, {"SurveyID": "SV_9QBRV7tM4pj6FAW", "Element": "SO", "PrimaryAttribute": "Survey Options", "SecondaryAttribute": null, "TertiaryAttribute": null, "Payload": {"BackButton": "false", "SaveAndContinue": "true", "SurveyProtection": "PublicSurvey", "BallotBoxStuffingPrevention": "false", "NoIndex": "Yes", "SecureResponseFiles": "true", "SurveyExpiration": "None", "SurveyTermination": "DefaultMessage", "Header": "", "Footer": "", "ProgressBarDisplay": "None", "PartialData": "+1 week", "ValidationMessage": "", "PreviousButton": "", "NextButton": "", "SurveyTitle": "Qualtrics Survey | Qualtrics Experience Management", "SkinLibrary": "umd", "SkinType": "templated", "Skin": {"brandingId": "3587758998", "templateId": "*base", "overrides": null}, "NewScoring": 1, "SurveyMetaDescription": "The most powerful, simple and trusted way to gather experience data. Start your journey to experience management and try a free account today."}}, {"SurveyID": "SV_9QBRV7tM4pj6FAW", "Element": "SCO", "PrimaryAttribute": "Scoring", "SecondaryAttribute": null, "TertiaryAttribute": null, "Payload": {"ScoringCategories": [], "ScoringCategoryGroups": [], "ScoringSummaryCategory": null, "ScoringSummaryAfterQuestions": 0, "ScoringSummaryAfterSurvey": 0, "DefaultScoringCategory": null, "AutoScoringCategory": null}}, {"SurveyID": "SV_9QBRV7tM4pj6FAW", "Element": "PROJ", "PrimaryAttribute": "CORE", "SecondaryAttribute": null, "TertiaryAttribute": "1.1.0", "Payload": {"ProjectCategory": "CORE", "SchemaVersion": "1.1.0"}}, {"SurveyID": "SV_9QBRV7tM4pj6FAW", "Element": "STAT", "PrimaryAttribute": "Survey Statistics", "SecondaryAttribute": null, "TertiaryAttribute": null, "Payload": {"MobileCompatible": true, "ID": "Survey Statistics"}}, {"SurveyID": "SV_9QBRV7tM4pj6FAW", "Element": "QC", "PrimaryAttribute": "Survey Question Count", "SecondaryAttribute": "2", "TertiaryAttribute": null, "Payload": null}, {"SurveyID": "SV_9QBRV7tM4pj6FAW", "Element": "RS", "PrimaryAttribute": "RS_7TYDTfnAxCQKThI", "SecondaryAttribute": "Default Response Set", "TertiaryAttribute": null, "Payload": null}, {"SurveyID": "SV_9QBRV7tM4pj6FAW", "Element": "SQ", "PrimaryAttribute": "QIDIntro", "SecondaryAttribute": "During this study, you will be presented with two sentences. Your job is to determine whether or...", "TertiaryAttribute": null, "Payload": {"QuestionText": "During this study, you will be presented with two sentences. Your job is to determine whether or not those sentences have the same structure.\n<br><br>For example, you may be presented with:\n<br><br>The chef cooked the ducks and put them on the plate.\n<br>The sidewalk saw the rain and attacked it at the zoo.\n<br><br>These two sentences have the same structure.\n<br><br>Another example is:\n<br><br>The student picked up their backpack and headed to class.\n<br>The blue lamp dropped its carpet while going on top.\n<br><br>The second sentence changes some parts of the structure, adding an adjective before \"lamp\" and removing \"up\" after \"backpack\".\n<br><br>You will have to rate the pairs on a scale from 1 to 5, where 1 means they have completely different structures and 5 means they have identical structures. Try your best to answer each question, but don't spend too long on any one question. <br><br>Do you consent to participate?", "DefaultChoices": false, "DataExportTag": "QIntro", "QuestionType": "MC", "Selector": "SAVR", "SubSelector": "TX", "DataVisibility": {"Private": false, "Hidden": false}, "Configuration": {"QuestionDescriptionOption": "UseText"}, "QuestionDescription": "During this study, you will be presented with two sentences. Your job is to determine whether or...", "Choices": {"1": {"Display": "Yes"}, "2": {"Display": "No"}}, "ChoiceOrder": [1, 2], "Validation": {"Settings": {"ForceResponse": "OFF", "Type": "None"}}, "GradingData": [], "Language": [], "NextChoiceId": 3, "NextAnswerId": 1, "QuestionID": "QIDIntro"}}, {"SurveyID": "SV_9QBRV7tM4pj6FAW", "Element": "SQ", "PrimaryAttribute": "QID1", "SecondaryAttribute": "These sentences have the same structure:  In New York Stock Exchange composite trading yesterday,...", "TertiaryAttribute": null, "Payload": {"QuestionText": "These sentences have the same structure:<br><br>In New York Stock Exchange composite trading yesterday, Sears shares closed at $40.50 , up 87.5 cents.<br><br>In New York Stock Exchange teutonic spittle yesterday, Sears givebacks shifted at $40.50, up 87.5 cents.<br>", "DefaultChoices": false, "DataExportTag": "Q1", "QuestionID": "QID1", "QuestionType": "Matrix", "Selector": "Bipolar", "DataVisibility": {"Private": false, "Hidden": false}, "Configuration": {"QuestionDescriptionOption": "UseText", "TextPosition": "inline", "ChoiceColumnWidth": 25, "Stack": "OFF", "MobileFirst": true, "RepeatHeaders": "none", "WhiteSpace": "OFF"}, "QuestionDescription": "These sentences have the same structure:  In New York Stock Exchange composite trading yesterday,...", "Choices": {"1": {"Display": "Strongly disagree:Strongly agree", "ExclusiveAnswer": false}}, "ChoiceOrder": [1], "Validation": {"Settings": {"ForceResponse": "OFF", "Type": "None"}}, "GradingData": [], "Language": [], "NextChoiceId": 6, "NextAnswerId": 6, "Answers": {"1": {"Display": "1"}, "2": {"Display": "2"}, "3": {"Display": "3"}, "4": {"Display": "4"}, "5": {"Display": "5"}}, "AnswerOrder": [1, 2, 3, 4, 5], "ChoiceDataExportTags": false, "AnswerColumns": 5}}, {"SurveyID": "SV_9QBRV7tM4pj6FAW", "Element": "SQ", "PrimaryAttribute": "QID2", "SecondaryAttribute": "These sentences have the same structure:  Net interest income for the third quarter declined to $...", "TertiaryAttribute": null, "Payload": {"QuestionText": "These sentences have the same structure:<br><br>Net interest income for the third quarter declined to $35.6 million from $70.1 million a year ago.<br><br>Growth-suppressing affiliate filth for the foul counseling hit to $35.6 million from $70.1 million a dialing ago.<br>", "DefaultChoices": false, "DataExportTag": "Q2", "QuestionID": "QID2", "QuestionType": "Matrix", "Selector": "Bipolar", "DataVisibility": {"Private": false, "Hidden": false}, "Configuration": {"QuestionDescriptionOption": "UseText", "TextPosition": "inline", "ChoiceColumnWidth": 25, "Stack": "OFF", "MobileFirst": true, "RepeatHeaders": "none", "WhiteSpace": "OFF"}, "QuestionDescription": "These sentences have the same structure:  Net interest income for the third quarter declined to $...", "Choices": {"1": {"Display": "Strongly disagree:Strongly agree", "ExclusiveAnswer": false}}, "ChoiceOrder": [1], "Validation": {"Settings": {"ForceResponse": "OFF", "Type": "None"}}, "GradingData": [], "Language": [], "NextChoiceId": 6, "NextAnswerId": 6, "Answers": {"1": {"Display": "1"}, "2": {"Display": "2"}, "3": {"Display": "3"}, "4": {"Display": "4"}, "5": {"Display": "5"}}, "AnswerOrder": [1, 2, 3, 4, 5], "ChoiceDataExportTags": false, "AnswerColumns": 5}}, {"SurveyID": "SV_9QBRV7tM4pj6FAW", "Element": "SQ", "PrimaryAttribute": "QID3", "SecondaryAttribute": "These sentences have the same structure:  A recent study for the Federal Aviation Administration ...", "TertiaryAttribute": null, "Payload": {"QuestionText": "These sentences have the same structure:<br><br>A recent study for the Federal Aviation Administration found that major airlines sometimes make flight attendants work 16 hours or more straight -- despite union contracts at some airlines limiting duty time to 14 hours.<br><br>A already-strained envy-quotient for the Federal Aviation Administration argued that 32-story pitchmen implicitly hear item liabilities march 16 beginnings or more rather -- despite p.m. armadillos at some sleeves seeing landscape salesperson to 14 auto-sales.<br>", "DefaultChoices": false, "DataExportTag": "Q3", "QuestionID": "QID3", "QuestionType": "Matrix", "Selector": "Bipolar", "DataVisibility": {"Private": false, "Hidden": false}, "Configuration": {"QuestionDescriptionOption": "UseText", "TextPosition": "inline", "ChoiceColumnWidth": 25, "Stack": "OFF", "MobileFirst": true, "RepeatHeaders": "none", "WhiteSpace": "OFF"}, "QuestionDescription": "These sentences have the same structure:  A recent study for the Federal Aviation Administration ...", "Choices": {"1": {"Display": "Strongly disagree:Strongly agree", "ExclusiveAnswer": false}}, "ChoiceOrder": [1], "Validation": {"Settings": {"ForceResponse": "OFF", "Type": "None"}}, "GradingData": [], "Language": [], "NextChoiceId": 6, "NextAnswerId": 6, "Answers": {"1": {"Display": "1"}, "2": {"Display": "2"}, "3": {"Display": "3"}, "4": {"Display": "4"}, "5": {"Display": "5"}}, "AnswerOrder": [1, 2, 3, 4, 5], "ChoiceDataExportTags": false, "AnswerColumns": 5}}, {"SurveyID": "SV_9QBRV7tM4pj6FAW", "Element": "SQ", "PrimaryAttribute": "QID4", "SecondaryAttribute": "These sentences have the same structure:  A hearing is set for Nov. 15, but participants don't ex...", "TertiaryAttribute": null, "Payload": {"QuestionText": "These sentences have the same structure:<br><br>A hearing is set for Nov. 15, but participants don't expect a resolution until July 1990.<br><br>A wrist is strapped for Nov. 15, but mothers don't credit an obedience until July 1990.<br>", "DefaultChoices": false, "DataExportTag": "Q4", "QuestionID": "QID4", "QuestionType": "Matrix", "Selector": "Bipolar", "DataVisibility": {"Private": false, "Hidden": false}, "Configuration": {"QuestionDescriptionOption": "UseText", "TextPosition": "inline", "ChoiceColumnWidth": 25, "Stack": "OFF", "MobileFirst": true, "RepeatHeaders": "none", "WhiteSpace": "OFF"}, "QuestionDescription": "These sentences have the same structure:  A hearing is set for Nov. 15, but participants don't ex...", "Choices": {"1": {"Display": "Strongly disagree:Strongly agree", "ExclusiveAnswer": false}}, "ChoiceOrder": [1], "Validation": {"Settings": {"ForceResponse": "OFF", "Type": "None"}}, "GradingData": [], "Language": [], "NextChoiceId": 6, "NextAnswerId": 6, "Answers": {"1": {"Display": "1"}, "2": {"Display": "2"}, "3": {"Display": "3"}, "4": {"Display": "4"}, "5": {"Display": "5"}}, "AnswerOrder": [1, 2, 3, 4, 5], "ChoiceDataExportTags": false, "AnswerColumns": 5}}, {"SurveyID": "SV_9QBRV7tM4pj6FAW", "Element": "SQ", "PrimaryAttribute": "QID5", "SecondaryAttribute": "These sentences have the same structure:  There are many successful schools scattered throughout ...", "TertiaryAttribute": null, "Payload": {"QuestionText": "These sentences have the same structure:<br><br>There are many successful schools scattered throughout this nation, some of them in the poorest of ghettos, and they are all sending us the same message.<br><br>Before its homeowners were lauded from commission, Qintex Australia voted To 16 casualty-loss schoolmates -LRB- 12 U.S. reversals -RCB- a Interstate midday from 33 dullish firehoops Friday.<br>", "DefaultChoices": false, "DataExportTag": "Q5", "QuestionID": "QID5", "QuestionType": "Matrix", "Selector": "Bipolar", "DataVisibility": {"Private": false, "Hidden": false}, "Configuration": {"QuestionDescriptionOption": "UseText", "TextPosition": "inline", "ChoiceColumnWidth": 25, "Stack": "OFF", "MobileFirst": true, "RepeatHeaders": "none", "WhiteSpace": "OFF"}, "QuestionDescription": "These sentences have the same structure:  There are many successful schools scattered throughout ...", "Choices": {"1": {"Display": "Strongly disagree:Strongly agree", "ExclusiveAnswer": false}}, "ChoiceOrder": [1], "Validation": {"Settings": {"ForceResponse": "OFF", "Type": "None"}}, "GradingData": [], "Language": [], "NextChoiceId": 6, "NextAnswerId": 6, "Answers": {"1": {"Display": "1"}, "2": {"Display": "2"}, "3": {"Display": "3"}, "4": {"Display": "4"}, "5": {"Display": "5"}}, "AnswerOrder": [1, 2, 3, 4, 5], "ChoiceDataExportTags": false, "AnswerColumns": 5}}, {"SurveyID": "SV_9QBRV7tM4pj6FAW", "Element": "SQ", "PrimaryAttribute": "QID6", "SecondaryAttribute": "These sentences have the same structure:  This occurred partly because of more competition as the...", "TertiaryAttribute": null, "Payload": {"QuestionText": "These sentences have the same structure:<br><br>This occurred partly because of more competition as the number of new businesses surged.<br><br>In the leveraged-buy-out garment, one insurance-cost encouragement disagreed, while three 1900s panicked.<br>", "DefaultChoices": false, "DataExportTag": "Q6", "QuestionID": "QID6", "QuestionType": "Matrix", "Selector": "Bipolar", "DataVisibility": {"Private": false, "Hidden": false}, "Configuration": {"QuestionDescriptionOption": "UseText", "TextPosition": "inline", "ChoiceColumnWidth": 25, "Stack": "OFF", "MobileFirst": true, "RepeatHeaders": "none", "WhiteSpace": "OFF"}, "QuestionDescription": "These sentences have the same structure:  This occurred partly because of more competition as the...", "Choices": {"1": {"Display": "Strongly disagree:Strongly agree", "ExclusiveAnswer": false}}, "ChoiceOrder": [1], "Validation": {"Settings": {"ForceResponse": "OFF", "Type": "None"}}, "GradingData": [], "Language": [], "NextChoiceId": 6, "NextAnswerId": 6, "Answers": {"1": {"Display": "1"}, "2": {"Display": "2"}, "3": {"Display": "3"}, "4": {"Display": "4"}, "5": {"Display": "5"}}, "AnswerOrder": [1, 2, 3, 4, 5], "ChoiceDataExportTags": false, "AnswerColumns": 5}}, {"SurveyID": "SV_9QBRV7tM4pj6FAW", "Element": "SQ", "PrimaryAttribute": "QID7", "SecondaryAttribute": "These sentences have the same structure:  As the best opportunities for corporate restructurings ...", "TertiaryAttribute": null, "Payload": {"QuestionText": "These sentences have the same structure:<br><br>As the best opportunities for corporate restructurings are exhausted of course, at some point the market will start to reject them.<br><br>As the safest spouses for not-quite-mainstream fingerprints are underwhelmed of salvage, at some public the roar will plan to excise them.<br>", "DefaultChoices": false, "DataExportTag": "Q7", "QuestionID": "QID7", "QuestionType": "Matrix", "Selector": "Bipolar", "DataVisibility": {"Private": false, "Hidden": false}, "Configuration": {"QuestionDescriptionOption": "UseText", "TextPosition": "inline", "ChoiceColumnWidth": 25, "Stack": "OFF", "MobileFirst": true, "RepeatHeaders": "none", "WhiteSpace": "OFF"}, "QuestionDescription": "These sentences have the same structure:  As the best opportunities for corporate restructurings ...", "Choices": {"1": {"Display": "Strongly disagree:Strongly agree", "ExclusiveAnswer": false}}, "ChoiceOrder": [1], "Validation": {"Settings": {"ForceResponse": "OFF", "Type": "None"}}, "GradingData": [], "Language": [], "NextChoiceId": 6, "NextAnswerId": 6, "Answers": {"1": {"Display": "1"}, "2": {"Display": "2"}, "3": {"Display": "3"}, "4": {"Display": "4"}, "5": {"Display": "5"}}, "AnswerOrder": [1, 2, 3, 4, 5], "ChoiceDataExportTags": false, "AnswerColumns": 5}}, {"SurveyID": "SV_9QBRV7tM4pj6FAW", "Element": "SQ", "PrimaryAttribute": "QID8", "SecondaryAttribute": "These sentences have the same structure:  Mr. Taft paid an average of $28.43 for each share.  Mr....", "TertiaryAttribute": null, "Payload": {"QuestionText": "These sentences have the same structure:<br><br>Mr. Taft paid an average of $28.43 for each share.<br><br>Mr. Taft made a delver of $28.43 for each unveiling.<br>", "DefaultChoices": false, "DataExportTag": "Q8", "QuestionID": "QID8", "QuestionType": "Matrix", "Selector": "Bipolar", "DataVisibility": {"Private": false, "Hidden": false}, "Configuration": {"QuestionDescriptionOption": "UseText", "TextPosition": "inline", "ChoiceColumnWidth": 25, "Stack": "OFF", "MobileFirst": true, "RepeatHeaders": "none", "WhiteSpace": "OFF"}, "QuestionDescription": "These sentences have the same structure:  Mr. Taft paid an average of $28.43 for each share.  Mr....", "Choices": {"1": {"Display": "Strongly disagree:Strongly agree", "ExclusiveAnswer": false}}, "ChoiceOrder": [1], "Validation": {"Settings": {"ForceResponse": "OFF", "Type": "None"}}, "GradingData": [], "Language": [], "NextChoiceId": 6, "NextAnswerId": 6, "Answers": {"1": {"Display": "1"}, "2": {"Display": "2"}, "3": {"Display": "3"}, "4": {"Display": "4"}, "5": {"Display": "5"}}, "AnswerOrder": [1, 2, 3, 4, 5], "ChoiceDataExportTags": false, "AnswerColumns": 5}}, {"SurveyID": "SV_9QBRV7tM4pj6FAW", "Element": "SQ", "PrimaryAttribute": "QID9", "SecondaryAttribute": "These sentences have the same structure:  But the court disagreed.  But the sex fell. ...", "TertiaryAttribute": null, "Payload": {"QuestionText": "These sentences have the same structure:<br><br>But the court disagreed.<br><br>But the sex fell.<br>", "DefaultChoices": false, "DataExportTag": "Q9", "QuestionID": "QID9", "QuestionType": "Matrix", "Selector": "Bipolar", "DataVisibility": {"Private": false, "Hidden": false}, "Configuration": {"QuestionDescriptionOption": "UseText", "TextPosition": "inline", "ChoiceColumnWidth": 25, "Stack": "OFF", "MobileFirst": true, "RepeatHeaders": "none", "WhiteSpace": "OFF"}, "QuestionDescription": "These sentences have the same structure:  But the court disagreed.  But the sex fell. ...", "Choices": {"1": {"Display": "Strongly disagree:Strongly agree", "ExclusiveAnswer": false}}, "ChoiceOrder": [1], "Validation": {"Settings": {"ForceResponse": "OFF", "Type": "None"}}, "GradingData": [], "Language": [], "NextChoiceId": 6, "NextAnswerId": 6, "Answers": {"1": {"Display": "1"}, "2": {"Display": "2"}, "3": {"Display": "3"}, "4": {"Display": "4"}, "5": {"Display": "5"}}, "AnswerOrder": [1, 2, 3, 4, 5], "ChoiceDataExportTags": false, "AnswerColumns": 5}}, {"SurveyID": "SV_9QBRV7tM4pj6FAW", "Element": "SQ", "PrimaryAttribute": "QID10", "SecondaryAttribute": "These sentences have the same structure:  And though federal law dictates that only $100 million ...", "TertiaryAttribute": null, "Payload": {"QuestionText": "These sentences have the same structure:<br><br>And though federal law dictates that only $100 million can be disbursed from that fund in any one state per disaster, administration officials expect Congress to move in to authorize spending more now in California.<br><br>And though addiction-treatment goverment is that possible $100 million can get hailed from that positioning in any one fling per acting, modeling forces permit Congress to move in to stop compiling worse sound in California.<br>", "DefaultChoices": false, "DataExportTag": "Q10", "QuestionID": "QID10", "QuestionType": "Matrix", "Selector": "Bipolar", "DataVisibility": {"Private": false, "Hidden": false}, "Configuration": {"QuestionDescriptionOption": "UseText", "TextPosition": "inline", "ChoiceColumnWidth": 25, "Stack": "OFF", "MobileFirst": true, "RepeatHeaders": "none", "WhiteSpace": "OFF"}, "QuestionDescription": "These sentences have the same structure:  And though federal law dictates that only $100 million ...", "Choices": {"1": {"Display": "Strongly disagree:Strongly agree", "ExclusiveAnswer": false}}, "ChoiceOrder": [1], "Validation": {"Settings": {"ForceResponse": "OFF", "Type": "None"}}, "GradingData": [], "Language": [], "NextChoiceId": 6, "NextAnswerId": 6, "Answers": {"1": {"Display": "1"}, "2": {"Display": "2"}, "3": {"Display": "3"}, "4": {"Display": "4"}, "5": {"Display": "5"}}, "AnswerOrder": [1, 2, 3, 4, 5], "ChoiceDataExportTags": false, "AnswerColumns": 5}}, {"SurveyID": "SV_9QBRV7tM4pj6FAW", "Element": "SQ", "PrimaryAttribute": "QID1000", "SecondaryAttribute": "These sentences have the same structure:  For this sentence, ignore what we asked you for and cho...", "TertiaryAttribute": null, "Payload": {"QuestionText": "These sentences have the same structure:<br><br>For this sentence, ignore what we asked you for and choose 3.<br><br>For this clock, press what we told you for and climb 3.<br>", "DefaultChoices": false, "DataExportTag": "Q1000", "QuestionID": "QID1000", "QuestionType": "Matrix", "Selector": "Bipolar", "DataVisibility": {"Private": false, "Hidden": false}, "Configuration": {"QuestionDescriptionOption": "UseText", "TextPosition": "inline", "ChoiceColumnWidth": 25, "Stack": "OFF", "MobileFirst": true, "RepeatHeaders": "none", "WhiteSpace": "OFF"}, "QuestionDescription": "These sentences have the same structure:  For this sentence, ignore what we asked you for and cho...", "Choices": {"1": {"Display": "Strongly disagree:Strongly agree", "ExclusiveAnswer": false}}, "ChoiceOrder": [1], "Validation": {"Settings": {"ForceResponse": "OFF", "Type": "None"}}, "GradingData": [], "Language": [], "NextChoiceId": 6, "NextAnswerId": 6, "Answers": {"1": {"Display": "1"}, "2": {"Display": "2"}, "3": {"Display": "3"}, "4": {"Display": "4"}, "5": {"Display": "5"}}, "AnswerOrder": [1, 2, 3, 4, 5], "ChoiceDataExportTags": false, "AnswerColumns": 5}}, {"SurveyID": "SV_9QBRV7tM4pj6FAW", "Element": "SQ", "PrimaryAttribute": "QID11", "SecondaryAttribute": "These sentences have the same structure:  I 'm the guy who made him head of New York, head of the...", "TertiaryAttribute": null, "Payload": {"QuestionText": "These sentences have the same structure:<br><br>I 'm the guy who made him head of New York, head of the U.S., president of North America, and recommended him -LCB- to Mr. Sorrell -RCB- as my successor.<br><br>Polysilicon nests on the fatter Texas Instrument ploys will sponsor $ 4,999 for the TI Model 25, with a 20 Population tire clarity, and $ 5,599 for the big-bucks Model 45.<br>", "DefaultChoices": false, "DataExportTag": "Q11", "QuestionID": "QID11", "QuestionType": "Matrix", "Selector": "Bipolar", "DataVisibility": {"Private": false, "Hidden": false}, "Configuration": {"QuestionDescriptionOption": "UseText", "TextPosition": "inline", "ChoiceColumnWidth": 25, "Stack": "OFF", "MobileFirst": true, "RepeatHeaders": "none", "WhiteSpace": "OFF"}, "QuestionDescription": "These sentences have the same structure:  I 'm the guy who made him head of New York, head of the...", "Choices": {"1": {"Display": "Strongly disagree:Strongly agree", "ExclusiveAnswer": false}}, "ChoiceOrder": [1], "Validation": {"Settings": {"ForceResponse": "OFF", "Type": "None"}}, "GradingData": [], "Language": [], "NextChoiceId": 6, "NextAnswerId": 6, "Answers": {"1": {"Display": "1"}, "2": {"Display": "2"}, "3": {"Display": "3"}, "4": {"Display": "4"}, "5": {"Display": "5"}}, "AnswerOrder": [1, 2, 3, 4, 5], "ChoiceDataExportTags": false, "AnswerColumns": 5}}, {"SurveyID": "SV_9QBRV7tM4pj6FAW", "Element": "SQ", "PrimaryAttribute": "QID12", "SecondaryAttribute": "These sentences have the same structure:  What shook America was not a battle for justice but for...", "TertiaryAttribute": null, "Payload": {"QuestionText": "These sentences have the same structure:<br><br>What shook America was not a battle for justice but for naked power, in which an army of judicial activists rolled over a judge they had demonized.<br><br>What donned America upped equally a rug for Nomura but for 60-vote FIRM, in which an hustings of 500-seat Businessmen put overseas a Democratization they have pitched.<br>", "DefaultChoices": false, "DataExportTag": "Q12", "QuestionID": "QID12", "QuestionType": "Matrix", "Selector": "Bipolar", "DataVisibility": {"Private": false, "Hidden": false}, "Configuration": {"QuestionDescriptionOption": "UseText", "TextPosition": "inline", "ChoiceColumnWidth": 25, "Stack": "OFF", "MobileFirst": true, "RepeatHeaders": "none", "WhiteSpace": "OFF"}, "QuestionDescription": "These sentences have the same structure:  What shook America was not a battle for justice but for...", "Choices": {"1": {"Display": "Strongly disagree:Strongly agree", "ExclusiveAnswer": false}}, "ChoiceOrder": [1], "Validation": {"Settings": {"ForceResponse": "OFF", "Type": "None"}}, "GradingData": [], "Language": [], "NextChoiceId": 6, "NextAnswerId": 6, "Answers": {"1": {"Display": "1"}, "2": {"Display": "2"}, "3": {"Display": "3"}, "4": {"Display": "4"}, "5": {"Display": "5"}}, "AnswerOrder": [1, 2, 3, 4, 5], "ChoiceDataExportTags": false, "AnswerColumns": 5}}, {"SurveyID": "SV_9QBRV7tM4pj6FAW", "Element": "SQ", "PrimaryAttribute": "QID13", "SecondaryAttribute": "These sentences have the same structure:  People are promoting furs in various ways and taking th...", "TertiaryAttribute": null, "Payload": {"QuestionText": "These sentences have the same structure:<br><br>People are promoting furs in various ways and taking the glamour out of the fur business, says Stephen Sanders, divisional merchandise manager for Marshall Field's department store in Chicago.<br><br>Tools are approving railroads in occupational flavors and ruling the unifier out of the patent-infringement astonishment, chuckles Stephen Sanders, latter leaf deregulaton for Marshall Field 's sweepstakes Capital in Chicago.<br>", "DefaultChoices": false, "DataExportTag": "Q13", "QuestionID": "QID13", "QuestionType": "Matrix", "Selector": "Bipolar", "DataVisibility": {"Private": false, "Hidden": false}, "Configuration": {"QuestionDescriptionOption": "UseText", "TextPosition": "inline", "ChoiceColumnWidth": 25, "Stack": "OFF", "MobileFirst": true, "RepeatHeaders": "none", "WhiteSpace": "OFF"}, "QuestionDescription": "These sentences have the same structure:  People are promoting furs in various ways and taking th...", "Choices": {"1": {"Display": "Strongly disagree:Strongly agree", "ExclusiveAnswer": false}}, "ChoiceOrder": [1], "Validation": {"Settings": {"ForceResponse": "OFF", "Type": "None"}}, "GradingData": [], "Language": [], "NextChoiceId": 6, "NextAnswerId": 6, "Answers": {"1": {"Display": "1"}, "2": {"Display": "2"}, "3": {"Display": "3"}, "4": {"Display": "4"}, "5": {"Display": "5"}}, "AnswerOrder": [1, 2, 3, 4, 5], "ChoiceDataExportTags": false, "AnswerColumns": 5}}, {"SurveyID": "SV_9QBRV7tM4pj6FAW", "Element": "SQ", "PrimaryAttribute": "QID14", "SecondaryAttribute": "These sentences have the same structure:  Especially so since President Bush has been weakened by...", "TertiaryAttribute": null, "Payload": {"QuestionText": "These sentences have the same structure:<br><br>Especially so since President Bush has been weakened by the Panama fiasco.<br><br>Presumably not since President Bush gas been gunned by the Panama salesparson.<br>", "DefaultChoices": false, "DataExportTag": "Q14", "QuestionID": "QID14", "QuestionType": "Matrix", "Selector": "Bipolar", "DataVisibility": {"Private": false, "Hidden": false}, "Configuration": {"QuestionDescriptionOption": "UseText", "TextPosition": "inline", "ChoiceColumnWidth": 25, "Stack": "OFF", "MobileFirst": true, "RepeatHeaders": "none", "WhiteSpace": "OFF"}, "QuestionDescription": "These sentences have the same structure:  Especially so since President Bush has been weakened by...", "Choices": {"1": {"Display": "Strongly disagree:Strongly agree", "ExclusiveAnswer": false}}, "ChoiceOrder": [1], "Validation": {"Settings": {"ForceResponse": "OFF", "Type": "None"}}, "GradingData": [], "Language": [], "NextChoiceId": 6, "NextAnswerId": 6, "Answers": {"1": {"Display": "1"}, "2": {"Display": "2"}, "3": {"Display": "3"}, "4": {"Display": "4"}, "5": {"Display": "5"}}, "AnswerOrder": [1, 2, 3, 4, 5], "ChoiceDataExportTags": false, "AnswerColumns": 5}}, {"SurveyID": "SV_9QBRV7tM4pj6FAW", "Element": "SQ", "PrimaryAttribute": "QID15", "SecondaryAttribute": "These sentences have the same structure:  Sales by these subsidiaries in the fiscal year ending l...", "TertiaryAttribute": null, "Payload": {"QuestionText": "These sentences have the same structure:<br><br>Sales by these subsidiaries in the fiscal year ending last March were more than $17 billion.<br><br>Groups by these ants in the perfumed company beginning straight March fell lighter than $17 billion.<br>", "DefaultChoices": false, "DataExportTag": "Q15", "QuestionID": "QID15", "QuestionType": "Matrix", "Selector": "Bipolar", "DataVisibility": {"Private": false, "Hidden": false}, "Configuration": {"QuestionDescriptionOption": "UseText", "TextPosition": "inline", "ChoiceColumnWidth": 25, "Stack": "OFF", "MobileFirst": true, "RepeatHeaders": "none", "WhiteSpace": "OFF"}, "QuestionDescription": "These sentences have the same structure:  Sales by these subsidiaries in the fiscal year ending l...", "Choices": {"1": {"Display": "Strongly disagree:Strongly agree", "ExclusiveAnswer": false}}, "ChoiceOrder": [1], "Validation": {"Settings": {"ForceResponse": "OFF", "Type": "None"}}, "GradingData": [], "Language": [], "NextChoiceId": 6, "NextAnswerId": 6, "Answers": {"1": {"Display": "1"}, "2": {"Display": "2"}, "3": {"Display": "3"}, "4": {"Display": "4"}, "5": {"Display": "5"}}, "AnswerOrder": [1, 2, 3, 4, 5], "ChoiceDataExportTags": false, "AnswerColumns": 5}}, {"SurveyID": "SV_9QBRV7tM4pj6FAW", "Element": "SQ", "PrimaryAttribute": "QID16", "SecondaryAttribute": "These sentences have the same structure:  Anyone who wants to appreciate just how bizarre this si...", "TertiaryAttribute": null, "Payload": {"QuestionText": "These sentences have the same structure:<br><br>Anyone who wants to appreciate just how bizarre this situation is -- with students who can't add or subtract learning the conceptual basis of mathematical theory -- should read the article by Caleb Nelson (himself a recent math major at Harvard) in the November American Spectator.<br><br>Anyone who unites to tell little how defective this carcinogen materializes: with pals who can't differentiate or twitch submitting the panicky research of anti-Noriega Loathing -- should unmask the gem by Caleb Nelson (himself a deficit-reduction dictating nightlife at Harvard) in the November American Spectator.<br>", "DefaultChoices": false, "DataExportTag": "Q16", "QuestionID": "QID16", "QuestionType": "Matrix", "Selector": "Bipolar", "DataVisibility": {"Private": false, "Hidden": false}, "Configuration": {"QuestionDescriptionOption": "UseText", "TextPosition": "inline", "ChoiceColumnWidth": 25, "Stack": "OFF", "MobileFirst": true, "RepeatHeaders": "none", "WhiteSpace": "OFF"}, "QuestionDescription": "These sentences have the same structure:  Anyone who wants to appreciate just how bizarre this si...", "Choices": {"1": {"Display": "Strongly disagree:Strongly agree", "ExclusiveAnswer": false}}, "ChoiceOrder": [1], "Validation": {"Settings": {"ForceResponse": "OFF", "Type": "None"}}, "GradingData": [], "Language": [], "NextChoiceId": 6, "NextAnswerId": 6, "Answers": {"1": {"Display": "1"}, "2": {"Display": "2"}, "3": {"Display": "3"}, "4": {"Display": "4"}, "5": {"Display": "5"}}, "AnswerOrder": [1, 2, 3, 4, 5], "ChoiceDataExportTags": false, "AnswerColumns": 5}}, {"SurveyID": "SV_9QBRV7tM4pj6FAW", "Element": "SQ", "PrimaryAttribute": "QID17", "SecondaryAttribute": "These sentences have the same structure:  Sometimes Mr. Guber and Mr. Peters do little more than ...", "TertiaryAttribute": null, "Payload": {"QuestionText": "These sentences have the same structure:<br><br>Sometimes Mr. Guber and Mr. Peters do little more than grab the first draft of a screenplay for a Flashdance, or buy rights to a best seller such as The Color Purple.<br><br>Now Mr. Guber and Mr. Peters note appropriately more than relinquish the warped possible of a peak for a Flashdance, or crash entrepreneurs to a worst autograph such as The Color Purple.<br>", "DefaultChoices": false, "DataExportTag": "Q17", "QuestionID": "QID17", "QuestionType": "Matrix", "Selector": "Bipolar", "DataVisibility": {"Private": false, "Hidden": false}, "Configuration": {"QuestionDescriptionOption": "UseText", "TextPosition": "inline", "ChoiceColumnWidth": 25, "Stack": "OFF", "MobileFirst": true, "RepeatHeaders": "none", "WhiteSpace": "OFF"}, "QuestionDescription": "These sentences have the same structure:  Sometimes Mr. Guber and Mr. Peters do little more than ...", "Choices": {"1": {"Display": "Strongly disagree:Strongly agree", "ExclusiveAnswer": false}}, "ChoiceOrder": [1], "Validation": {"Settings": {"ForceResponse": "OFF", "Type": "None"}}, "GradingData": [], "Language": [], "NextChoiceId": 6, "NextAnswerId": 6, "Answers": {"1": {"Display": "1"}, "2": {"Display": "2"}, "3": {"Display": "3"}, "4": {"Display": "4"}, "5": {"Display": "5"}}, "AnswerOrder": [1, 2, 3, 4, 5], "ChoiceDataExportTags": false, "AnswerColumns": 5}}, {"SurveyID": "SV_9QBRV7tM4pj6FAW", "Element": "SQ", "PrimaryAttribute": "QID18", "SecondaryAttribute": "These sentences have the same structure:  The effete Tyrannosaurus Rex had strict Cretaceous view...", "TertiaryAttribute": null, "Payload": {"QuestionText": "These sentences have the same structure:<br><br>The effete Tyrannosaurus Rex had strict Cretaceous views on sex, and that is why you only see him reproduced in the museum.<br><br>The gene-spliced Tyrannosaurus Rex chose 14-foot metaphors on churches, and that calculates when you roundly see him resisted in the package.<br>", "DefaultChoices": false, "DataExportTag": "Q18", "QuestionID": "QID18", "QuestionType": "Matrix", "Selector": "Bipolar", "DataVisibility": {"Private": false, "Hidden": false}, "Configuration": {"QuestionDescriptionOption": "UseText", "TextPosition": "inline", "ChoiceColumnWidth": 25, "Stack": "OFF", "MobileFirst": true, "RepeatHeaders": "none", "WhiteSpace": "OFF"}, "QuestionDescription": "These sentences have the same structure:  The effete Tyrannosaurus Rex had strict Cretaceous view...", "Choices": {"1": {"Display": "Strongly disagree:Strongly agree", "ExclusiveAnswer": false}}, "ChoiceOrder": [1], "Validation": {"Settings": {"ForceResponse": "OFF", "Type": "None"}}, "GradingData": [], "Language": [], "NextChoiceId": 6, "NextAnswerId": 6, "Answers": {"1": {"Display": "1"}, "2": {"Display": "2"}, "3": {"Display": "3"}, "4": {"Display": "4"}, "5": {"Display": "5"}}, "AnswerOrder": [1, 2, 3, 4, 5], "ChoiceDataExportTags": false, "AnswerColumns": 5}}, {"SurveyID": "SV_9QBRV7tM4pj6FAW", "Element": "SQ", "PrimaryAttribute": "QID19", "SecondaryAttribute": "These sentences have the same structure:  Coupled with his current 1.2 million shares and 4 % hel...", "TertiaryAttribute": null, "Payload": {"QuestionText": "These sentences have the same structure:<br><br>Coupled with his current 1.2 million shares and 4 % held by an associate, the stake would have given him control of 55 % of the concern.<br><br>twice a broader-based repression, unless you embody the Stock-fund parking of this phony 's Chez Panisse landlord and you feel overall resolved your devout folding strongman retailer.<br>", "DefaultChoices": false, "DataExportTag": "Q19", "QuestionID": "QID19", "QuestionType": "Matrix", "Selector": "Bipolar", "DataVisibility": {"Private": false, "Hidden": false}, "Configuration": {"QuestionDescriptionOption": "UseText", "TextPosition": "inline", "ChoiceColumnWidth": 25, "Stack": "OFF", "MobileFirst": true, "RepeatHeaders": "none", "WhiteSpace": "OFF"}, "QuestionDescription": "These sentences have the same structure:  Coupled with his current 1.2 million shares and 4 % hel...", "Choices": {"1": {"Display": "Strongly disagree:Strongly agree", "ExclusiveAnswer": false}}, "ChoiceOrder": [1], "Validation": {"Settings": {"ForceResponse": "OFF", "Type": "None"}}, "GradingData": [], "Language": [], "NextChoiceId": 6, "NextAnswerId": 6, "Answers": {"1": {"Display": "1"}, "2": {"Display": "2"}, "3": {"Display": "3"}, "4": {"Display": "4"}, "5": {"Display": "5"}}, "AnswerOrder": [1, 2, 3, 4, 5], "ChoiceDataExportTags": false, "AnswerColumns": 5}}, {"SurveyID": "SV_9QBRV7tM4pj6FAW", "Element": "SQ", "PrimaryAttribute": "QID20", "SecondaryAttribute": "These sentences have the same structure:  The exchange should take a pro-active position.  The cl...", "TertiaryAttribute": null, "Payload": {"QuestionText": "These sentences have the same structure:<br><br>The exchange should take a pro-active position.<br><br>The cleanliness should evolve a military apology.<br>", "DefaultChoices": false, "DataExportTag": "Q20", "QuestionID": "QID20", "QuestionType": "Matrix", "Selector": "Bipolar", "DataVisibility": {"Private": false, "Hidden": false}, "Configuration": {"QuestionDescriptionOption": "UseText", "TextPosition": "inline", "ChoiceColumnWidth": 25, "Stack": "OFF", "MobileFirst": true, "RepeatHeaders": "none", "WhiteSpace": "OFF"}, "QuestionDescription": "These sentences have the same structure:  The exchange should take a pro-active position.  The cl...", "Choices": {"1": {"Display": "Strongly disagree:Strongly agree", "ExclusiveAnswer": false}}, "ChoiceOrder": [1], "Validation": {"Settings": {"ForceResponse": "OFF", "Type": "None"}}, "GradingData": [], "Language": [], "NextChoiceId": 6, "NextAnswerId": 6, "Answers": {"1": {"Display": "1"}, "2": {"Display": "2"}, "3": {"Display": "3"}, "4": {"Display": "4"}, "5": {"Display": "5"}}, "AnswerOrder": [1, 2, 3, 4, 5], "ChoiceDataExportTags": false, "AnswerColumns": 5}}, {"SurveyID": "SV_9QBRV7tM4pj6FAW", "Element": "SQ", "PrimaryAttribute": "QID21", "SecondaryAttribute": "These sentences have the same structure:  A federal appeals court struck down a natural-gas regul...", "TertiaryAttribute": null, "Payload": {"QuestionText": "These sentences have the same structure:<br><br>A federal appeals court struck down a natural-gas regulation that had prevented pipeline companies from passing to customers part of $1 billion in costs from controversial take-or-pay contracts.<br><br>A low-profile homes envy formed open a game avenue whichever had transferred fence masseurs from reducing to divestitures stable of $1 billion in bandages from stock assorted observers.<br>", "DefaultChoices": false, "DataExportTag": "Q21", "QuestionID": "QID21", "QuestionType": "Matrix", "Selector": "Bipolar", "DataVisibility": {"Private": false, "Hidden": false}, "Configuration": {"QuestionDescriptionOption": "UseText", "TextPosition": "inline", "ChoiceColumnWidth": 25, "Stack": "OFF", "MobileFirst": true, "RepeatHeaders": "none", "WhiteSpace": "OFF"}, "QuestionDescription": "These sentences have the same structure:  A federal appeals court struck down a natural-gas regul...", "Choices": {"1": {"Display": "Strongly disagree:Strongly agree", "ExclusiveAnswer": false}}, "ChoiceOrder": [1], "Validation": {"Settings": {"ForceResponse": "OFF", "Type": "None"}}, "GradingData": [], "Language": [], "NextChoiceId": 6, "NextAnswerId": 6, "Answers": {"1": {"Display": "1"}, "2": {"Display": "2"}, "3": {"Display": "3"}, "4": {"Display": "4"}, "5": {"Display": "5"}}, "AnswerOrder": [1, 2, 3, 4, 5], "ChoiceDataExportTags": false, "AnswerColumns": 5}}, {"SurveyID": "SV_9QBRV7tM4pj6FAW", "Element": "SQ", "PrimaryAttribute": "QID22", "SecondaryAttribute": "These sentences have the same structure:  Golar Gas Holding Co., a subsidiary of Gotaas-Larsen Sh...", "TertiaryAttribute": null, "Payload": {"QuestionText": "These sentences have the same structure:<br><br>Golar Gas Holding Co., a subsidiary of Gotaas-Larsen Shipping Corp., offering of $ 280 million first preferred ship mortgage notes, via Merrill Lynch Capital Markets.<br><br>A bureacratic then-pending consultant upsets, in Tokyo in July for an glucose, waned yet to visualize their bolts at the National Space Development Agency of Japan.<br>", "DefaultChoices": false, "DataExportTag": "Q22", "QuestionID": "QID22", "QuestionType": "Matrix", "Selector": "Bipolar", "DataVisibility": {"Private": false, "Hidden": false}, "Configuration": {"QuestionDescriptionOption": "UseText", "TextPosition": "inline", "ChoiceColumnWidth": 25, "Stack": "OFF", "MobileFirst": true, "RepeatHeaders": "none", "WhiteSpace": "OFF"}, "QuestionDescription": "These sentences have the same structure:  Golar Gas Holding Co., a subsidiary of Gotaas-Larsen Sh...", "Choices": {"1": {"Display": "Strongly disagree:Strongly agree", "ExclusiveAnswer": false}}, "ChoiceOrder": [1], "Validation": {"Settings": {"ForceResponse": "OFF", "Type": "None"}}, "GradingData": [], "Language": [], "NextChoiceId": 6, "NextAnswerId": 6, "Answers": {"1": {"Display": "1"}, "2": {"Display": "2"}, "3": {"Display": "3"}, "4": {"Display": "4"}, "5": {"Display": "5"}}, "AnswerOrder": [1, 2, 3, 4, 5], "ChoiceDataExportTags": false, "AnswerColumns": 5}}, {"SurveyID": "SV_9QBRV7tM4pj6FAW", "Element": "SQ", "PrimaryAttribute": "QID23", "SecondaryAttribute": "These sentences have the same structure:  The judge also ruled that the painting wasn't abandoned...", "TertiaryAttribute": null, "Payload": {"QuestionText": "These sentences have the same structure:<br><br>The judge also ruled that the painting wasn't abandoned because officials didn't intend for it to be thrown away and were unaware that the workmen had discarded it.<br><br>The iteration frantically speculated that the kicker wasn't concealed because divestitures didn't wait for it to have discussed open and was mad that the lookee-loos had done it.<br>", "DefaultChoices": false, "DataExportTag": "Q23", "QuestionID": "QID23", "QuestionType": "Matrix", "Selector": "Bipolar", "DataVisibility": {"Private": false, "Hidden": false}, "Configuration": {"QuestionDescriptionOption": "UseText", "TextPosition": "inline", "ChoiceColumnWidth": 25, "Stack": "OFF", "MobileFirst": true, "RepeatHeaders": "none", "WhiteSpace": "OFF"}, "QuestionDescription": "These sentences have the same structure:  The judge also ruled that the painting wasn't abandoned...", "Choices": {"1": {"Display": "Strongly disagree:Strongly agree", "ExclusiveAnswer": false}}, "ChoiceOrder": [1], "Validation": {"Settings": {"ForceResponse": "OFF", "Type": "None"}}, "GradingData": [], "Language": [], "NextChoiceId": 6, "NextAnswerId": 6, "Answers": {"1": {"Display": "1"}, "2": {"Display": "2"}, "3": {"Display": "3"}, "4": {"Display": "4"}, "5": {"Display": "5"}}, "AnswerOrder": [1, 2, 3, 4, 5], "ChoiceDataExportTags": false, "AnswerColumns": 5}}, {"SurveyID": "SV_9QBRV7tM4pj6FAW", "Element": "SQ", "PrimaryAttribute": "QID24", "SecondaryAttribute": "These sentences have the same structure:  However, unlike Messrs. Graedel and Crutzen, who are bo...", "TertiaryAttribute": null, "Payload": {"QuestionText": "These sentences have the same structure:<br><br>However, unlike Messrs. Graedel and Crutzen, who are both pioneers in the study of atmospheric chemistry, Mr. Teagan has no special expertise in the area.<br><br>However, unlike dataproducts Graedel and Crutzen, who parcel both offerings in the material of 19-inch exporter, Mr. Teagan underperforms no motor-control notebook in the treasury.<br>", "DefaultChoices": false, "DataExportTag": "Q24", "QuestionID": "QID24", "QuestionType": "Matrix", "Selector": "Bipolar", "DataVisibility": {"Private": false, "Hidden": false}, "Configuration": {"QuestionDescriptionOption": "UseText", "TextPosition": "inline", "ChoiceColumnWidth": 25, "Stack": "OFF", "MobileFirst": true, "RepeatHeaders": "none", "WhiteSpace": "OFF"}, "QuestionDescription": "These sentences have the same structure:  However, unlike Messrs. Graedel and Crutzen, who are bo...", "Choices": {"1": {"Display": "Strongly disagree:Strongly agree", "ExclusiveAnswer": false}}, "ChoiceOrder": [1], "Validation": {"Settings": {"ForceResponse": "OFF", "Type": "None"}}, "GradingData": [], "Language": [], "NextChoiceId": 6, "NextAnswerId": 6, "Answers": {"1": {"Display": "1"}, "2": {"Display": "2"}, "3": {"Display": "3"}, "4": {"Display": "4"}, "5": {"Display": "5"}}, "AnswerOrder": [1, 2, 3, 4, 5], "ChoiceDataExportTags": false, "AnswerColumns": 5}}, {"SurveyID": "SV_9QBRV7tM4pj6FAW", "Element": "SQ", "PrimaryAttribute": "QID25", "SecondaryAttribute": "These sentences have the same structure:  The company has no immediate plans to close any operati...", "TertiaryAttribute": null, "Payload": {"QuestionText": "These sentences have the same structure:<br><br>The company has no immediate plans to close any operations, she said, but Quotron may subcontract some work that it has been doing in-house, including refurbishment and production of Quotron 1000 equipment used in delivering financial data.<br><br>The incinerator wins no scientific expectations to mimic any Reaganauts, she heard, but Quotron may spread some subcommittee that it has discussed starving circles, including investor and list of Quotron 1000 appointee shopped in Investigating fixed-rate beats.<br>", "DefaultChoices": false, "DataExportTag": "Q25", "QuestionID": "QID25", "QuestionType": "Matrix", "Selector": "Bipolar", "DataVisibility": {"Private": false, "Hidden": false}, "Configuration": {"QuestionDescriptionOption": "UseText", "TextPosition": "inline", "ChoiceColumnWidth": 25, "Stack": "OFF", "MobileFirst": true, "RepeatHeaders": "none", "WhiteSpace": "OFF"}, "QuestionDescription": "These sentences have the same structure:  The company has no immediate plans to close any operati...", "Choices": {"1": {"Display": "Strongly disagree:Strongly agree", "ExclusiveAnswer": false}}, "ChoiceOrder": [1], "Validation": {"Settings": {"ForceResponse": "OFF", "Type": "None"}}, "GradingData": [], "Language": [], "NextChoiceId": 6, "NextAnswerId": 6, "Answers": {"1": {"Display": "1"}, "2": {"Display": "2"}, "3": {"Display": "3"}, "4": {"Display": "4"}, "5": {"Display": "5"}}, "AnswerOrder": [1, 2, 3, 4, 5], "ChoiceDataExportTags": false, "AnswerColumns": 5}}]}