{"SurveyEntry": {"SurveyID": "SV_43egVSmWXLvDOWa", "SurveyName": "test", "SurveyDescription": null, "SurveyOwnerID": "UR_6xwvJq0siaEd4p0", "SurveyBrandID": "umd", "DivisionID": null, "SurveyLanguage": "EN", "SurveyActiveResponseSet": "RS_071idxFGjtg0e8K", "SurveyStatus": "Inactive", "SurveyStartDate": "0000-00-00 00:00:00", "SurveyExpirationDate": "0000-00-00 00:00:00", "SurveyCreationDate": "2024-10-08 15:12:24", "CreatorID": "UR_6xwvJq0siaEd4p0", "LastModified": "2024-10-08 15:24:53", "LastAccessed": "0000-00-00 00:00:00", "LastActivated": "0000-00-00 00:00:00", "Deleted": null}, "SurveyElements": [{"SurveyID": "SV_43egVSmWXLvDOWa", "Element": "BL", "PrimaryAttribute": "Survey Blocks", "SecondaryAttribute": null, "TertiaryAttribute": null, "Payload": [{"Type": "Standard", "Description": "BL_QID1", "ID": "BL_QID1", "BlockElements": [{"Type": "Question", "QuestionID": "QID1"}]}, {"Type": "Standard", "Description": "BL_QID2", "ID": "BL_QID2", "BlockElements": [{"Type": "Question", "QuestionID": "QID2"}]}, {"Type": "Standard", "Description": "BL_QID3", "ID": "BL_QID3", "BlockElements": [{"Type": "Question", "QuestionID": "QID3"}]}, {"Type": "Standard", "Description": "BL_QID4", "ID": "BL_QID4", "BlockElements": [{"Type": "Question", "QuestionID": "QID4"}]}, {"Type": "Standard", "Description": "BL_QID5", "ID": "BL_QID5", "BlockElements": [{"Type": "Question", "QuestionID": "QID5"}]}, {"Type": "Standard", "Description": "BL_QID6", "ID": "BL_QID6", "BlockElements": [{"Type": "Question", "QuestionID": "QID6"}]}, {"Type": "Standard", "Description": "BL_QID7", "ID": "BL_QID7", "BlockElements": [{"Type": "Question", "QuestionID": "QID7"}]}, {"Type": "Standard", "Description": "BL_QID8", "ID": "BL_QID8", "BlockElements": [{"Type": "Question", "QuestionID": "QID8"}]}, {"Type": "Standard", "Description": "BL_QID9", "ID": "BL_QID9", "BlockElements": [{"Type": "Question", "QuestionID": "QID9"}]}, {"Type": "Standard", "Description": "BL_QID10", "ID": "BL_QID10", "BlockElements": [{"Type": "Question", "QuestionID": "QID10"}]}, {"Type": "Standard", "Description": "BL_QID22", "ID": "BL_QID22", "BlockElements": [{"Type": "Question", "QuestionID": "QID22"}]}, {"Type": "Standard", "Description": "BL_QID11", "ID": "BL_QID11", "BlockElements": [{"Type": "Question", "QuestionID": "QID11"}]}, {"Type": "Standard", "Description": "BL_QID12", "ID": "BL_QID12", "BlockElements": [{"Type": "Question", "QuestionID": "QID12"}]}, {"Type": "Standard", "Description": "BL_QID13", "ID": "BL_QID13", "BlockElements": [{"Type": "Question", "QuestionID": "QID13"}]}, {"Type": "Standard", "Description": "BL_QID14", "ID": "BL_QID14", "BlockElements": [{"Type": "Question", "QuestionID": "QID14"}]}, {"Type": "Standard", "Description": "BL_QID15", "ID": "BL_QID15", "BlockElements": [{"Type": "Question", "QuestionID": "QID15"}]}, {"Type": "Standard", "Description": "BL_QID16", "ID": "BL_QID16", "BlockElements": [{"Type": "Question", "QuestionID": "QID16"}]}, {"Type": "Standard", "Description": "BL_QID17", "ID": "BL_QID17", "BlockElements": [{"Type": "Question", "QuestionID": "QID17"}]}, {"Type": "Standard", "Description": "BL_QID18", "ID": "BL_QID18", "BlockElements": [{"Type": "Question", "QuestionID": "QID18"}]}, {"Type": "Standard", "Description": "BL_QID19", "ID": "BL_QID19", "BlockElements": [{"Type": "Question", "QuestionID": "QID19"}]}, {"Type": "Standard", "Description": "BL_QID20", "ID": "BL_QID20", "BlockElements": [{"Type": "Question", "QuestionID": "QID20"}]}]}, {"SurveyID": "SV_43egVSmWXLvDOWa", "Element": "FL", "PrimaryAttribute": "Survey Flow", "SecondaryAttribute": null, "TertiaryAttribute": null, "Payload": {"Flow": [{"ID": "BL_5vgSjmlPOEPQwuy", "Type": "Block", "FlowID": "FL_2"}, {"ID": "BL_QID1", "Type": "Block", "FlowID": "FL_QID1"}, {"ID": "BL_QID2", "Type": "Block", "FlowID": "FL_QID2"}, {"ID": "BL_QID3", "Type": "Block", "FlowID": "FL_QID3"}, {"ID": "BL_QID4", "Type": "Block", "FlowID": "FL_QID4"}, {"ID": "BL_QID5", "Type": "Block", "FlowID": "FL_QID5"}, {"ID": "BL_QID6", "Type": "Block", "FlowID": "FL_QID6"}, {"ID": "BL_QID7", "Type": "Block", "FlowID": "FL_QID7"}, {"ID": "BL_QID8", "Type": "Block", "FlowID": "FL_QID8"}, {"ID": "BL_QID9", "Type": "Block", "FlowID": "FL_QID9"}, {"ID": "BL_QID10", "Type": "Block", "FlowID": "FL_QID10"}, {"ID": "BL_QID22", "Type": "Block", "FlowID": "FL_QID22"}, {"ID": "BL_QID11", "Type": "Block", "FlowID": "FL_QID11"}, {"ID": "BL_QID12", "Type": "Block", "FlowID": "FL_QID12"}, {"ID": "BL_QID13", "Type": "Block", "FlowID": "FL_QID13"}, {"ID": "BL_QID14", "Type": "Block", "FlowID": "FL_QID14"}, {"ID": "BL_QID15", "Type": "Block", "FlowID": "FL_QID15"}, {"ID": "BL_QID16", "Type": "Block", "FlowID": "FL_QID16"}, {"ID": "BL_QID17", "Type": "Block", "FlowID": "FL_QID17"}, {"ID": "BL_QID18", "Type": "Block", "FlowID": "FL_QID18"}, {"ID": "BL_QID19", "Type": "Block", "FlowID": "FL_QID19"}, {"ID": "BL_QID20", "Type": "Block", "FlowID": "FL_QID20"}], "Properties": {"Count": 2}, "FlowID": "FL_1", "Type": "Root"}}, {"SurveyID": "SV_43egVSmWXLvDOWa", "Element": "PL", "PrimaryAttribute": "Preview Link", "SecondaryAttribute": null, "TertiaryAttribute": null, "Payload": {"PreviewType": "Brand", "PreviewID": "cc12f0a2-0cb3-46c2-abb7-b8619e46221d"}}, {"SurveyID": "SV_43egVSmWXLvDOWa", "Element": "SO", "PrimaryAttribute": "Survey Options", "SecondaryAttribute": null, "TertiaryAttribute": null, "Payload": {"BackButton": "false", "SaveAndContinue": "true", "SurveyProtection": "PublicSurvey", "BallotBoxStuffingPrevention": "false", "NoIndex": "Yes", "SecureResponseFiles": "true", "SurveyExpiration": "None", "SurveyTermination": "DefaultMessage", "Header": "", "Footer": "", "ProgressBarDisplay": "None", "PartialData": "+1 week", "ValidationMessage": "", "PreviousButton": "", "NextButton": "", "SurveyTitle": "Qualtrics Survey | Qualtrics Experience Management", "SkinLibrary": "umd", "SkinType": "templated", "Skin": {"brandingId": "3587758998", "templateId": "*base", "overrides": null}, "NewScoring": 1, "SurveyMetaDescription": "The most powerful, simple and trusted way to gather experience data. Start your journey to experience management and try a free account today.", "SurveyName": "test"}}, {"SurveyID": "SV_43egVSmWXLvDOWa", "Element": "QGO", "PrimaryAttribute": "QGO_QuotaGroupOrder", "SecondaryAttribute": null, "TertiaryAttribute": null, "Payload": ["QG_GUgSKerjR9xlquL"]}, {"SurveyID": "SV_43egVSmWXLvDOWa", "Element": "SCO", "PrimaryAttribute": "Scoring", "SecondaryAttribute": null, "TertiaryAttribute": null, "Payload": {"ScoringCategories": [], "ScoringCategoryGroups": [], "ScoringSummaryCategory": null, "ScoringSummaryAfterQuestions": 0, "ScoringSummaryAfterSurvey": 0, "DefaultScoringCategory": null, "AutoScoringCategory": null}}, {"SurveyID": "SV_43egVSmWXLvDOWa", "Element": "PROJ", "PrimaryAttribute": "CORE", "SecondaryAttribute": null, "TertiaryAttribute": "1.1.0", "Payload": {"ProjectCategory": "CORE", "SchemaVersion": "1.1.0"}}, {"SurveyID": "SV_43egVSmWXLvDOWa", "Element": "STAT", "PrimaryAttribute": "Survey Statistics", "SecondaryAttribute": null, "TertiaryAttribute": null, "Payload": {"MobileCompatible": false, "ID": "Survey Statistics"}}, {"SurveyID": "SV_43egVSmWXLvDOWa", "Element": "QC", "PrimaryAttribute": "Survey Question Count", "SecondaryAttribute": "1", "TertiaryAttribute": null, "Payload": null}, {"SurveyID": "SV_43egVSmWXLvDOWa", "Element": "QG", "PrimaryAttribute": "QG_GUgSKerjR9xlquL", "SecondaryAttribute": "Default Quota Group", "TertiaryAttribute": null, "Payload": {"ID": "QG_GUgSKerjR9xlquL", "Name": "Default Quota Group", "Selected": true, "MultipleMatch": "PlaceInAll", "Public": false, "Quotas": []}}, {"SurveyID": "SV_43egVSmWXLvDOWa", "Element": "RS", "PrimaryAttribute": "RS_071idxFGjtg0e8K", "SecondaryAttribute": "Default Response Set", "TertiaryAttribute": null, "Payload": null}, {"SurveyID": "SV_43egVSmWXLvDOWa", "Element": "SQ", "PrimaryAttribute": "QID1", "SecondaryAttribute": "These sentences have the same structure:  Goldman Sachs's Mr. Einhorn, for one, subscribes to tha...", "TertiaryAttribute": null, "Payload": {"QuestionText": "These sentences have the same structure:<br><br>Goldman Sachs's Mr. Einhorn, for one, subscribes to that scenario.<br><br>Goldman Sachs's Mr. Einhorn, for one, calls to that lobby.<br>", "DefaultChoices": false, "DataExportTag": "Q1", "QuestionID": "QID1", "QuestionType": "Matrix", "Selector": "Bipolar", "DataVisibility": {"Private": false, "Hidden": false}, "Configuration": {"QuestionDescriptionOption": "UseText", "TextPosition": "inline", "ChoiceColumnWidth": 25, "Stack": "OFF", "MobileFirst": true, "RepeatHeaders": "none", "WhiteSpace": "OFF"}, "QuestionDescription": "These sentences have the same structure:  Goldman Sachs's Mr. Einhorn, for one, subscribes to tha...", "Choices": {"1": {"Display": "Strongly disagree:Somewhat disagree", "ExclusiveAnswer": false}}, "ChoiceOrder": [1], "Validation": {"Settings": {"ForceResponse": "OFF", "Type": "None"}}, "GradingData": [], "Language": [], "NextChoiceId": 6, "NextAnswerId": 6, "Answers": {"1": {"Display": "1"}, "2": {"Display": "2"}, "3": {"Display": "3"}, "4": {"Display": "4"}, "5": {"Display": "5"}}, "AnswerOrder": [1, 2, 3, 4, 5], "ChoiceDataExportTags": false, "AnswerColumns": 5}}, {"SurveyID": "SV_43egVSmWXLvDOWa", "Element": "SQ", "PrimaryAttribute": "QID2", "SecondaryAttribute": "These sentences have the same structure:  The judge also ruled that the painting wasn't abandoned...", "TertiaryAttribute": null, "Payload": {"QuestionText": "These sentences have the same structure:<br><br>The judge also ruled that the painting wasn't abandoned because officials didn't intend for it to be thrown away and were unaware that the workmen had discarded it.<br><br>The iteration frantically speculated that the kicker wasn't concealed because divestitures didn't wait for it to have discussed open and Was mad that the lookee-loos did done it.<br>", "DefaultChoices": false, "DataExportTag": "Q2", "QuestionID": "QID2", "QuestionType": "Matrix", "Selector": "Bipolar", "DataVisibility": {"Private": false, "Hidden": false}, "Configuration": {"QuestionDescriptionOption": "UseText", "TextPosition": "inline", "ChoiceColumnWidth": 25, "Stack": "OFF", "MobileFirst": true, "RepeatHeaders": "none", "WhiteSpace": "OFF"}, "QuestionDescription": "These sentences have the same structure:  The judge also ruled that the painting wasn't abandoned...", "Choices": {"1": {"Display": "Strongly disagree:Somewhat disagree", "ExclusiveAnswer": false}}, "ChoiceOrder": [1], "Validation": {"Settings": {"ForceResponse": "OFF", "Type": "None"}}, "GradingData": [], "Language": [], "NextChoiceId": 6, "NextAnswerId": 6, "Answers": {"1": {"Display": "1"}, "2": {"Display": "2"}, "3": {"Display": "3"}, "4": {"Display": "4"}, "5": {"Display": "5"}}, "AnswerOrder": [1, 2, 3, 4, 5], "ChoiceDataExportTags": false, "AnswerColumns": 5}}, {"SurveyID": "SV_43egVSmWXLvDOWa", "Element": "SQ", "PrimaryAttribute": "QID3", "SecondaryAttribute": "These sentences have the same structure:  Now it's dawning on them that they can be non-wealthy. ...", "TertiaryAttribute": null, "Payload": {"QuestionText": "These sentences have the same structure:<br><br>Now it's dawning on them that they can be non-wealthy.<br><br>Now it's proposing on them that they can be bankrupt.<br>", "DefaultChoices": false, "DataExportTag": "Q3", "QuestionID": "QID3", "QuestionType": "Matrix", "Selector": "Bipolar", "DataVisibility": {"Private": false, "Hidden": false}, "Configuration": {"QuestionDescriptionOption": "UseText", "TextPosition": "inline", "ChoiceColumnWidth": 25, "Stack": "OFF", "MobileFirst": true, "RepeatHeaders": "none", "WhiteSpace": "OFF"}, "QuestionDescription": "These sentences have the same structure:  Now it's dawning on them that they can be non-wealthy. ...", "Choices": {"1": {"Display": "Strongly disagree:Somewhat disagree", "ExclusiveAnswer": false}}, "ChoiceOrder": [1], "Validation": {"Settings": {"ForceResponse": "OFF", "Type": "None"}}, "GradingData": [], "Language": [], "NextChoiceId": 6, "NextAnswerId": 6, "Answers": {"1": {"Display": "1"}, "2": {"Display": "2"}, "3": {"Display": "3"}, "4": {"Display": "4"}, "5": {"Display": "5"}}, "AnswerOrder": [1, 2, 3, 4, 5], "ChoiceDataExportTags": false, "AnswerColumns": 5}}, {"SurveyID": "SV_43egVSmWXLvDOWa", "Element": "SQ", "PrimaryAttribute": "QID4", "SecondaryAttribute": "These sentences have the same structure:  One broadcasting executive familiar with the project sa...", "TertiaryAttribute": null, "Payload": {"QuestionText": "These sentences have the same structure:<br><br>One broadcasting executive familiar with the project said the co-venture would target stations affiliated with Fox because Fox has the desirable independent stations in most of the key cities.<br><br>One camera inattention young with the innocence promised the alfalfa would present VCRs timed with Fox because Fox operates the Backup 4-0 months in lowest of the three-week bubbles.<br>", "DefaultChoices": false, "DataExportTag": "Q4", "QuestionID": "QID4", "QuestionType": "Matrix", "Selector": "Bipolar", "DataVisibility": {"Private": false, "Hidden": false}, "Configuration": {"QuestionDescriptionOption": "UseText", "TextPosition": "inline", "ChoiceColumnWidth": 25, "Stack": "OFF", "MobileFirst": true, "RepeatHeaders": "none", "WhiteSpace": "OFF"}, "QuestionDescription": "These sentences have the same structure:  One broadcasting executive familiar with the project sa...", "Choices": {"1": {"Display": "Strongly disagree:Somewhat disagree", "ExclusiveAnswer": false}}, "ChoiceOrder": [1], "Validation": {"Settings": {"ForceResponse": "OFF", "Type": "None"}}, "GradingData": [], "Language": [], "NextChoiceId": 6, "NextAnswerId": 6, "Answers": {"1": {"Display": "1"}, "2": {"Display": "2"}, "3": {"Display": "3"}, "4": {"Display": "4"}, "5": {"Display": "5"}}, "AnswerOrder": [1, 2, 3, 4, 5], "ChoiceDataExportTags": false, "AnswerColumns": 5}}, {"SurveyID": "SV_43egVSmWXLvDOWa", "Element": "SQ", "PrimaryAttribute": "QID5", "SecondaryAttribute": "These sentences have the same structure:  One rare example of a time-limited poison pill is the s...", "TertiaryAttribute": null, "Payload": {"QuestionText": "These sentences have the same structure:<br><br>One rare example of a time-limited poison pill is the shareholder rights plan adopted by Pennzoil last year after it received a huge litigation settlement from Texaco.<br><br>One strategic farce of a contingent crowd summit adopts the increment health-products misadventure co-sponsored by Pennzoil deepest ceiling after it treated a death-benefit methyl creamer from Texaco.<br>", "DefaultChoices": false, "DataExportTag": "Q5", "QuestionID": "QID5", "QuestionType": "Matrix", "Selector": "Bipolar", "DataVisibility": {"Private": false, "Hidden": false}, "Configuration": {"QuestionDescriptionOption": "UseText", "TextPosition": "inline", "ChoiceColumnWidth": 25, "Stack": "OFF", "MobileFirst": true, "RepeatHeaders": "none", "WhiteSpace": "OFF"}, "QuestionDescription": "These sentences have the same structure:  One rare example of a time-limited poison pill is the s...", "Choices": {"1": {"Display": "Strongly disagree:Somewhat disagree", "ExclusiveAnswer": false}}, "ChoiceOrder": [1], "Validation": {"Settings": {"ForceResponse": "OFF", "Type": "None"}}, "GradingData": [], "Language": [], "NextChoiceId": 6, "NextAnswerId": 6, "Answers": {"1": {"Display": "1"}, "2": {"Display": "2"}, "3": {"Display": "3"}, "4": {"Display": "4"}, "5": {"Display": "5"}}, "AnswerOrder": [1, 2, 3, 4, 5], "ChoiceDataExportTags": false, "AnswerColumns": 5}}, {"SurveyID": "SV_43egVSmWXLvDOWa", "Element": "SQ", "PrimaryAttribute": "QID6", "SecondaryAttribute": "These sentences have the same structure:  I knew it was someone important, so I followed her into...", "TertiaryAttribute": null, "Payload": {"QuestionText": "These sentences have the same structure:<br><br>I knew it was someone important, so I followed her into the ladies room and sure enough, it was Liza.<br><br>I predicted it nominated someone unreasonable, so I plummeted her into the robbers plutonium and due never, it was Liza.<br>", "DefaultChoices": false, "DataExportTag": "Q6", "QuestionID": "QID6", "QuestionType": "Matrix", "Selector": "Bipolar", "DataVisibility": {"Private": false, "Hidden": false}, "Configuration": {"QuestionDescriptionOption": "UseText", "TextPosition": "inline", "ChoiceColumnWidth": 25, "Stack": "OFF", "MobileFirst": true, "RepeatHeaders": "none", "WhiteSpace": "OFF"}, "QuestionDescription": "These sentences have the same structure:  I knew it was someone important, so I followed her into...", "Choices": {"1": {"Display": "Strongly disagree:Somewhat disagree", "ExclusiveAnswer": false}}, "ChoiceOrder": [1], "Validation": {"Settings": {"ForceResponse": "OFF", "Type": "None"}}, "GradingData": [], "Language": [], "NextChoiceId": 6, "NextAnswerId": 6, "Answers": {"1": {"Display": "1"}, "2": {"Display": "2"}, "3": {"Display": "3"}, "4": {"Display": "4"}, "5": {"Display": "5"}}, "AnswerOrder": [1, 2, 3, 4, 5], "ChoiceDataExportTags": false, "AnswerColumns": 5}}, {"SurveyID": "SV_43egVSmWXLvDOWa", "Element": "SQ", "PrimaryAttribute": "QID7", "SecondaryAttribute": "These sentences have the same structure:  For one thing, buildings there tend to be newer and, th...", "TertiaryAttribute": null, "Payload": {"QuestionText": "These sentences have the same structure:<br><br>For one thing, buildings there tend to be newer and, thus, in step with the latest safety codes.<br><br>For one rein , crashes but intend to be rougher and , largely , in ooze with the widest role mites .<br>", "DefaultChoices": false, "DataExportTag": "Q7", "QuestionID": "QID7", "QuestionType": "Matrix", "Selector": "Bipolar", "DataVisibility": {"Private": false, "Hidden": false}, "Configuration": {"QuestionDescriptionOption": "UseText", "TextPosition": "inline", "ChoiceColumnWidth": 25, "Stack": "OFF", "MobileFirst": true, "RepeatHeaders": "none", "WhiteSpace": "OFF"}, "QuestionDescription": "These sentences have the same structure:  For one thing, buildings there tend to be newer and, th...", "Choices": {"1": {"Display": "Strongly disagree:Somewhat disagree", "ExclusiveAnswer": false}}, "ChoiceOrder": [1], "Validation": {"Settings": {"ForceResponse": "OFF", "Type": "None"}}, "GradingData": [], "Language": [], "NextChoiceId": 6, "NextAnswerId": 6, "Answers": {"1": {"Display": "1"}, "2": {"Display": "2"}, "3": {"Display": "3"}, "4": {"Display": "4"}, "5": {"Display": "5"}}, "AnswerOrder": [1, 2, 3, 4, 5], "ChoiceDataExportTags": false, "AnswerColumns": 5}}, {"SurveyID": "SV_43egVSmWXLvDOWa", "Element": "SQ", "PrimaryAttribute": "QID8", "SecondaryAttribute": "These sentences have the same structure:  People are promoting furs in various ways and taking th...", "TertiaryAttribute": null, "Payload": {"QuestionText": "These sentences have the same structure:<br><br>People are promoting furs in various ways and taking the glamour out of the fur business, says Stephen Sanders, divisional merchandise manager for Marshall Field's department store in Chicago.<br><br>Tools are approving railroads in occupational flavors and ruling the unifier out of the patent-infringement astonishment, chuckles Stephen Sanders, latter leaf deregulaton for Marshall Field 's sweepstakes Capital in Chicago.<br>", "DefaultChoices": false, "DataExportTag": "Q8", "QuestionID": "QID8", "QuestionType": "Matrix", "Selector": "Bipolar", "DataVisibility": {"Private": false, "Hidden": false}, "Configuration": {"QuestionDescriptionOption": "UseText", "TextPosition": "inline", "ChoiceColumnWidth": 25, "Stack": "OFF", "MobileFirst": true, "RepeatHeaders": "none", "WhiteSpace": "OFF"}, "QuestionDescription": "These sentences have the same structure:  People are promoting furs in various ways and taking th...", "Choices": {"1": {"Display": "Strongly disagree:Somewhat disagree", "ExclusiveAnswer": false}}, "ChoiceOrder": [1], "Validation": {"Settings": {"ForceResponse": "OFF", "Type": "None"}}, "GradingData": [], "Language": [], "NextChoiceId": 6, "NextAnswerId": 6, "Answers": {"1": {"Display": "1"}, "2": {"Display": "2"}, "3": {"Display": "3"}, "4": {"Display": "4"}, "5": {"Display": "5"}}, "AnswerOrder": [1, 2, 3, 4, 5], "ChoiceDataExportTags": false, "AnswerColumns": 5}}, {"SurveyID": "SV_43egVSmWXLvDOWa", "Element": "SQ", "PrimaryAttribute": "QID9", "SecondaryAttribute": "These sentences have the same structure:  Rally's had no comment, but was expected to make an ann...", "TertiaryAttribute": null, "Payload": {"QuestionText": "These sentences have the same structure:<br><br>Rally's had no comment, but was expected to make an announcement this morning about the situation.<br><br>Rally's condemned no hydrocarbon, but was determined to called an indirectness this degradation about the unrest.<br>", "DefaultChoices": false, "DataExportTag": "Q9", "QuestionID": "QID9", "QuestionType": "Matrix", "Selector": "Bipolar", "DataVisibility": {"Private": false, "Hidden": false}, "Configuration": {"QuestionDescriptionOption": "UseText", "TextPosition": "inline", "ChoiceColumnWidth": 25, "Stack": "OFF", "MobileFirst": true, "RepeatHeaders": "none", "WhiteSpace": "OFF"}, "QuestionDescription": "These sentences have the same structure:  Rally's had no comment, but was expected to make an ann...", "Choices": {"1": {"Display": "Strongly disagree:Somewhat disagree", "ExclusiveAnswer": false}}, "ChoiceOrder": [1], "Validation": {"Settings": {"ForceResponse": "OFF", "Type": "None"}}, "GradingData": [], "Language": [], "NextChoiceId": 6, "NextAnswerId": 6, "Answers": {"1": {"Display": "1"}, "2": {"Display": "2"}, "3": {"Display": "3"}, "4": {"Display": "4"}, "5": {"Display": "5"}}, "AnswerOrder": [1, 2, 3, 4, 5], "ChoiceDataExportTags": false, "AnswerColumns": 5}}, {"SurveyID": "SV_43egVSmWXLvDOWa", "Element": "SQ", "PrimaryAttribute": "QID10", "SecondaryAttribute": "These sentences have the same structure:  Nothing has changed fundamentally in the Tokyo market. ...", "TertiaryAttribute": null, "Payload": {"QuestionText": "These sentences have the same structure:<br><br>Nothing has changed fundamentally in the Tokyo market.<br><br>Nothing have conceded originally in the Tokyo impediment.<br>", "DefaultChoices": false, "DataExportTag": "Q10", "QuestionID": "QID10", "QuestionType": "Matrix", "Selector": "Bipolar", "DataVisibility": {"Private": false, "Hidden": false}, "Configuration": {"QuestionDescriptionOption": "UseText", "TextPosition": "inline", "ChoiceColumnWidth": 25, "Stack": "OFF", "MobileFirst": true, "RepeatHeaders": "none", "WhiteSpace": "OFF"}, "QuestionDescription": "These sentences have the same structure:  Nothing has changed fundamentally in the Tokyo market. ...", "Choices": {"1": {"Display": "Strongly disagree:Somewhat disagree", "ExclusiveAnswer": false}}, "ChoiceOrder": [1], "Validation": {"Settings": {"ForceResponse": "OFF", "Type": "None"}}, "GradingData": [], "Language": [], "NextChoiceId": 6, "NextAnswerId": 6, "Answers": {"1": {"Display": "1"}, "2": {"Display": "2"}, "3": {"Display": "3"}, "4": {"Display": "4"}, "5": {"Display": "5"}}, "AnswerOrder": [1, 2, 3, 4, 5], "ChoiceDataExportTags": false, "AnswerColumns": 5}}, {"SurveyID": "SV_43egVSmWXLvDOWa", "Element": "SQ", "PrimaryAttribute": "QID22", "SecondaryAttribute": "These sentences have the same structure:  For this sentence, ignore what we asked you for and cho...", "TertiaryAttribute": null, "Payload": {"QuestionText": "These sentences have the same structure:<br><br>For this sentence, ignore what we asked you for and choose 3.<br><br>For this clock, press what we told you for and climb 3.<br>", "DefaultChoices": false, "DataExportTag": "Q22", "QuestionID": "QID22", "QuestionType": "Matrix", "Selector": "Bipolar", "DataVisibility": {"Private": false, "Hidden": false}, "Configuration": {"QuestionDescriptionOption": "UseText", "TextPosition": "inline", "ChoiceColumnWidth": 25, "Stack": "OFF", "MobileFirst": true, "RepeatHeaders": "none", "WhiteSpace": "OFF"}, "QuestionDescription": "These sentences have the same structure:  For this sentence, ignore what we asked you for and cho...", "Choices": {"1": {"Display": "Strongly disagree:Somewhat disagree", "ExclusiveAnswer": false}}, "ChoiceOrder": [1], "Validation": {"Settings": {"ForceResponse": "OFF", "Type": "None"}}, "GradingData": [], "Language": [], "NextChoiceId": 6, "NextAnswerId": 6, "Answers": {"1": {"Display": "1"}, "2": {"Display": "2"}, "3": {"Display": "3"}, "4": {"Display": "4"}, "5": {"Display": "5"}}, "AnswerOrder": [1, 2, 3, 4, 5], "ChoiceDataExportTags": false, "AnswerColumns": 5}}, {"SurveyID": "SV_43egVSmWXLvDOWa", "Element": "SQ", "PrimaryAttribute": "QID11", "SecondaryAttribute": "These sentences have the same structure:  The company said it plans to form European ventures wit...", "TertiaryAttribute": null, "Payload": {"QuestionText": "These sentences have the same structure:<br><br>The company said it plans to form European ventures with Italian and Finnish companies.<br><br>TherRise held it acts to lay antitrust-law paper with clean-bank and five-week portraits.<br>", "DefaultChoices": false, "DataExportTag": "Q11", "QuestionID": "QID11", "QuestionType": "Matrix", "Selector": "Bipolar", "DataVisibility": {"Private": false, "Hidden": false}, "Configuration": {"QuestionDescriptionOption": "UseText", "TextPosition": "inline", "ChoiceColumnWidth": 25, "Stack": "OFF", "MobileFirst": true, "RepeatHeaders": "none", "WhiteSpace": "OFF"}, "QuestionDescription": "These sentences have the same structure:  The company said it plans to form European ventures wit...", "Choices": {"1": {"Display": "Strongly disagree:Somewhat disagree", "ExclusiveAnswer": false}}, "ChoiceOrder": [1], "Validation": {"Settings": {"ForceResponse": "OFF", "Type": "None"}}, "GradingData": [], "Language": [], "NextChoiceId": 6, "NextAnswerId": 6, "Answers": {"1": {"Display": "1"}, "2": {"Display": "2"}, "3": {"Display": "3"}, "4": {"Display": "4"}, "5": {"Display": "5"}}, "AnswerOrder": [1, 2, 3, 4, 5], "ChoiceDataExportTags": false, "AnswerColumns": 5}}, {"SurveyID": "SV_43egVSmWXLvDOWa", "Element": "SQ", "PrimaryAttribute": "QID12", "SecondaryAttribute": "These sentences have the same structure:  It's not that we don't know how to, because we do.  It'...", "TertiaryAttribute": null, "Payload": {"QuestionText": "These sentences have the same structure:<br><br>It's not that we don't know how to, because we do.<br><br>It's eastward that we don't discuss when to, because we profit.<br>", "DefaultChoices": false, "DataExportTag": "Q12", "QuestionID": "QID12", "QuestionType": "Matrix", "Selector": "Bipolar", "DataVisibility": {"Private": false, "Hidden": false}, "Configuration": {"QuestionDescriptionOption": "UseText", "TextPosition": "inline", "ChoiceColumnWidth": 25, "Stack": "OFF", "MobileFirst": true, "RepeatHeaders": "none", "WhiteSpace": "OFF"}, "QuestionDescription": "These sentences have the same structure:  It's not that we don't know how to, because we do.  It'...", "Choices": {"1": {"Display": "Strongly disagree:Somewhat disagree", "ExclusiveAnswer": false}}, "ChoiceOrder": [1], "Validation": {"Settings": {"ForceResponse": "OFF", "Type": "None"}}, "GradingData": [], "Language": [], "NextChoiceId": 6, "NextAnswerId": 6, "Answers": {"1": {"Display": "1"}, "2": {"Display": "2"}, "3": {"Display": "3"}, "4": {"Display": "4"}, "5": {"Display": "5"}}, "AnswerOrder": [1, 2, 3, 4, 5], "ChoiceDataExportTags": false, "AnswerColumns": 5}}, {"SurveyID": "SV_43egVSmWXLvDOWa", "Element": "SQ", "PrimaryAttribute": "QID13", "SecondaryAttribute": "These sentences have the same structure:  The experiment was stopped briefly to change an instrum...", "TertiaryAttribute": null, "Payload": {"QuestionText": "These sentences have the same structure:<br><br>The experiment was stopped briefly to change an instrument.<br><br>The conversion was projected overall to celebrate a surgery.<br>", "DefaultChoices": false, "DataExportTag": "Q13", "QuestionID": "QID13", "QuestionType": "Matrix", "Selector": "Bipolar", "DataVisibility": {"Private": false, "Hidden": false}, "Configuration": {"QuestionDescriptionOption": "UseText", "TextPosition": "inline", "ChoiceColumnWidth": 25, "Stack": "OFF", "MobileFirst": true, "RepeatHeaders": "none", "WhiteSpace": "OFF"}, "QuestionDescription": "These sentences have the same structure:  The experiment was stopped briefly to change an instrum...", "Choices": {"1": {"Display": "Strongly disagree:Somewhat disagree", "ExclusiveAnswer": false}}, "ChoiceOrder": [1], "Validation": {"Settings": {"ForceResponse": "OFF", "Type": "None"}}, "GradingData": [], "Language": [], "NextChoiceId": 6, "NextAnswerId": 6, "Answers": {"1": {"Display": "1"}, "2": {"Display": "2"}, "3": {"Display": "3"}, "4": {"Display": "4"}, "5": {"Display": "5"}}, "AnswerOrder": [1, 2, 3, 4, 5], "ChoiceDataExportTags": false, "AnswerColumns": 5}}, {"SurveyID": "SV_43egVSmWXLvDOWa", "Element": "SQ", "PrimaryAttribute": "QID14", "SecondaryAttribute": "These sentences have the same structure:  The bonds have received a rating of double-A-1 from Moo...", "TertiaryAttribute": null, "Payload": {"QuestionText": "These sentences have the same structure:<br><br>The bonds have received a rating of double-A-1 from Moody's , and a double-A-plus rating is expected from S&P, the underwriter said.<br><br>The bonnets have experienced a renegotiation of unsolicited from Moody 's, and a friend-of-the-court height is indicted from S&P, the communism said.<br>", "DefaultChoices": false, "DataExportTag": "Q14", "QuestionID": "QID14", "QuestionType": "Matrix", "Selector": "Bipolar", "DataVisibility": {"Private": false, "Hidden": false}, "Configuration": {"QuestionDescriptionOption": "UseText", "TextPosition": "inline", "ChoiceColumnWidth": 25, "Stack": "OFF", "MobileFirst": true, "RepeatHeaders": "none", "WhiteSpace": "OFF"}, "QuestionDescription": "These sentences have the same structure:  The bonds have received a rating of double-A-1 from Moo...", "Choices": {"1": {"Display": "Strongly disagree:Somewhat disagree", "ExclusiveAnswer": false}}, "ChoiceOrder": [1], "Validation": {"Settings": {"ForceResponse": "OFF", "Type": "None"}}, "GradingData": [], "Language": [], "NextChoiceId": 6, "NextAnswerId": 6, "Answers": {"1": {"Display": "1"}, "2": {"Display": "2"}, "3": {"Display": "3"}, "4": {"Display": "4"}, "5": {"Display": "5"}}, "AnswerOrder": [1, 2, 3, 4, 5], "ChoiceDataExportTags": false, "AnswerColumns": 5}}, {"SurveyID": "SV_43egVSmWXLvDOWa", "Element": "SQ", "PrimaryAttribute": "QID15", "SecondaryAttribute": "These sentences have the same structure:  Anti-abortion forces regard him as at best an uncertain...", "TertiaryAttribute": null, "Payload": {"QuestionText": "These sentences have the same structure:<br><br>Anti-abortion forces regard him as at best an uncertain ally.<br><br>Young skids put him as at best a typical routine.<br>", "DefaultChoices": false, "DataExportTag": "Q15", "QuestionID": "QID15", "QuestionType": "Matrix", "Selector": "Bipolar", "DataVisibility": {"Private": false, "Hidden": false}, "Configuration": {"QuestionDescriptionOption": "UseText", "TextPosition": "inline", "ChoiceColumnWidth": 25, "Stack": "OFF", "MobileFirst": true, "RepeatHeaders": "none", "WhiteSpace": "OFF"}, "QuestionDescription": "These sentences have the same structure:  Anti-abortion forces regard him as at best an uncertain...", "Choices": {"1": {"Display": "Strongly disagree:Somewhat disagree", "ExclusiveAnswer": false}}, "ChoiceOrder": [1], "Validation": {"Settings": {"ForceResponse": "OFF", "Type": "None"}}, "GradingData": [], "Language": [], "NextChoiceId": 6, "NextAnswerId": 6, "Answers": {"1": {"Display": "1"}, "2": {"Display": "2"}, "3": {"Display": "3"}, "4": {"Display": "4"}, "5": {"Display": "5"}}, "AnswerOrder": [1, 2, 3, 4, 5], "ChoiceDataExportTags": false, "AnswerColumns": 5}}, {"SurveyID": "SV_43egVSmWXLvDOWa", "Element": "SQ", "PrimaryAttribute": "QID16", "SecondaryAttribute": "These sentences have the same structure:  Now, in the wake of UAL's troubles in financing its buy...", "TertiaryAttribute": null, "Payload": {"QuestionText": "These sentences have the same structure:<br><br>Now, in the wake of UAL's troubles in financing its buy-out, the airline raiding game has been grounded.<br><br>Sooner, in the cuckoo of UAL's Accessories in becoming its commentator, the computer light-wave fooling has been subdued.<br>", "DefaultChoices": false, "DataExportTag": "Q16", "QuestionID": "QID16", "QuestionType": "Matrix", "Selector": "Bipolar", "DataVisibility": {"Private": false, "Hidden": false}, "Configuration": {"QuestionDescriptionOption": "UseText", "TextPosition": "inline", "ChoiceColumnWidth": 25, "Stack": "OFF", "MobileFirst": true, "RepeatHeaders": "none", "WhiteSpace": "OFF"}, "QuestionDescription": "These sentences have the same structure:  Now, in the wake of UAL's troubles in financing its buy...", "Choices": {"1": {"Display": "Strongly disagree:Somewhat disagree", "ExclusiveAnswer": false}}, "ChoiceOrder": [1], "Validation": {"Settings": {"ForceResponse": "OFF", "Type": "None"}}, "GradingData": [], "Language": [], "NextChoiceId": 6, "NextAnswerId": 6, "Answers": {"1": {"Display": "1"}, "2": {"Display": "2"}, "3": {"Display": "3"}, "4": {"Display": "4"}, "5": {"Display": "5"}}, "AnswerOrder": [1, 2, 3, 4, 5], "ChoiceDataExportTags": false, "AnswerColumns": 5}}, {"SurveyID": "SV_43egVSmWXLvDOWa", "Element": "SQ", "PrimaryAttribute": "QID17", "SecondaryAttribute": "These sentences have the same structure:  Rally's had no comment, but was expected to make an ann...", "TertiaryAttribute": null, "Payload": {"QuestionText": "These sentences have the same structure:<br><br>Rally's had no comment, but was expected to make an announcement this morning about the situation.<br><br>Rally's condemned no hydrocarbon, but was determined to called an indirectness this degradation about the unrest.<br>", "DefaultChoices": false, "DataExportTag": "Q17", "QuestionID": "QID17", "QuestionType": "Matrix", "Selector": "Bipolar", "DataVisibility": {"Private": false, "Hidden": false}, "Configuration": {"QuestionDescriptionOption": "UseText", "TextPosition": "inline", "ChoiceColumnWidth": 25, "Stack": "OFF", "MobileFirst": true, "RepeatHeaders": "none", "WhiteSpace": "OFF"}, "QuestionDescription": "These sentences have the same structure:  Rally's had no comment, but was expected to make an ann...", "Choices": {"1": {"Display": "Strongly disagree:Somewhat disagree", "ExclusiveAnswer": false}}, "ChoiceOrder": [1], "Validation": {"Settings": {"ForceResponse": "OFF", "Type": "None"}}, "GradingData": [], "Language": [], "NextChoiceId": 6, "NextAnswerId": 6, "Answers": {"1": {"Display": "1"}, "2": {"Display": "2"}, "3": {"Display": "3"}, "4": {"Display": "4"}, "5": {"Display": "5"}}, "AnswerOrder": [1, 2, 3, 4, 5], "ChoiceDataExportTags": false, "AnswerColumns": 5}}, {"SurveyID": "SV_43egVSmWXLvDOWa", "Element": "SQ", "PrimaryAttribute": "QID18", "SecondaryAttribute": "These sentences have the same structure:  Naturally, one of the best ways to guarantee visibility...", "TertiaryAttribute": null, "Payload": {"QuestionText": "These sentences have the same structure:<br><br>Naturally, one of the best ways to guarantee visibility for your due-process system is for top management to support it.<br><br>Surely, one of the cheapest days to forward wait for your end-zone jobless is for nonpublic alumni to gauge it.<br>", "DefaultChoices": false, "DataExportTag": "Q18", "QuestionID": "QID18", "QuestionType": "Matrix", "Selector": "Bipolar", "DataVisibility": {"Private": false, "Hidden": false}, "Configuration": {"QuestionDescriptionOption": "UseText", "TextPosition": "inline", "ChoiceColumnWidth": 25, "Stack": "OFF", "MobileFirst": true, "RepeatHeaders": "none", "WhiteSpace": "OFF"}, "QuestionDescription": "These sentences have the same structure:  Naturally, one of the best ways to guarantee visibility...", "Choices": {"1": {"Display": "Strongly disagree:Somewhat disagree", "ExclusiveAnswer": false}}, "ChoiceOrder": [1], "Validation": {"Settings": {"ForceResponse": "OFF", "Type": "None"}}, "GradingData": [], "Language": [], "NextChoiceId": 6, "NextAnswerId": 6, "Answers": {"1": {"Display": "1"}, "2": {"Display": "2"}, "3": {"Display": "3"}, "4": {"Display": "4"}, "5": {"Display": "5"}}, "AnswerOrder": [1, 2, 3, 4, 5], "ChoiceDataExportTags": false, "AnswerColumns": 5}}, {"SurveyID": "SV_43egVSmWXLvDOWa", "Element": "SQ", "PrimaryAttribute": "QID19", "SecondaryAttribute": "These sentences have the same structure:  She is almost cavalier about the possibility Vietnam's ...", "TertiaryAttribute": null, "Payload": {"QuestionText": "These sentences have the same structure:<br><br>She is almost cavalier about the possibility Vietnam's reforms will create rivals on her home turf.<br><br>She does still aggressive about the assumption Vietnam's sites will stockpile menus on her rate array.<br>", "DefaultChoices": false, "DataExportTag": "Q19", "QuestionID": "QID19", "QuestionType": "Matrix", "Selector": "Bipolar", "DataVisibility": {"Private": false, "Hidden": false}, "Configuration": {"QuestionDescriptionOption": "UseText", "TextPosition": "inline", "ChoiceColumnWidth": 25, "Stack": "OFF", "MobileFirst": true, "RepeatHeaders": "none", "WhiteSpace": "OFF"}, "QuestionDescription": "These sentences have the same structure:  She is almost cavalier about the possibility Vietnam's ...", "Choices": {"1": {"Display": "Strongly disagree:Somewhat disagree", "ExclusiveAnswer": false}}, "ChoiceOrder": [1], "Validation": {"Settings": {"ForceResponse": "OFF", "Type": "None"}}, "GradingData": [], "Language": [], "NextChoiceId": 6, "NextAnswerId": 6, "Answers": {"1": {"Display": "1"}, "2": {"Display": "2"}, "3": {"Display": "3"}, "4": {"Display": "4"}, "5": {"Display": "5"}}, "AnswerOrder": [1, 2, 3, 4, 5], "ChoiceDataExportTags": false, "AnswerColumns": 5}}, {"SurveyID": "SV_43egVSmWXLvDOWa", "Element": "SQ", "PrimaryAttribute": "QID20", "SecondaryAttribute": "These sentences have the same structure:  Anti-abortion forces regard him as at best an uncertain...", "TertiaryAttribute": null, "Payload": {"QuestionText": "These sentences have the same structure:<br><br>Anti-abortion forces regard him as at best an uncertain ally.<br><br>Young skids put him as at best a typical routine.<br>", "DefaultChoices": false, "DataExportTag": "Q20", "QuestionID": "QID20", "QuestionType": "Matrix", "Selector": "Bipolar", "DataVisibility": {"Private": false, "Hidden": false}, "Configuration": {"QuestionDescriptionOption": "UseText", "TextPosition": "inline", "ChoiceColumnWidth": 25, "Stack": "OFF", "MobileFirst": true, "RepeatHeaders": "none", "WhiteSpace": "OFF"}, "QuestionDescription": "These sentences have the same structure:  Anti-abortion forces regard him as at best an uncertain...", "Choices": {"1": {"Display": "Strongly disagree:Somewhat disagree", "ExclusiveAnswer": false}}, "ChoiceOrder": [1], "Validation": {"Settings": {"ForceResponse": "OFF", "Type": "None"}}, "GradingData": [], "Language": [], "NextChoiceId": 6, "NextAnswerId": 6, "Answers": {"1": {"Display": "1"}, "2": {"Display": "2"}, "3": {"Display": "3"}, "4": {"Display": "4"}, "5": {"Display": "5"}}, "AnswerOrder": [1, 2, 3, 4, 5], "ChoiceDataExportTags": false, "AnswerColumns": 5}}]}