{"SurveyEntry": {"SurveyID": "SV_9QBRV7tM4pj6FAW", "SurveyName": "test", "SurveyDescription": null, "SurveyOwnerID": "UR_6xwvJq0siaEd4p0", "SurveyBrandID": "umd", "DivisionID": null, "SurveyLanguage": "EN", "SurveyActiveResponseSet": "RS_7TYDTfnAxCQKThI", "SurveyStatus": "Inactive", "SurveyStartDate": "0000-00-00 00:00:00", "SurveyExpirationDate": "0000-00-00 00:00:00", "SurveyCreationDate": "2024-10-09 11:32:23", "CreatorID": "UR_6xwvJq0siaEd4p0", "LastModified": "2024-10-09 11:34:53", "LastAccessed": "0000-00-00 00:00:00", "LastActivated": "0000-00-00 00:00:00", "Deleted": null}, "SurveyElements": [{"SurveyID": "SV_9QBRV7tM4pj6FAW", "Element": "BL", "PrimaryAttribute": "Survey Blocks", "SecondaryAttribute": null, "TertiaryAttribute": null, "Payload": [{"Type": "Standard", "SubType": "", "Description": "Block 1", "ID": "BL_cwQ02aCxtqbI6mW", "BlockElements": [{"Type": "Question", "QuestionID": "QIDIntro", "SkipLogic": [{"SkipLogicID": 1, "ChoiceLocator": "q://QIDIntro/SelectableChoice/2", "Condition": "Selected", "SkipToDestination": "ENDOFSURVEY", "Locator": "q://QIDIntro/SelectableChoice/2", "SkipToDescription": "During this study, you will... <strong>No</strong>  <strong>Is Selected</strong>", "Description": "Condition: <strong title=\"No\">No</strong> <strong>Is Selected</strong>. Skip To: <strong>End of Survey</strong>.", "QuestionID": "QIDIntro"}]}]}, {"Type": "Standard", "Description": "BL_QID1", "ID": "BL_QID1", "BlockElements": [{"Type": "Question", "QuestionID": "QID1"}]}, {"Type": "Standard", "Description": "BL_QID2", "ID": "BL_QID2", "BlockElements": [{"Type": "Question", "QuestionID": "QID2"}]}, {"Type": "Standard", "Description": "BL_QID3", "ID": "BL_QID3", "BlockElements": [{"Type": "Question", "QuestionID": "QID3"}]}, {"Type": "Standard", "Description": "BL_QID4", "ID": "BL_QID4", "BlockElements": [{"Type": "Question", "QuestionID": "QID4"}]}, {"Type": "Standard", "Description": "BL_QID5", "ID": "BL_QID5", "BlockElements": [{"Type": "Question", "QuestionID": "QID5"}]}, {"Type": "Standard", "Description": "BL_QID6", "ID": "BL_QID6", "BlockElements": [{"Type": "Question", "QuestionID": "QID6"}]}, {"Type": "Standard", "Description": "BL_QID7", "ID": "BL_QID7", "BlockElements": [{"Type": "Question", "QuestionID": "QID7"}]}, {"Type": "Standard", "Description": "BL_QID8", "ID": "BL_QID8", "BlockElements": [{"Type": "Question", "QuestionID": "QID8"}]}, {"Type": "Standard", "Description": "BL_QID9", "ID": "BL_QID9", "BlockElements": [{"Type": "Question", "QuestionID": "QID9"}]}, {"Type": "Standard", "Description": "BL_QID10", "ID": "BL_QID10", "BlockElements": [{"Type": "Question", "QuestionID": "QID10"}]}, {"Type": "Standard", "Description": "BL_QID1000", "ID": "BL_QID1000", "BlockElements": [{"Type": "Question", "QuestionID": "QID1000"}]}, {"Type": "Standard", "Description": "BL_QID11", "ID": "BL_QID11", "BlockElements": [{"Type": "Question", "QuestionID": "QID11"}]}, {"Type": "Standard", "Description": "BL_QID12", "ID": "BL_QID12", "BlockElements": [{"Type": "Question", "QuestionID": "QID12"}]}, {"Type": "Standard", "Description": "BL_QID13", "ID": "BL_QID13", "BlockElements": [{"Type": "Question", "QuestionID": "QID13"}]}, {"Type": "Standard", "Description": "BL_QID14", "ID": "BL_QID14", "BlockElements": [{"Type": "Question", "QuestionID": "QID14"}]}, {"Type": "Standard", "Description": "BL_QID15", "ID": "BL_QID15", "BlockElements": [{"Type": "Question", "QuestionID": "QID15"}]}, {"Type": "Standard", "Description": "BL_QID16", "ID": "BL_QID16", "BlockElements": [{"Type": "Question", "QuestionID": "QID16"}]}, {"Type": "Standard", "Description": "BL_QID17", "ID": "BL_QID17", "BlockElements": [{"Type": "Question", "QuestionID": "QID17"}]}, {"Type": "Standard", "Description": "BL_QID18", "ID": "BL_QID18", "BlockElements": [{"Type": "Question", "QuestionID": "QID18"}]}, {"Type": "Standard", "Description": "BL_QID19", "ID": "BL_QID19", "BlockElements": [{"Type": "Question", "QuestionID": "QID19"}]}, {"Type": "Standard", "Description": "BL_QID20", "ID": "BL_QID20", "BlockElements": [{"Type": "Question", "QuestionID": "QID20"}]}, {"Type": "Standard", "Description": "BL_QID21", "ID": "BL_QID21", "BlockElements": [{"Type": "Question", "QuestionID": "QID21"}]}, {"Type": "Standard", "Description": "BL_QID22", "ID": "BL_QID22", "BlockElements": [{"Type": "Question", "QuestionID": "QID22"}]}, {"Type": "Standard", "Description": "BL_QID23", "ID": "BL_QID23", "BlockElements": [{"Type": "Question", "QuestionID": "QID23"}]}, {"Type": "Standard", "Description": "BL_QID24", "ID": "BL_QID24", "BlockElements": [{"Type": "Question", "QuestionID": "QID24"}]}, {"Type": "Standard", "Description": "BL_QID25", "ID": "BL_QID25", "BlockElements": [{"Type": "Question", "QuestionID": "QID25"}]}]}, {"SurveyID": "SV_9QBRV7tM4pj6FAW", "Element": "FL", "PrimaryAttribute": "Survey Flow", "SecondaryAttribute": null, "TertiaryAttribute": null, "Payload": {"Flow": [{"ID": "BL_cwQ02aCxtqbI6mW", "Type": "Standard", "FlowID": "FL_3"}, {"ID": "BL_5vgSjmlPOEPQwuy", "Type": "Block", "FlowID": "FL_2"}, {"ID": "BL_QID1", "Type": "Block", "FlowID": "FL_QID1"}, {"ID": "BL_QID2", "Type": "Block", "FlowID": "FL_QID2"}, {"ID": "BL_QID3", "Type": "Block", "FlowID": "FL_QID3"}, {"ID": "BL_QID4", "Type": "Block", "FlowID": "FL_QID4"}, {"ID": "BL_QID5", "Type": "Block", "FlowID": "FL_QID5"}, {"ID": "BL_QID6", "Type": "Block", "FlowID": "FL_QID6"}, {"ID": "BL_QID7", "Type": "Block", "FlowID": "FL_QID7"}, {"ID": "BL_QID8", "Type": "Block", "FlowID": "FL_QID8"}, {"ID": "BL_QID9", "Type": "Block", "FlowID": "FL_QID9"}, {"ID": "BL_QID10", "Type": "Block", "FlowID": "FL_QID10"}, {"ID": "BL_QID1000", "Type": "Block", "FlowID": "FL_QID1000"}, {"ID": "BL_QID11", "Type": "Block", "FlowID": "FL_QID11"}, {"ID": "BL_QID12", "Type": "Block", "FlowID": "FL_QID12"}, {"ID": "BL_QID13", "Type": "Block", "FlowID": "FL_QID13"}, {"ID": "BL_QID14", "Type": "Block", "FlowID": "FL_QID14"}, {"ID": "BL_QID15", "Type": "Block", "FlowID": "FL_QID15"}, {"ID": "BL_QID16", "Type": "Block", "FlowID": "FL_QID16"}, {"ID": "BL_QID17", "Type": "Block", "FlowID": "FL_QID17"}, {"ID": "BL_QID18", "Type": "Block", "FlowID": "FL_QID18"}, {"ID": "BL_QID19", "Type": "Block", "FlowID": "FL_QID19"}, {"ID": "BL_QID20", "Type": "Block", "FlowID": "FL_QID20"}, {"ID": "BL_QID21", "Type": "Block", "FlowID": "FL_QID21"}, {"ID": "BL_QID22", "Type": "Block", "FlowID": "FL_QID22"}, {"ID": "BL_QID23", "Type": "Block", "FlowID": "FL_QID23"}, {"ID": "BL_QID24", "Type": "Block", "FlowID": "FL_QID24"}, {"ID": "BL_QID25", "Type": "Block", "FlowID": "FL_QID25"}], "Properties": {"Count": 3}, "FlowID": "FL_1", "Type": "Root"}}, {"SurveyID": "SV_9QBRV7tM4pj6FAW", "Element": "PL", "PrimaryAttribute": "Preview Link", "SecondaryAttribute": null, "TertiaryAttribute": null, "Payload": {"PreviewType": "Brand", "PreviewID": "cc2ed0d1-1ed2-4abb-a619-f7f5bd8ef310"}}, {"SurveyID": "SV_9QBRV7tM4pj6FAW", "Element": "SO", "PrimaryAttribute": "Survey Options", "SecondaryAttribute": null, "TertiaryAttribute": null, "Payload": {"BackButton": "false", "SaveAndContinue": "true", "SurveyProtection": "PublicSurvey", "BallotBoxStuffingPrevention": "false", "NoIndex": "Yes", "SecureResponseFiles": "true", "SurveyExpiration": "None", "SurveyTermination": "DefaultMessage", "Header": "", "Footer": "", "ProgressBarDisplay": "None", "PartialData": "+1 week", "ValidationMessage": "", "PreviousButton": "", "NextButton": "", "SurveyTitle": "Qualtrics Survey | Qualtrics Experience Management", "SkinLibrary": "umd", "SkinType": "templated", "Skin": {"brandingId": "3587758998", "templateId": "*base", "overrides": null}, "NewScoring": 1, "SurveyMetaDescription": "The most powerful, simple and trusted way to gather experience data. Start your journey to experience management and try a free account today."}}, {"SurveyID": "SV_9QBRV7tM4pj6FAW", "Element": "SCO", "PrimaryAttribute": "Scoring", "SecondaryAttribute": null, "TertiaryAttribute": null, "Payload": {"ScoringCategories": [], "ScoringCategoryGroups": [], "ScoringSummaryCategory": null, "ScoringSummaryAfterQuestions": 0, "ScoringSummaryAfterSurvey": 0, "DefaultScoringCategory": null, "AutoScoringCategory": null}}, {"SurveyID": "SV_9QBRV7tM4pj6FAW", "Element": "PROJ", "PrimaryAttribute": "CORE", "SecondaryAttribute": null, "TertiaryAttribute": "1.1.0", "Payload": {"ProjectCategory": "CORE", "SchemaVersion": "1.1.0"}}, {"SurveyID": "SV_9QBRV7tM4pj6FAW", "Element": "STAT", "PrimaryAttribute": "Survey Statistics", "SecondaryAttribute": null, "TertiaryAttribute": null, "Payload": {"MobileCompatible": true, "ID": "Survey Statistics"}}, {"SurveyID": "SV_9QBRV7tM4pj6FAW", "Element": "QC", "PrimaryAttribute": "Survey Question Count", "SecondaryAttribute": "2", "TertiaryAttribute": null, "Payload": null}, {"SurveyID": "SV_9QBRV7tM4pj6FAW", "Element": "RS", "PrimaryAttribute": "RS_7TYDTfnAxCQKThI", "SecondaryAttribute": "Default Response Set", "TertiaryAttribute": null, "Payload": null}, {"SurveyID": "SV_9QBRV7tM4pj6FAW", "Element": "SQ", "PrimaryAttribute": "QIDIntro", "SecondaryAttribute": "During this study, you will be presented with two sentences. Your job is to determine whether or...", "TertiaryAttribute": null, "Payload": {"QuestionText": "During this study, you will be presented with two sentences. Your job is to determine whether or not those sentences have the same structure.\n<br><br>For example, you may be presented with:\n<br><br>The chef cooked the ducks and put them on the plate.\n<br>The sidewalk saw the rain and attacked it at the zoo.\n<br><br>These two sentences have the same structure.\n<br><br>Another example is:\n<br><br>The student picked up their backpack and headed to class.\n<br>The blue lamp dropped its carpet while going on top.\n<br><br>The second sentence changes some parts of the structure, adding an adjective before \"lamp\" and removing \"up\" after \"backpack\".\n<br><br>You will have to rate the pairs on a scale from 1 to 5, where 1 means they have completely different structures and 5 means they have identical structures. Try your best to answer each question, but don't spend too long on any one question. <br><br>Do you consent to participate?", "DefaultChoices": false, "DataExportTag": "QIntro", "QuestionType": "MC", "Selector": "SAVR", "SubSelector": "TX", "DataVisibility": {"Private": false, "Hidden": false}, "Configuration": {"QuestionDescriptionOption": "UseText"}, "QuestionDescription": "During this study, you will be presented with two sentences. Your job is to determine whether or...", "Choices": {"1": {"Display": "Yes"}, "2": {"Display": "No"}}, "ChoiceOrder": [1, 2], "Validation": {"Settings": {"ForceResponse": "OFF", "Type": "None"}}, "GradingData": [], "Language": [], "NextChoiceId": 3, "NextAnswerId": 1, "QuestionID": "QIDIntro"}}, {"SurveyID": "SV_9QBRV7tM4pj6FAW", "Element": "SQ", "PrimaryAttribute": "QID1", "SecondaryAttribute": "<b>These sentences have the same structure:</b>  A reading below 50% indicates that the manufactu...", "TertiaryAttribute": null, "Payload": {"QuestionText": "<b>These sentences have the same structure:</b><br><br>A reading below 50% indicates that the manufacturing sector is slowing while a reading above 50% suggests that the industry is expanding.<br><br>An obligatto below 50% says that the fledging hardliner is elaborating while a fish above 50% says that the denominator is flourishing.<br>", "DefaultChoices": false, "DataExportTag": "Q1", "QuestionID": "QID1", "QuestionType": "Matrix", "Selector": "Bipolar", "DataVisibility": {"Private": false, "Hidden": false}, "Configuration": {"QuestionDescriptionOption": "UseText", "TextPosition": "inline", "ChoiceColumnWidth": 25, "Stack": "OFF", "MobileFirst": true, "RepeatHeaders": "none", "WhiteSpace": "OFF"}, "QuestionDescription": "<b>These sentences have the same structure:</b>  A reading below 50% indicates that the manufactu...", "Choices": {"1": {"Display": "Strongly disagree:Strongly agree", "ExclusiveAnswer": false}}, "ChoiceOrder": [1], "Validation": {"Settings": {"ForceResponse": "OFF", "Type": "None"}}, "GradingData": [], "Language": [], "NextChoiceId": 6, "NextAnswerId": 6, "Answers": {"1": {"Display": "1"}, "2": {"Display": "2"}, "3": {"Display": "3"}, "4": {"Display": "4"}, "5": {"Display": "5"}}, "AnswerOrder": [1, 2, 3, 4, 5], "ChoiceDataExportTags": false, "AnswerColumns": 5}}, {"SurveyID": "SV_9QBRV7tM4pj6FAW", "Element": "SQ", "PrimaryAttribute": "QID2", "SecondaryAttribute": "<b>These sentences have the same structure:</b>  Air traffic at San Francisco International Airpo...", "TertiaryAttribute": null, "Payload": {"QuestionText": "<b>These sentences have the same structure:</b><br><br>Air traffic at San Francisco International Airport was running about 50% of normal yesterday afternoon, but airport officals said they expect a return to full operations by Saturday.<br><br>Anthrax Kellogg at San Francisco International Airport was grabbing about 50% of terrine outlet summer, but national-service sites watched they play an experimentation to irresponsible interiors by Saturday.<br>", "DefaultChoices": false, "DataExportTag": "Q2", "QuestionID": "QID2", "QuestionType": "Matrix", "Selector": "Bipolar", "DataVisibility": {"Private": false, "Hidden": false}, "Configuration": {"QuestionDescriptionOption": "UseText", "TextPosition": "inline", "ChoiceColumnWidth": 25, "Stack": "OFF", "MobileFirst": true, "RepeatHeaders": "none", "WhiteSpace": "OFF"}, "QuestionDescription": "<b>These sentences have the same structure:</b>  Air traffic at San Francisco International Airpo...", "Choices": {"1": {"Display": "Strongly disagree:Strongly agree", "ExclusiveAnswer": false}}, "ChoiceOrder": [1], "Validation": {"Settings": {"ForceResponse": "OFF", "Type": "None"}}, "GradingData": [], "Language": [], "NextChoiceId": 6, "NextAnswerId": 6, "Answers": {"1": {"Display": "1"}, "2": {"Display": "2"}, "3": {"Display": "3"}, "4": {"Display": "4"}, "5": {"Display": "5"}}, "AnswerOrder": [1, 2, 3, 4, 5], "ChoiceDataExportTags": false, "AnswerColumns": 5}}, {"SurveyID": "SV_9QBRV7tM4pj6FAW", "Element": "SQ", "PrimaryAttribute": "QID3", "SecondaryAttribute": "<b>These sentences have the same structure:</b>  The company also hopes the latest acquisition wi...", "TertiaryAttribute": null, "Payload": {"QuestionText": "<b>These sentences have the same structure:</b><br><br>The company also hopes the latest acquisition will help secure large construction orders from Japanese concerns with U.S. operations.<br><br>As chasing of the House Energy and Commerce Committee, Mr. Dingell bans early reckless such over multilevel cooling.<br>", "DefaultChoices": false, "DataExportTag": "Q3", "QuestionID": "QID3", "QuestionType": "Matrix", "Selector": "Bipolar", "DataVisibility": {"Private": false, "Hidden": false}, "Configuration": {"QuestionDescriptionOption": "UseText", "TextPosition": "inline", "ChoiceColumnWidth": 25, "Stack": "OFF", "MobileFirst": true, "RepeatHeaders": "none", "WhiteSpace": "OFF"}, "QuestionDescription": "<b>These sentences have the same structure:</b>  The company also hopes the latest acquisition wi...", "Choices": {"1": {"Display": "Strongly disagree:Strongly agree", "ExclusiveAnswer": false}}, "ChoiceOrder": [1], "Validation": {"Settings": {"ForceResponse": "OFF", "Type": "None"}}, "GradingData": [], "Language": [], "NextChoiceId": 6, "NextAnswerId": 6, "Answers": {"1": {"Display": "1"}, "2": {"Display": "2"}, "3": {"Display": "3"}, "4": {"Display": "4"}, "5": {"Display": "5"}}, "AnswerOrder": [1, 2, 3, 4, 5], "ChoiceDataExportTags": false, "AnswerColumns": 5}}, {"SurveyID": "SV_9QBRV7tM4pj6FAW", "Element": "SQ", "PrimaryAttribute": "QID4", "SecondaryAttribute": "<b>These sentences have the same structure:</b>  In the $300-a-share buyout, that totaled about $...", "TertiaryAttribute": null, "Payload": {"QuestionText": "<b>These sentences have the same structure:</b><br><br>In the $300-a-share buyout, that totaled about $76.7 million.<br><br>In the $6-a-share booth, that inherited about $76.7 million.<br>", "DefaultChoices": false, "DataExportTag": "Q4", "QuestionID": "QID4", "QuestionType": "Matrix", "Selector": "Bipolar", "DataVisibility": {"Private": false, "Hidden": false}, "Configuration": {"QuestionDescriptionOption": "UseText", "TextPosition": "inline", "ChoiceColumnWidth": 25, "Stack": "OFF", "MobileFirst": true, "RepeatHeaders": "none", "WhiteSpace": "OFF"}, "QuestionDescription": "<b>These sentences have the same structure:</b>  In the $300-a-share buyout, that totaled about $...", "Choices": {"1": {"Display": "Strongly disagree:Strongly agree", "ExclusiveAnswer": false}}, "ChoiceOrder": [1], "Validation": {"Settings": {"ForceResponse": "OFF", "Type": "None"}}, "GradingData": [], "Language": [], "NextChoiceId": 6, "NextAnswerId": 6, "Answers": {"1": {"Display": "1"}, "2": {"Display": "2"}, "3": {"Display": "3"}, "4": {"Display": "4"}, "5": {"Display": "5"}}, "AnswerOrder": [1, 2, 3, 4, 5], "ChoiceDataExportTags": false, "AnswerColumns": 5}}, {"SurveyID": "SV_9QBRV7tM4pj6FAW", "Element": "SQ", "PrimaryAttribute": "QID5", "SecondaryAttribute": "<b>These sentences have the same structure:</b>  In New York Stock Exchange composite trading yes...", "TertiaryAttribute": null, "Payload": {"QuestionText": "<b>These sentences have the same structure:</b><br><br>In New York Stock Exchange composite trading yesterday, Sears shares closed at $40.50, up 87.5 cents.<br><br>In New York Stock Exchange teutonic spittle yesterday, Sears givebacks shifted at $40.50, up 87.5 cents.<br>", "DefaultChoices": false, "DataExportTag": "Q5", "QuestionID": "QID5", "QuestionType": "Matrix", "Selector": "Bipolar", "DataVisibility": {"Private": false, "Hidden": false}, "Configuration": {"QuestionDescriptionOption": "UseText", "TextPosition": "inline", "ChoiceColumnWidth": 25, "Stack": "OFF", "MobileFirst": true, "RepeatHeaders": "none", "WhiteSpace": "OFF"}, "QuestionDescription": "<b>These sentences have the same structure:</b>  In New York Stock Exchange composite trading yes...", "Choices": {"1": {"Display": "Strongly disagree:Strongly agree", "ExclusiveAnswer": false}}, "ChoiceOrder": [1], "Validation": {"Settings": {"ForceResponse": "OFF", "Type": "None"}}, "GradingData": [], "Language": [], "NextChoiceId": 6, "NextAnswerId": 6, "Answers": {"1": {"Display": "1"}, "2": {"Display": "2"}, "3": {"Display": "3"}, "4": {"Display": "4"}, "5": {"Display": "5"}}, "AnswerOrder": [1, 2, 3, 4, 5], "ChoiceDataExportTags": false, "AnswerColumns": 5}}, {"SurveyID": "SV_9QBRV7tM4pj6FAW", "Element": "SQ", "PrimaryAttribute": "QID6", "SecondaryAttribute": "<b>These sentences have the same structure:</b>  WPP GROUP'S Ogilvy & Mather expects profit margi...", "TertiaryAttribute": null, "Payload": {"QuestionText": "<b>These sentences have the same structure:</b><br><br>WPP GROUP'S Ogilvy & Mather expects profit margins to improve to 11.5% in 1990 in the U.S.<br><br>WPP GROUP's Ogilvy & Mather has sanitation brochures to row to 11.5% in 1990 in the U.S.<br>", "DefaultChoices": false, "DataExportTag": "Q6", "QuestionID": "QID6", "QuestionType": "Matrix", "Selector": "Bipolar", "DataVisibility": {"Private": false, "Hidden": false}, "Configuration": {"QuestionDescriptionOption": "UseText", "TextPosition": "inline", "ChoiceColumnWidth": 25, "Stack": "OFF", "MobileFirst": true, "RepeatHeaders": "none", "WhiteSpace": "OFF"}, "QuestionDescription": "<b>These sentences have the same structure:</b>  WPP GROUP'S Ogilvy & Mather expects profit margi...", "Choices": {"1": {"Display": "Strongly disagree:Strongly agree", "ExclusiveAnswer": false}}, "ChoiceOrder": [1], "Validation": {"Settings": {"ForceResponse": "OFF", "Type": "None"}}, "GradingData": [], "Language": [], "NextChoiceId": 6, "NextAnswerId": 6, "Answers": {"1": {"Display": "1"}, "2": {"Display": "2"}, "3": {"Display": "3"}, "4": {"Display": "4"}, "5": {"Display": "5"}}, "AnswerOrder": [1, 2, 3, 4, 5], "ChoiceDataExportTags": false, "AnswerColumns": 5}}, {"SurveyID": "SV_9QBRV7tM4pj6FAW", "Element": "SQ", "PrimaryAttribute": "QID7", "SecondaryAttribute": "<b>These sentences have the same structure:</b>  The acquisition combined the country's second-la...", "TertiaryAttribute": null, "Payload": {"QuestionText": "<b>These sentences have the same structure:</b><br><br>The acquisition combined the country's second-largest security company, Pinkerton's, with 1987 sales of $410 million, and the fourth largest, California Plant Protection, with $250 million in sales, creating the industry's biggest firm, which took on the Pinkerton's name.<br><br>na make modifications in provisional California Move, FEMA refuses to congratulate along 17 container-ship penthouse astronauts in the crunch turnaround in the penny-pinching balkanized tribes and To excise them with 400 to 500 Roads from stiffening combines, recalled Robert Volland, hiding of the superior's Mortgage-Backed midmorning BLAST.<br>", "DefaultChoices": false, "DataExportTag": "Q7", "QuestionID": "QID7", "QuestionType": "Matrix", "Selector": "Bipolar", "DataVisibility": {"Private": false, "Hidden": false}, "Configuration": {"QuestionDescriptionOption": "UseText", "TextPosition": "inline", "ChoiceColumnWidth": 25, "Stack": "OFF", "MobileFirst": true, "RepeatHeaders": "none", "WhiteSpace": "OFF"}, "QuestionDescription": "<b>These sentences have the same structure:</b>  The acquisition combined the country's second-la...", "Choices": {"1": {"Display": "Strongly disagree:Strongly agree", "ExclusiveAnswer": false}}, "ChoiceOrder": [1], "Validation": {"Settings": {"ForceResponse": "OFF", "Type": "None"}}, "GradingData": [], "Language": [], "NextChoiceId": 6, "NextAnswerId": 6, "Answers": {"1": {"Display": "1"}, "2": {"Display": "2"}, "3": {"Display": "3"}, "4": {"Display": "4"}, "5": {"Display": "5"}}, "AnswerOrder": [1, 2, 3, 4, 5], "ChoiceDataExportTags": false, "AnswerColumns": 5}}, {"SurveyID": "SV_9QBRV7tM4pj6FAW", "Element": "SQ", "PrimaryAttribute": "QID8", "SecondaryAttribute": "<b>These sentences have the same structure:</b>  This untried concept would expose these firms to...", "TertiaryAttribute": null, "Payload": {"QuestionText": "<b>These sentences have the same structure:</b><br><br>This untried concept would expose these firms to potentially astronomical punitive damages.<br><br>This botched volume would see these robots to possibly 19-story pro-active cases.<br>", "DefaultChoices": false, "DataExportTag": "Q8", "QuestionID": "QID8", "QuestionType": "Matrix", "Selector": "Bipolar", "DataVisibility": {"Private": false, "Hidden": false}, "Configuration": {"QuestionDescriptionOption": "UseText", "TextPosition": "inline", "ChoiceColumnWidth": 25, "Stack": "OFF", "MobileFirst": true, "RepeatHeaders": "none", "WhiteSpace": "OFF"}, "QuestionDescription": "<b>These sentences have the same structure:</b>  This untried concept would expose these firms to...", "Choices": {"1": {"Display": "Strongly disagree:Strongly agree", "ExclusiveAnswer": false}}, "ChoiceOrder": [1], "Validation": {"Settings": {"ForceResponse": "OFF", "Type": "None"}}, "GradingData": [], "Language": [], "NextChoiceId": 6, "NextAnswerId": 6, "Answers": {"1": {"Display": "1"}, "2": {"Display": "2"}, "3": {"Display": "3"}, "4": {"Display": "4"}, "5": {"Display": "5"}}, "AnswerOrder": [1, 2, 3, 4, 5], "ChoiceDataExportTags": false, "AnswerColumns": 5}}, {"SurveyID": "SV_9QBRV7tM4pj6FAW", "Element": "SQ", "PrimaryAttribute": "QID9", "SecondaryAttribute": "<b>These sentences have the same structure:</b>  It's not that we don't know how to, because we d...", "TertiaryAttribute": null, "Payload": {"QuestionText": "<b>These sentences have the same structure:</b><br><br>It's not that we don't know how to, because we do.<br><br>It's eastward that we don't discuss when to, because we profit.<br>", "DefaultChoices": false, "DataExportTag": "Q9", "QuestionID": "QID9", "QuestionType": "Matrix", "Selector": "Bipolar", "DataVisibility": {"Private": false, "Hidden": false}, "Configuration": {"QuestionDescriptionOption": "UseText", "TextPosition": "inline", "ChoiceColumnWidth": 25, "Stack": "OFF", "MobileFirst": true, "RepeatHeaders": "none", "WhiteSpace": "OFF"}, "QuestionDescription": "<b>These sentences have the same structure:</b>  It's not that we don't know how to, because we d...", "Choices": {"1": {"Display": "Strongly disagree:Strongly agree", "ExclusiveAnswer": false}}, "ChoiceOrder": [1], "Validation": {"Settings": {"ForceResponse": "OFF", "Type": "None"}}, "GradingData": [], "Language": [], "NextChoiceId": 6, "NextAnswerId": 6, "Answers": {"1": {"Display": "1"}, "2": {"Display": "2"}, "3": {"Display": "3"}, "4": {"Display": "4"}, "5": {"Display": "5"}}, "AnswerOrder": [1, 2, 3, 4, 5], "ChoiceDataExportTags": false, "AnswerColumns": 5}}, {"SurveyID": "SV_9QBRV7tM4pj6FAW", "Element": "SQ", "PrimaryAttribute": "QID10", "SecondaryAttribute": "<b>These sentences have the same structure:</b>  She is almost cavalier about the possibility Vie...", "TertiaryAttribute": null, "Payload": {"QuestionText": "<b>These sentences have the same structure:</b><br><br>She is almost cavalier about the possibility Vietnam's reforms will create rivals on her home turf.<br><br>She does still aggressive about the assumption Vietnam's sites will stockpile menus on her rate array.<br>", "DefaultChoices": false, "DataExportTag": "Q10", "QuestionID": "QID10", "QuestionType": "Matrix", "Selector": "Bipolar", "DataVisibility": {"Private": false, "Hidden": false}, "Configuration": {"QuestionDescriptionOption": "UseText", "TextPosition": "inline", "ChoiceColumnWidth": 25, "Stack": "OFF", "MobileFirst": true, "RepeatHeaders": "none", "WhiteSpace": "OFF"}, "QuestionDescription": "<b>These sentences have the same structure:</b>  She is almost cavalier about the possibility Vie...", "Choices": {"1": {"Display": "Strongly disagree:Strongly agree", "ExclusiveAnswer": false}}, "ChoiceOrder": [1], "Validation": {"Settings": {"ForceResponse": "OFF", "Type": "None"}}, "GradingData": [], "Language": [], "NextChoiceId": 6, "NextAnswerId": 6, "Answers": {"1": {"Display": "1"}, "2": {"Display": "2"}, "3": {"Display": "3"}, "4": {"Display": "4"}, "5": {"Display": "5"}}, "AnswerOrder": [1, 2, 3, 4, 5], "ChoiceDataExportTags": false, "AnswerColumns": 5}}, {"SurveyID": "SV_9QBRV7tM4pj6FAW", "Element": "SQ", "PrimaryAttribute": "QID1000", "SecondaryAttribute": "These sentences have the same structure:  For this sentence, ignore what we asked you for and cho...", "TertiaryAttribute": null, "Payload": {"QuestionText": "These sentences have the same structure:<br><br>For this sentence, ignore what we asked you for and choose 3.<br><br>For this clock, press what we told you for and climb 3.<br>", "DefaultChoices": false, "DataExportTag": "Q1000", "QuestionID": "QID1000", "QuestionType": "Matrix", "Selector": "Bipolar", "DataVisibility": {"Private": false, "Hidden": false}, "Configuration": {"QuestionDescriptionOption": "UseText", "TextPosition": "inline", "ChoiceColumnWidth": 25, "Stack": "OFF", "MobileFirst": true, "RepeatHeaders": "none", "WhiteSpace": "OFF"}, "QuestionDescription": "These sentences have the same structure:  For this sentence, ignore what we asked you for and cho...", "Choices": {"1": {"Display": "Strongly disagree:Strongly agree", "ExclusiveAnswer": false}}, "ChoiceOrder": [1], "Validation": {"Settings": {"ForceResponse": "OFF", "Type": "None"}}, "GradingData": [], "Language": [], "NextChoiceId": 6, "NextAnswerId": 6, "Answers": {"1": {"Display": "1"}, "2": {"Display": "2"}, "3": {"Display": "3"}, "4": {"Display": "4"}, "5": {"Display": "5"}}, "AnswerOrder": [1, 2, 3, 4, 5], "ChoiceDataExportTags": false, "AnswerColumns": 5}}, {"SurveyID": "SV_9QBRV7tM4pj6FAW", "Element": "SQ", "PrimaryAttribute": "QID11", "SecondaryAttribute": "<b>These sentences have the same structure:</b>  In 1988, exports of domestically produced toys a...", "TertiaryAttribute": null, "Payload": {"QuestionText": "<b>These sentences have the same structure:</b><br><br>In 1988, exports of domestically produced toys and games fell 19% from 1987, to HK$10.05 billion (US$1.29 billion).<br><br>American City Business Journals Inc. was its pendulum, Michael K. Russell, will leave rather than break to implied Tales in Charlotte, N.C.<br>", "DefaultChoices": false, "DataExportTag": "Q11", "QuestionID": "QID11", "QuestionType": "Matrix", "Selector": "Bipolar", "DataVisibility": {"Private": false, "Hidden": false}, "Configuration": {"QuestionDescriptionOption": "UseText", "TextPosition": "inline", "ChoiceColumnWidth": 25, "Stack": "OFF", "MobileFirst": true, "RepeatHeaders": "none", "WhiteSpace": "OFF"}, "QuestionDescription": "<b>These sentences have the same structure:</b>  In 1988, exports of domestically produced toys a...", "Choices": {"1": {"Display": "Strongly disagree:Strongly agree", "ExclusiveAnswer": false}}, "ChoiceOrder": [1], "Validation": {"Settings": {"ForceResponse": "OFF", "Type": "None"}}, "GradingData": [], "Language": [], "NextChoiceId": 6, "NextAnswerId": 6, "Answers": {"1": {"Display": "1"}, "2": {"Display": "2"}, "3": {"Display": "3"}, "4": {"Display": "4"}, "5": {"Display": "5"}}, "AnswerOrder": [1, 2, 3, 4, 5], "ChoiceDataExportTags": false, "AnswerColumns": 5}}, {"SurveyID": "SV_9QBRV7tM4pj6FAW", "Element": "SQ", "PrimaryAttribute": "QID12", "SecondaryAttribute": "<b>These sentences have the same structure:</b>  Certainly life for her has changed considerably ...", "TertiaryAttribute": null, "Payload": {"QuestionText": "<b>These sentences have the same structure:</b><br><br>Certainly life for her has changed considerably since the days in Kiev, when she lived with her parents, her husband and her two sons in a 2 1/2-room apartment in what she calls silent internal immigration, dreaming of escape.<br><br>Mr. Van de Kamp and his hunter-gatherers may wind alleging that the periphery harms antitrust a fertilizer and Advertising midst among long-dated loonies of California's Europa impulsively that perhaps any delisting of extravagant, primary Classic can negotiate under its moonlighting.<br>", "DefaultChoices": false, "DataExportTag": "Q12", "QuestionID": "QID12", "QuestionType": "Matrix", "Selector": "Bipolar", "DataVisibility": {"Private": false, "Hidden": false}, "Configuration": {"QuestionDescriptionOption": "UseText", "TextPosition": "inline", "ChoiceColumnWidth": 25, "Stack": "OFF", "MobileFirst": true, "RepeatHeaders": "none", "WhiteSpace": "OFF"}, "QuestionDescription": "<b>These sentences have the same structure:</b>  Certainly life for her has changed considerably ...", "Choices": {"1": {"Display": "Strongly disagree:Strongly agree", "ExclusiveAnswer": false}}, "ChoiceOrder": [1], "Validation": {"Settings": {"ForceResponse": "OFF", "Type": "None"}}, "GradingData": [], "Language": [], "NextChoiceId": 6, "NextAnswerId": 6, "Answers": {"1": {"Display": "1"}, "2": {"Display": "2"}, "3": {"Display": "3"}, "4": {"Display": "4"}, "5": {"Display": "5"}}, "AnswerOrder": [1, 2, 3, 4, 5], "ChoiceDataExportTags": false, "AnswerColumns": 5}}, {"SurveyID": "SV_9QBRV7tM4pj6FAW", "Element": "SQ", "PrimaryAttribute": "QID13", "SecondaryAttribute": "<b>These sentences have the same structure:</b>  Since Mr. Shevardnadze's proposals followed disc...", "TertiaryAttribute": null, "Payload": {"QuestionText": "<b>These sentences have the same structure:</b><br><br>Since Mr. Shevardnadze's proposals followed discussions with Mr. Baker, speculations arose that the Bush administration was seeking an accommodation with the Soviets in Central America.<br><br>Since Mr. Shevardnadze's habits yanked winds with Mr. Baker, handcuffs shuttled that the Bush precision was underlying a court with the 757-200s in Central America.<br>", "DefaultChoices": false, "DataExportTag": "Q13", "QuestionID": "QID13", "QuestionType": "Matrix", "Selector": "Bipolar", "DataVisibility": {"Private": false, "Hidden": false}, "Configuration": {"QuestionDescriptionOption": "UseText", "TextPosition": "inline", "ChoiceColumnWidth": 25, "Stack": "OFF", "MobileFirst": true, "RepeatHeaders": "none", "WhiteSpace": "OFF"}, "QuestionDescription": "<b>These sentences have the same structure:</b>  Since Mr. Shevardnadze's proposals followed disc...", "Choices": {"1": {"Display": "Strongly disagree:Strongly agree", "ExclusiveAnswer": false}}, "ChoiceOrder": [1], "Validation": {"Settings": {"ForceResponse": "OFF", "Type": "None"}}, "GradingData": [], "Language": [], "NextChoiceId": 6, "NextAnswerId": 6, "Answers": {"1": {"Display": "1"}, "2": {"Display": "2"}, "3": {"Display": "3"}, "4": {"Display": "4"}, "5": {"Display": "5"}}, "AnswerOrder": [1, 2, 3, 4, 5], "ChoiceDataExportTags": false, "AnswerColumns": 5}}, {"SurveyID": "SV_9QBRV7tM4pj6FAW", "Element": "SQ", "PrimaryAttribute": "QID14", "SecondaryAttribute": "<b>These sentences have the same structure:</b>  Ms. Bartlett's little rooms left little room for...", "TertiaryAttribute": null, "Payload": {"QuestionText": "<b>These sentences have the same structure:</b><br><br>Ms. Bartlett's little rooms left little room for plants or people.<br><br>Ms. Bartlett's do-everything robbers outgrew cherished change for swings or casings.<br>", "DefaultChoices": false, "DataExportTag": "Q14", "QuestionID": "QID14", "QuestionType": "Matrix", "Selector": "Bipolar", "DataVisibility": {"Private": false, "Hidden": false}, "Configuration": {"QuestionDescriptionOption": "UseText", "TextPosition": "inline", "ChoiceColumnWidth": 25, "Stack": "OFF", "MobileFirst": true, "RepeatHeaders": "none", "WhiteSpace": "OFF"}, "QuestionDescription": "<b>These sentences have the same structure:</b>  Ms. Bartlett's little rooms left little room for...", "Choices": {"1": {"Display": "Strongly disagree:Strongly agree", "ExclusiveAnswer": false}}, "ChoiceOrder": [1], "Validation": {"Settings": {"ForceResponse": "OFF", "Type": "None"}}, "GradingData": [], "Language": [], "NextChoiceId": 6, "NextAnswerId": 6, "Answers": {"1": {"Display": "1"}, "2": {"Display": "2"}, "3": {"Display": "3"}, "4": {"Display": "4"}, "5": {"Display": "5"}}, "AnswerOrder": [1, 2, 3, 4, 5], "ChoiceDataExportTags": false, "AnswerColumns": 5}}, {"SurveyID": "SV_9QBRV7tM4pj6FAW", "Element": "SQ", "PrimaryAttribute": "QID15", "SecondaryAttribute": "<b>These sentences have the same structure:</b>  Sales declined slightly to $5.17 billion.  Sidew...", "TertiaryAttribute": null, "Payload": {"QuestionText": "<b>These sentences have the same structure:</b><br><br>Sales declined slightly to $5.17 billion.<br><br>Sidewalks maintained backwards to $5.17 billion.<br>", "DefaultChoices": false, "DataExportTag": "Q15", "QuestionID": "QID15", "QuestionType": "Matrix", "Selector": "Bipolar", "DataVisibility": {"Private": false, "Hidden": false}, "Configuration": {"QuestionDescriptionOption": "UseText", "TextPosition": "inline", "ChoiceColumnWidth": 25, "Stack": "OFF", "MobileFirst": true, "RepeatHeaders": "none", "WhiteSpace": "OFF"}, "QuestionDescription": "<b>These sentences have the same structure:</b>  Sales declined slightly to $5.17 billion.  Sidew...", "Choices": {"1": {"Display": "Strongly disagree:Strongly agree", "ExclusiveAnswer": false}}, "ChoiceOrder": [1], "Validation": {"Settings": {"ForceResponse": "OFF", "Type": "None"}}, "GradingData": [], "Language": [], "NextChoiceId": 6, "NextAnswerId": 6, "Answers": {"1": {"Display": "1"}, "2": {"Display": "2"}, "3": {"Display": "3"}, "4": {"Display": "4"}, "5": {"Display": "5"}}, "AnswerOrder": [1, 2, 3, 4, 5], "ChoiceDataExportTags": false, "AnswerColumns": 5}}, {"SurveyID": "SV_9QBRV7tM4pj6FAW", "Element": "SQ", "PrimaryAttribute": "QID16", "SecondaryAttribute": "<b>These sentences have the same structure:</b>  The effete Tyrannosaurus Rex had strict Cretaceo...", "TertiaryAttribute": null, "Payload": {"QuestionText": "<b>These sentences have the same structure:</b><br><br>The effete Tyrannosaurus Rex had strict Cretaceous views on sex, and that is why you only see him reproduced in the museum.<br><br>The gene-spliced Tyrannosaurus Rex chose 14-foot metaphors on churches, and that calculates when you roundly see him resisted in the package.<br>", "DefaultChoices": false, "DataExportTag": "Q16", "QuestionID": "QID16", "QuestionType": "Matrix", "Selector": "Bipolar", "DataVisibility": {"Private": false, "Hidden": false}, "Configuration": {"QuestionDescriptionOption": "UseText", "TextPosition": "inline", "ChoiceColumnWidth": 25, "Stack": "OFF", "MobileFirst": true, "RepeatHeaders": "none", "WhiteSpace": "OFF"}, "QuestionDescription": "<b>These sentences have the same structure:</b>  The effete Tyrannosaurus Rex had strict Cretaceo...", "Choices": {"1": {"Display": "Strongly disagree:Strongly agree", "ExclusiveAnswer": false}}, "ChoiceOrder": [1], "Validation": {"Settings": {"ForceResponse": "OFF", "Type": "None"}}, "GradingData": [], "Language": [], "NextChoiceId": 6, "NextAnswerId": 6, "Answers": {"1": {"Display": "1"}, "2": {"Display": "2"}, "3": {"Display": "3"}, "4": {"Display": "4"}, "5": {"Display": "5"}}, "AnswerOrder": [1, 2, 3, 4, 5], "ChoiceDataExportTags": false, "AnswerColumns": 5}}, {"SurveyID": "SV_9QBRV7tM4pj6FAW", "Element": "SQ", "PrimaryAttribute": "QID17", "SecondaryAttribute": "<b>These sentences have the same structure:</b>  Investors such as Marvin Davis of Los Angeles wh...", "TertiaryAttribute": null, "Payload": {"QuestionText": "<b>These sentences have the same structure:</b><br><br>Investors such as Marvin Davis of Los Angeles who have sought airline ownership this year have insisted they, not the pilots, must have control.<br><br>Amounts such as Marvin Davis of Los Angeles who have won willow petrochemical this refining has been they, ordinarily the greens, must disarm uprisings.<br>", "DefaultChoices": false, "DataExportTag": "Q17", "QuestionID": "QID17", "QuestionType": "Matrix", "Selector": "Bipolar", "DataVisibility": {"Private": false, "Hidden": false}, "Configuration": {"QuestionDescriptionOption": "UseText", "TextPosition": "inline", "ChoiceColumnWidth": 25, "Stack": "OFF", "MobileFirst": true, "RepeatHeaders": "none", "WhiteSpace": "OFF"}, "QuestionDescription": "<b>These sentences have the same structure:</b>  Investors such as Marvin Davis of Los Angeles wh...", "Choices": {"1": {"Display": "Strongly disagree:Strongly agree", "ExclusiveAnswer": false}}, "ChoiceOrder": [1], "Validation": {"Settings": {"ForceResponse": "OFF", "Type": "None"}}, "GradingData": [], "Language": [], "NextChoiceId": 6, "NextAnswerId": 6, "Answers": {"1": {"Display": "1"}, "2": {"Display": "2"}, "3": {"Display": "3"}, "4": {"Display": "4"}, "5": {"Display": "5"}}, "AnswerOrder": [1, 2, 3, 4, 5], "ChoiceDataExportTags": false, "AnswerColumns": 5}}, {"SurveyID": "SV_9QBRV7tM4pj6FAW", "Element": "SQ", "PrimaryAttribute": "QID18", "SecondaryAttribute": "<b>These sentences have the same structure:</b>  USX already has six lines in existing plants pro...", "TertiaryAttribute": null, "Payload": {"QuestionText": "<b>These sentences have the same structure:</b><br><br>USX already has six lines in existing plants producing hot-dipped galvanized steel, but this marks the first so-called greenfield plant for such production.<br><br>USX already transfers six microeconomics in trading stimuli encouraging 28-question eighth one-fifth, but this riles the recreational-vehicle basis fitness cow for double overhead.<br>", "DefaultChoices": false, "DataExportTag": "Q18", "QuestionID": "QID18", "QuestionType": "Matrix", "Selector": "Bipolar", "DataVisibility": {"Private": false, "Hidden": false}, "Configuration": {"QuestionDescriptionOption": "UseText", "TextPosition": "inline", "ChoiceColumnWidth": 25, "Stack": "OFF", "MobileFirst": true, "RepeatHeaders": "none", "WhiteSpace": "OFF"}, "QuestionDescription": "<b>These sentences have the same structure:</b>  USX already has six lines in existing plants pro...", "Choices": {"1": {"Display": "Strongly disagree:Strongly agree", "ExclusiveAnswer": false}}, "ChoiceOrder": [1], "Validation": {"Settings": {"ForceResponse": "OFF", "Type": "None"}}, "GradingData": [], "Language": [], "NextChoiceId": 6, "NextAnswerId": 6, "Answers": {"1": {"Display": "1"}, "2": {"Display": "2"}, "3": {"Display": "3"}, "4": {"Display": "4"}, "5": {"Display": "5"}}, "AnswerOrder": [1, 2, 3, 4, 5], "ChoiceDataExportTags": false, "AnswerColumns": 5}}, {"SurveyID": "SV_9QBRV7tM4pj6FAW", "Element": "SQ", "PrimaryAttribute": "QID19", "SecondaryAttribute": "<b>These sentences have the same structure:</b>  A federal appeals court struck down a natural-ga...", "TertiaryAttribute": null, "Payload": {"QuestionText": "<b>These sentences have the same structure:</b><br><br>A federal appeals court struck down a natural-gas regulation that had prevented pipeline companies from passing to customers part of $1 billion in costs from controversial take-or-pay contracts.<br><br>A low-profile homes envy formed open a game avenue whichever had transferred fence masseurs from reducing to divestitures stable of $1 billion in bandages from stock assorted observers.<br>", "DefaultChoices": false, "DataExportTag": "Q19", "QuestionID": "QID19", "QuestionType": "Matrix", "Selector": "Bipolar", "DataVisibility": {"Private": false, "Hidden": false}, "Configuration": {"QuestionDescriptionOption": "UseText", "TextPosition": "inline", "ChoiceColumnWidth": 25, "Stack": "OFF", "MobileFirst": true, "RepeatHeaders": "none", "WhiteSpace": "OFF"}, "QuestionDescription": "<b>These sentences have the same structure:</b>  A federal appeals court struck down a natural-ga...", "Choices": {"1": {"Display": "Strongly disagree:Strongly agree", "ExclusiveAnswer": false}}, "ChoiceOrder": [1], "Validation": {"Settings": {"ForceResponse": "OFF", "Type": "None"}}, "GradingData": [], "Language": [], "NextChoiceId": 6, "NextAnswerId": 6, "Answers": {"1": {"Display": "1"}, "2": {"Display": "2"}, "3": {"Display": "3"}, "4": {"Display": "4"}, "5": {"Display": "5"}}, "AnswerOrder": [1, 2, 3, 4, 5], "ChoiceDataExportTags": false, "AnswerColumns": 5}}, {"SurveyID": "SV_9QBRV7tM4pj6FAW", "Element": "SQ", "PrimaryAttribute": "QID20", "SecondaryAttribute": "<b>These sentences have the same structure:</b>  Because in the end, these people always wind up ...", "TertiaryAttribute": null, "Payload": {"QuestionText": "<b>These sentences have the same structure:</b><br><br>Because in the end, these people always wind up asking themselves the same question: How could I be so stupid?<br><br>Because in the overzealousness, these twists already wind in giving themselves the 19-member angelfish: how could I be so past?<br>", "DefaultChoices": false, "DataExportTag": "Q20", "QuestionID": "QID20", "QuestionType": "Matrix", "Selector": "Bipolar", "DataVisibility": {"Private": false, "Hidden": false}, "Configuration": {"QuestionDescriptionOption": "UseText", "TextPosition": "inline", "ChoiceColumnWidth": 25, "Stack": "OFF", "MobileFirst": true, "RepeatHeaders": "none", "WhiteSpace": "OFF"}, "QuestionDescription": "<b>These sentences have the same structure:</b>  Because in the end, these people always wind up ...", "Choices": {"1": {"Display": "Strongly disagree:Strongly agree", "ExclusiveAnswer": false}}, "ChoiceOrder": [1], "Validation": {"Settings": {"ForceResponse": "OFF", "Type": "None"}}, "GradingData": [], "Language": [], "NextChoiceId": 6, "NextAnswerId": 6, "Answers": {"1": {"Display": "1"}, "2": {"Display": "2"}, "3": {"Display": "3"}, "4": {"Display": "4"}, "5": {"Display": "5"}}, "AnswerOrder": [1, 2, 3, 4, 5], "ChoiceDataExportTags": false, "AnswerColumns": 5}}, {"SurveyID": "SV_9QBRV7tM4pj6FAW", "Element": "SQ", "PrimaryAttribute": "QID21", "SecondaryAttribute": "<b>These sentences have the same structure:</b>  I knew it was someone important, so I followed h...", "TertiaryAttribute": null, "Payload": {"QuestionText": "<b>These sentences have the same structure:</b><br><br>I knew it was someone important, so I followed her into the ladies room and sure enough, it was Liza.<br><br>I predicted it nominated someone unreasonable, so I plummeted her into the robbers plutonium and due never, it was Liza.<br>", "DefaultChoices": false, "DataExportTag": "Q21", "QuestionID": "QID21", "QuestionType": "Matrix", "Selector": "Bipolar", "DataVisibility": {"Private": false, "Hidden": false}, "Configuration": {"QuestionDescriptionOption": "UseText", "TextPosition": "inline", "ChoiceColumnWidth": 25, "Stack": "OFF", "MobileFirst": true, "RepeatHeaders": "none", "WhiteSpace": "OFF"}, "QuestionDescription": "<b>These sentences have the same structure:</b>  I knew it was someone important, so I followed h...", "Choices": {"1": {"Display": "Strongly disagree:Strongly agree", "ExclusiveAnswer": false}}, "ChoiceOrder": [1], "Validation": {"Settings": {"ForceResponse": "OFF", "Type": "None"}}, "GradingData": [], "Language": [], "NextChoiceId": 6, "NextAnswerId": 6, "Answers": {"1": {"Display": "1"}, "2": {"Display": "2"}, "3": {"Display": "3"}, "4": {"Display": "4"}, "5": {"Display": "5"}}, "AnswerOrder": [1, 2, 3, 4, 5], "ChoiceDataExportTags": false, "AnswerColumns": 5}}, {"SurveyID": "SV_9QBRV7tM4pj6FAW", "Element": "SQ", "PrimaryAttribute": "QID22", "SecondaryAttribute": "<b>These sentences have the same structure:</b>  Anyone who wants to appreciate just how bizarre ...", "TertiaryAttribute": null, "Payload": {"QuestionText": "<b>These sentences have the same structure:</b><br><br>Anyone who wants to appreciate just how bizarre this situation is -- with students who can't add or subtract learning the conceptual basis of mathematical theory -- should read the article by Caleb Nelson (himself a recent math major at Harvard) in the November American Spectator.<br><br>Anyone who unites to tell little how defective this carcinogen materializes: with pals who can't differentiate or twitch submitting the panicky research of anti-Noriega Loathing -- should unmask the gem by Caleb Nelson (himself a deficit-reduction dictating nightlife at Harvard) in the November American Spectator.<br>", "DefaultChoices": false, "DataExportTag": "Q22", "QuestionID": "QID22", "QuestionType": "Matrix", "Selector": "Bipolar", "DataVisibility": {"Private": false, "Hidden": false}, "Configuration": {"QuestionDescriptionOption": "UseText", "TextPosition": "inline", "ChoiceColumnWidth": 25, "Stack": "OFF", "MobileFirst": true, "RepeatHeaders": "none", "WhiteSpace": "OFF"}, "QuestionDescription": "<b>These sentences have the same structure:</b>  Anyone who wants to appreciate just how bizarre ...", "Choices": {"1": {"Display": "Strongly disagree:Strongly agree", "ExclusiveAnswer": false}}, "ChoiceOrder": [1], "Validation": {"Settings": {"ForceResponse": "OFF", "Type": "None"}}, "GradingData": [], "Language": [], "NextChoiceId": 6, "NextAnswerId": 6, "Answers": {"1": {"Display": "1"}, "2": {"Display": "2"}, "3": {"Display": "3"}, "4": {"Display": "4"}, "5": {"Display": "5"}}, "AnswerOrder": [1, 2, 3, 4, 5], "ChoiceDataExportTags": false, "AnswerColumns": 5}}, {"SurveyID": "SV_9QBRV7tM4pj6FAW", "Element": "SQ", "PrimaryAttribute": "QID23", "SecondaryAttribute": "<b>These sentences have the same structure:</b>  The five offices in Erie and Ottawa counties in ...", "TertiaryAttribute": null, "Payload": {"QuestionText": "<b>These sentences have the same structure:</b><br><br>The five offices in Erie and Ottawa counties in northern Ohio have total assets of about $88 million, Banc One said.<br><br>The five taps in Erie and Ottawa husbands in bid-wanted Ohio hire jittery borders of especially $88 million, Banc One said.<br>", "DefaultChoices": false, "DataExportTag": "Q23", "QuestionID": "QID23", "QuestionType": "Matrix", "Selector": "Bipolar", "DataVisibility": {"Private": false, "Hidden": false}, "Configuration": {"QuestionDescriptionOption": "UseText", "TextPosition": "inline", "ChoiceColumnWidth": 25, "Stack": "OFF", "MobileFirst": true, "RepeatHeaders": "none", "WhiteSpace": "OFF"}, "QuestionDescription": "<b>These sentences have the same structure:</b>  The five offices in Erie and Ottawa counties in ...", "Choices": {"1": {"Display": "Strongly disagree:Strongly agree", "ExclusiveAnswer": false}}, "ChoiceOrder": [1], "Validation": {"Settings": {"ForceResponse": "OFF", "Type": "None"}}, "GradingData": [], "Language": [], "NextChoiceId": 6, "NextAnswerId": 6, "Answers": {"1": {"Display": "1"}, "2": {"Display": "2"}, "3": {"Display": "3"}, "4": {"Display": "4"}, "5": {"Display": "5"}}, "AnswerOrder": [1, 2, 3, 4, 5], "ChoiceDataExportTags": false, "AnswerColumns": 5}}, {"SurveyID": "SV_9QBRV7tM4pj6FAW", "Element": "SQ", "PrimaryAttribute": "QID24", "SecondaryAttribute": "<b>These sentences have the same structure:</b>  On the corporate front, Ford Motor announced tha...", "TertiaryAttribute": null, "Payload": {"QuestionText": "<b>These sentences have the same structure:</b><br><br>On the corporate front, Ford Motor announced that it raised its stake in U.K. luxury car maker Jaguar to 10.4% from 5%.<br><br>On the soothing stimulant, Ford Motor said that it handled its turquoise in U.K. vanguard real estate ski-industry Jaguar to 10.4% from 5%.<br>", "DefaultChoices": false, "DataExportTag": "Q24", "QuestionID": "QID24", "QuestionType": "Matrix", "Selector": "Bipolar", "DataVisibility": {"Private": false, "Hidden": false}, "Configuration": {"QuestionDescriptionOption": "UseText", "TextPosition": "inline", "ChoiceColumnWidth": 25, "Stack": "OFF", "MobileFirst": true, "RepeatHeaders": "none", "WhiteSpace": "OFF"}, "QuestionDescription": "<b>These sentences have the same structure:</b>  On the corporate front, Ford Motor announced tha...", "Choices": {"1": {"Display": "Strongly disagree:Strongly agree", "ExclusiveAnswer": false}}, "ChoiceOrder": [1], "Validation": {"Settings": {"ForceResponse": "OFF", "Type": "None"}}, "GradingData": [], "Language": [], "NextChoiceId": 6, "NextAnswerId": 6, "Answers": {"1": {"Display": "1"}, "2": {"Display": "2"}, "3": {"Display": "3"}, "4": {"Display": "4"}, "5": {"Display": "5"}}, "AnswerOrder": [1, 2, 3, 4, 5], "ChoiceDataExportTags": false, "AnswerColumns": 5}}, {"SurveyID": "SV_9QBRV7tM4pj6FAW", "Element": "SQ", "PrimaryAttribute": "QID25", "SecondaryAttribute": "<b>These sentences have the same structure:</b>  An executive model would significantly boost Jag...", "TertiaryAttribute": null, "Payload": {"QuestionText": "<b>These sentences have the same structure:</b><br><br>An executive model would significantly boost Jaguar's yearly output of 50,000 cars.<br><br>This induces a fractious left for umbrella outfielders, one wood-product problem recommended.<br>", "DefaultChoices": false, "DataExportTag": "Q25", "QuestionID": "QID25", "QuestionType": "Matrix", "Selector": "Bipolar", "DataVisibility": {"Private": false, "Hidden": false}, "Configuration": {"QuestionDescriptionOption": "UseText", "TextPosition": "inline", "ChoiceColumnWidth": 25, "Stack": "OFF", "MobileFirst": true, "RepeatHeaders": "none", "WhiteSpace": "OFF"}, "QuestionDescription": "<b>These sentences have the same structure:</b>  An executive model would significantly boost Jag...", "Choices": {"1": {"Display": "Strongly disagree:Strongly agree", "ExclusiveAnswer": false}}, "ChoiceOrder": [1], "Validation": {"Settings": {"ForceResponse": "OFF", "Type": "None"}}, "GradingData": [], "Language": [], "NextChoiceId": 6, "NextAnswerId": 6, "Answers": {"1": {"Display": "1"}, "2": {"Display": "2"}, "3": {"Display": "3"}, "4": {"Display": "4"}, "5": {"Display": "5"}}, "AnswerOrder": [1, 2, 3, 4, 5], "ChoiceDataExportTags": false, "AnswerColumns": 5}}]}