{"SurveyEntry": {"SurveyID": "SV_9QBRV7tM4pj6FAW", "SurveyName": "test", "SurveyDescription": null, "SurveyOwnerID": "UR_6xwvJq0siaEd4p0", "SurveyBrandID": "umd", "DivisionID": null, "SurveyLanguage": "EN", "SurveyActiveResponseSet": "RS_7TYDTfnAxCQKThI", "SurveyStatus": "Inactive", "SurveyStartDate": "0000-00-00 00:00:00", "SurveyExpirationDate": "0000-00-00 00:00:00", "SurveyCreationDate": "2024-10-09 11:32:23", "CreatorID": "UR_6xwvJq0siaEd4p0", "LastModified": "2024-10-09 11:34:53", "LastAccessed": "0000-00-00 00:00:00", "LastActivated": "0000-00-00 00:00:00", "Deleted": null}, "SurveyElements": [{"SurveyID": "SV_9QBRV7tM4pj6FAW", "Element": "BL", "PrimaryAttribute": "Survey Blocks", "SecondaryAttribute": null, "TertiaryAttribute": null, "Payload": [{"Type": "Standard", "SubType": "", "Description": "Block 1", "ID": "BL_cwQ02aCxtqbI6mW", "BlockElements": [{"Type": "Question", "QuestionID": "QIDIntro", "SkipLogic": [{"SkipLogicID": 1, "ChoiceLocator": "q://QIDIntro/SelectableChoice/2", "Condition": "Selected", "SkipToDestination": "ENDOFSURVEY", "Locator": "q://QIDIntro/SelectableChoice/2", "SkipToDescription": "During this study, you will... <strong>No</strong>  <strong>Is Selected</strong>", "Description": "Condition: <strong title=\"No\">No</strong> <strong>Is Selected</strong>. Skip To: <strong>End of Survey</strong>.", "QuestionID": "QIDIntro"}]}]}, {"Type": "Standard", "Description": "BL_QID1", "ID": "BL_QID1", "BlockElements": [{"Type": "Question", "QuestionID": "QID1"}]}, {"Type": "Standard", "Description": "BL_QID2", "ID": "BL_QID2", "BlockElements": [{"Type": "Question", "QuestionID": "QID2"}]}, {"Type": "Standard", "Description": "BL_QID3", "ID": "BL_QID3", "BlockElements": [{"Type": "Question", "QuestionID": "QID3"}]}, {"Type": "Standard", "Description": "BL_QID4", "ID": "BL_QID4", "BlockElements": [{"Type": "Question", "QuestionID": "QID4"}]}, {"Type": "Standard", "Description": "BL_QID5", "ID": "BL_QID5", "BlockElements": [{"Type": "Question", "QuestionID": "QID5"}]}, {"Type": "Standard", "Description": "BL_QID6", "ID": "BL_QID6", "BlockElements": [{"Type": "Question", "QuestionID": "QID6"}]}, {"Type": "Standard", "Description": "BL_QID7", "ID": "BL_QID7", "BlockElements": [{"Type": "Question", "QuestionID": "QID7"}]}, {"Type": "Standard", "Description": "BL_QID8", "ID": "BL_QID8", "BlockElements": [{"Type": "Question", "QuestionID": "QID8"}]}, {"Type": "Standard", "Description": "BL_QID9", "ID": "BL_QID9", "BlockElements": [{"Type": "Question", "QuestionID": "QID9"}]}, {"Type": "Standard", "Description": "BL_QID10", "ID": "BL_QID10", "BlockElements": [{"Type": "Question", "QuestionID": "QID10"}]}, {"Type": "Standard", "Description": "BL_QID1000", "ID": "BL_QID1000", "BlockElements": [{"Type": "Question", "QuestionID": "QID1000"}]}, {"Type": "Standard", "Description": "BL_QID11", "ID": "BL_QID11", "BlockElements": [{"Type": "Question", "QuestionID": "QID11"}]}, {"Type": "Standard", "Description": "BL_QID12", "ID": "BL_QID12", "BlockElements": [{"Type": "Question", "QuestionID": "QID12"}]}, {"Type": "Standard", "Description": "BL_QID13", "ID": "BL_QID13", "BlockElements": [{"Type": "Question", "QuestionID": "QID13"}]}, {"Type": "Standard", "Description": "BL_QID14", "ID": "BL_QID14", "BlockElements": [{"Type": "Question", "QuestionID": "QID14"}]}, {"Type": "Standard", "Description": "BL_QID15", "ID": "BL_QID15", "BlockElements": [{"Type": "Question", "QuestionID": "QID15"}]}, {"Type": "Standard", "Description": "BL_QID16", "ID": "BL_QID16", "BlockElements": [{"Type": "Question", "QuestionID": "QID16"}]}, {"Type": "Standard", "Description": "BL_QID17", "ID": "BL_QID17", "BlockElements": [{"Type": "Question", "QuestionID": "QID17"}]}, {"Type": "Standard", "Description": "BL_QID18", "ID": "BL_QID18", "BlockElements": [{"Type": "Question", "QuestionID": "QID18"}]}, {"Type": "Standard", "Description": "BL_QID19", "ID": "BL_QID19", "BlockElements": [{"Type": "Question", "QuestionID": "QID19"}]}, {"Type": "Standard", "Description": "BL_QID20", "ID": "BL_QID20", "BlockElements": [{"Type": "Question", "QuestionID": "QID20"}]}, {"Type": "Standard", "Description": "BL_QID21", "ID": "BL_QID21", "BlockElements": [{"Type": "Question", "QuestionID": "QID21"}]}, {"Type": "Standard", "Description": "BL_QID22", "ID": "BL_QID22", "BlockElements": [{"Type": "Question", "QuestionID": "QID22"}]}, {"Type": "Standard", "Description": "BL_QID23", "ID": "BL_QID23", "BlockElements": [{"Type": "Question", "QuestionID": "QID23"}]}, {"Type": "Standard", "Description": "BL_QID24", "ID": "BL_QID24", "BlockElements": [{"Type": "Question", "QuestionID": "QID24"}]}, {"Type": "Standard", "Description": "BL_QID25", "ID": "BL_QID25", "BlockElements": [{"Type": "Question", "QuestionID": "QID25"}]}]}, {"SurveyID": "SV_9QBRV7tM4pj6FAW", "Element": "FL", "PrimaryAttribute": "Survey Flow", "SecondaryAttribute": null, "TertiaryAttribute": null, "Payload": {"Flow": [{"ID": "BL_cwQ02aCxtqbI6mW", "Type": "Standard", "FlowID": "FL_3"}, {"ID": "BL_5vgSjmlPOEPQwuy", "Type": "Block", "FlowID": "FL_2"}, {"ID": "BL_QID1", "Type": "Block", "FlowID": "FL_QID1"}, {"ID": "BL_QID2", "Type": "Block", "FlowID": "FL_QID2"}, {"ID": "BL_QID3", "Type": "Block", "FlowID": "FL_QID3"}, {"ID": "BL_QID4", "Type": "Block", "FlowID": "FL_QID4"}, {"ID": "BL_QID5", "Type": "Block", "FlowID": "FL_QID5"}, {"ID": "BL_QID6", "Type": "Block", "FlowID": "FL_QID6"}, {"ID": "BL_QID7", "Type": "Block", "FlowID": "FL_QID7"}, {"ID": "BL_QID8", "Type": "Block", "FlowID": "FL_QID8"}, {"ID": "BL_QID9", "Type": "Block", "FlowID": "FL_QID9"}, {"ID": "BL_QID10", "Type": "Block", "FlowID": "FL_QID10"}, {"ID": "BL_QID1000", "Type": "Block", "FlowID": "FL_QID1000"}, {"ID": "BL_QID11", "Type": "Block", "FlowID": "FL_QID11"}, {"ID": "BL_QID12", "Type": "Block", "FlowID": "FL_QID12"}, {"ID": "BL_QID13", "Type": "Block", "FlowID": "FL_QID13"}, {"ID": "BL_QID14", "Type": "Block", "FlowID": "FL_QID14"}, {"ID": "BL_QID15", "Type": "Block", "FlowID": "FL_QID15"}, {"ID": "BL_QID16", "Type": "Block", "FlowID": "FL_QID16"}, {"ID": "BL_QID17", "Type": "Block", "FlowID": "FL_QID17"}, {"ID": "BL_QID18", "Type": "Block", "FlowID": "FL_QID18"}, {"ID": "BL_QID19", "Type": "Block", "FlowID": "FL_QID19"}, {"ID": "BL_QID20", "Type": "Block", "FlowID": "FL_QID20"}, {"ID": "BL_QID21", "Type": "Block", "FlowID": "FL_QID21"}, {"ID": "BL_QID22", "Type": "Block", "FlowID": "FL_QID22"}, {"ID": "BL_QID23", "Type": "Block", "FlowID": "FL_QID23"}, {"ID": "BL_QID24", "Type": "Block", "FlowID": "FL_QID24"}, {"ID": "BL_QID25", "Type": "Block", "FlowID": "FL_QID25"}], "Properties": {"Count": 3}, "FlowID": "FL_1", "Type": "Root"}}, {"SurveyID": "SV_9QBRV7tM4pj6FAW", "Element": "PL", "PrimaryAttribute": "Preview Link", "SecondaryAttribute": null, "TertiaryAttribute": null, "Payload": {"PreviewType": "Brand", "PreviewID": "cc2ed0d1-1ed2-4abb-a619-f7f5bd8ef310"}}, {"SurveyID": "SV_9QBRV7tM4pj6FAW", "Element": "SO", "PrimaryAttribute": "Survey Options", "SecondaryAttribute": null, "TertiaryAttribute": null, "Payload": {"BackButton": "false", "SaveAndContinue": "true", "SurveyProtection": "PublicSurvey", "BallotBoxStuffingPrevention": "false", "NoIndex": "Yes", "SecureResponseFiles": "true", "SurveyExpiration": "None", "SurveyTermination": "DefaultMessage", "Header": "", "Footer": "", "ProgressBarDisplay": "None", "PartialData": "+1 week", "ValidationMessage": "", "PreviousButton": "", "NextButton": "", "SurveyTitle": "Qualtrics Survey | Qualtrics Experience Management", "SkinLibrary": "umd", "SkinType": "templated", "Skin": {"brandingId": "3587758998", "templateId": "*base", "overrides": null}, "NewScoring": 1, "SurveyMetaDescription": "The most powerful, simple and trusted way to gather experience data. Start your journey to experience management and try a free account today."}}, {"SurveyID": "SV_9QBRV7tM4pj6FAW", "Element": "SCO", "PrimaryAttribute": "Scoring", "SecondaryAttribute": null, "TertiaryAttribute": null, "Payload": {"ScoringCategories": [], "ScoringCategoryGroups": [], "ScoringSummaryCategory": null, "ScoringSummaryAfterQuestions": 0, "ScoringSummaryAfterSurvey": 0, "DefaultScoringCategory": null, "AutoScoringCategory": null}}, {"SurveyID": "SV_9QBRV7tM4pj6FAW", "Element": "PROJ", "PrimaryAttribute": "CORE", "SecondaryAttribute": null, "TertiaryAttribute": "1.1.0", "Payload": {"ProjectCategory": "CORE", "SchemaVersion": "1.1.0"}}, {"SurveyID": "SV_9QBRV7tM4pj6FAW", "Element": "STAT", "PrimaryAttribute": "Survey Statistics", "SecondaryAttribute": null, "TertiaryAttribute": null, "Payload": {"MobileCompatible": true, "ID": "Survey Statistics"}}, {"SurveyID": "SV_9QBRV7tM4pj6FAW", "Element": "QC", "PrimaryAttribute": "Survey Question Count", "SecondaryAttribute": "2", "TertiaryAttribute": null, "Payload": null}, {"SurveyID": "SV_9QBRV7tM4pj6FAW", "Element": "RS", "PrimaryAttribute": "RS_7TYDTfnAxCQKThI", "SecondaryAttribute": "Default Response Set", "TertiaryAttribute": null, "Payload": null}, {"SurveyID": "SV_9QBRV7tM4pj6FAW", "Element": "SQ", "PrimaryAttribute": "QIDIntro", "SecondaryAttribute": "During this study, you will be presented with two sentences. Your job is to determine whether or...", "TertiaryAttribute": null, "Payload": {"QuestionText": "During this study, you will be presented with two sentences. Your job is to determine whether or not those sentences have the same structure.\n<br><br>For example, you may be presented with:\n<br><br>The chef cooked the ducks and put them on the plate.\n<br>The sidewalk saw the rain and attacked it at the zoo.\n<br><br>These two sentences have the same structure.\n<br><br>Another example is:\n<br><br>The student picked up their backpack and headed to class.\n<br>The blue lamp dropped its carpet while going on top.\n<br><br>The second sentence changes some parts of the structure, adding an adjective before \"lamp\" and removing \"up\" after \"backpack\".\n<br><br>You will have to rate the pairs on a scale from 1 to 5, where 1 means they have completely different structures and 5 means they have identical structures. Try your best to answer each question, but don't spend too long on any one question. <br><br>Do you consent to participate?", "DefaultChoices": false, "DataExportTag": "QIntro", "QuestionType": "MC", "Selector": "SAVR", "SubSelector": "TX", "DataVisibility": {"Private": false, "Hidden": false}, "Configuration": {"QuestionDescriptionOption": "UseText"}, "QuestionDescription": "During this study, you will be presented with two sentences. Your job is to determine whether or...", "Choices": {"1": {"Display": "Yes"}, "2": {"Display": "No"}}, "ChoiceOrder": [1, 2], "Validation": {"Settings": {"ForceResponse": "OFF", "Type": "None"}}, "GradingData": [], "Language": [], "NextChoiceId": 3, "NextAnswerId": 1, "QuestionID": "QIDIntro"}}, {"SurveyID": "SV_9QBRV7tM4pj6FAW", "Element": "SQ", "PrimaryAttribute": "QID1", "SecondaryAttribute": "<b>These sentences have the same structure:</b>  They noted that because the consumer price index...", "TertiaryAttribute": null, "Payload": {"QuestionText": "<b>These sentences have the same structure:</b><br><br>They noted that because the consumer price index, known as the cpi, is a more comprehensive measure of inflation and is rising less rapidly than the producer-price index, or ppi, it could signal further easing by Fed.<br><br>They alleged that because the grievance bill mountaintop, associated as the cpi, accepts a Less unchallenged canvas of peninsula and is trudging more fine than the ill-fated satellite, or ppi, it could update entirely stumbling by Fed.<br>", "DefaultChoices": false, "DataExportTag": "Q1", "QuestionID": "QID1", "QuestionType": "Matrix", "Selector": "Bipolar", "DataVisibility": {"Private": false, "Hidden": false}, "Configuration": {"QuestionDescriptionOption": "UseText", "TextPosition": "inline", "ChoiceColumnWidth": 25, "Stack": "OFF", "MobileFirst": true, "RepeatHeaders": "none", "WhiteSpace": "OFF"}, "QuestionDescription": "<b>These sentences have the same structure:</b>  They noted that because the consumer price index...", "Choices": {"1": {"Display": "Strongly disagree:Strongly agree", "ExclusiveAnswer": false}}, "ChoiceOrder": [1], "Validation": {"Settings": {"ForceResponse": "OFF", "Type": "None"}}, "GradingData": [], "Language": [], "NextChoiceId": 6, "NextAnswerId": 6, "Answers": {"1": {"Display": "1"}, "2": {"Display": "2"}, "3": {"Display": "3"}, "4": {"Display": "4"}, "5": {"Display": "5"}}, "AnswerOrder": [1, 2, 3, 4, 5], "ChoiceDataExportTags": false, "AnswerColumns": 5}}, {"SurveyID": "SV_9QBRV7tM4pj6FAW", "Element": "SQ", "PrimaryAttribute": "QID2", "SecondaryAttribute": "<b>These sentences have the same structure:</b>  I can't think of any reason to join Lloyd 's now...", "TertiaryAttribute": null, "Payload": {"QuestionText": "<b>These sentences have the same structure:</b><br><br>I can't think of any reason to join Lloyd 's now, says Keith Whitten, a British businessman and a Lloyd 's member since 1979.<br><br>I can't grow of any conspiracy to reassure Lloyd 's also, shrugs Keith Whitten, a intact harvesting and a Lloyd 's romance since 1979.<br>", "DefaultChoices": false, "DataExportTag": "Q2", "QuestionID": "QID2", "QuestionType": "Matrix", "Selector": "Bipolar", "DataVisibility": {"Private": false, "Hidden": false}, "Configuration": {"QuestionDescriptionOption": "UseText", "TextPosition": "inline", "ChoiceColumnWidth": 25, "Stack": "OFF", "MobileFirst": true, "RepeatHeaders": "none", "WhiteSpace": "OFF"}, "QuestionDescription": "<b>These sentences have the same structure:</b>  I can't think of any reason to join Lloyd 's now...", "Choices": {"1": {"Display": "Strongly disagree:Strongly agree", "ExclusiveAnswer": false}}, "ChoiceOrder": [1], "Validation": {"Settings": {"ForceResponse": "OFF", "Type": "None"}}, "GradingData": [], "Language": [], "NextChoiceId": 6, "NextAnswerId": 6, "Answers": {"1": {"Display": "1"}, "2": {"Display": "2"}, "3": {"Display": "3"}, "4": {"Display": "4"}, "5": {"Display": "5"}}, "AnswerOrder": [1, 2, 3, 4, 5], "ChoiceDataExportTags": false, "AnswerColumns": 5}}, {"SurveyID": "SV_9QBRV7tM4pj6FAW", "Element": "SQ", "PrimaryAttribute": "QID3", "SecondaryAttribute": "<b>These sentences have the same structure:</b>  Stocks : Volume 126,630,000 shares.  piles : hai...", "TertiaryAttribute": null, "Payload": {"QuestionText": "<b>These sentences have the same structure:</b><br><br>Stocks : Volume 126,630,000 shares.<br><br>piles : hail 126,630,000 futures.<br>", "DefaultChoices": false, "DataExportTag": "Q3", "QuestionID": "QID3", "QuestionType": "Matrix", "Selector": "Bipolar", "DataVisibility": {"Private": false, "Hidden": false}, "Configuration": {"QuestionDescriptionOption": "UseText", "TextPosition": "inline", "ChoiceColumnWidth": 25, "Stack": "OFF", "MobileFirst": true, "RepeatHeaders": "none", "WhiteSpace": "OFF"}, "QuestionDescription": "<b>These sentences have the same structure:</b>  Stocks : Volume 126,630,000 shares.  piles : hai...", "Choices": {"1": {"Display": "Strongly disagree:Strongly agree", "ExclusiveAnswer": false}}, "ChoiceOrder": [1], "Validation": {"Settings": {"ForceResponse": "OFF", "Type": "None"}}, "GradingData": [], "Language": [], "NextChoiceId": 6, "NextAnswerId": 6, "Answers": {"1": {"Display": "1"}, "2": {"Display": "2"}, "3": {"Display": "3"}, "4": {"Display": "4"}, "5": {"Display": "5"}}, "AnswerOrder": [1, 2, 3, 4, 5], "ChoiceDataExportTags": false, "AnswerColumns": 5}}, {"SurveyID": "SV_9QBRV7tM4pj6FAW", "Element": "SQ", "PrimaryAttribute": "QID4", "SecondaryAttribute": "<b>These sentences have the same structure:</b>  But such spots can be too soft.  But such Reason...", "TertiaryAttribute": null, "Payload": {"QuestionText": "<b>These sentences have the same structure:</b><br><br>But such spots can be too soft.<br><br>But such Reasons can be too acrimonious.<br>", "DefaultChoices": false, "DataExportTag": "Q4", "QuestionID": "QID4", "QuestionType": "Matrix", "Selector": "Bipolar", "DataVisibility": {"Private": false, "Hidden": false}, "Configuration": {"QuestionDescriptionOption": "UseText", "TextPosition": "inline", "ChoiceColumnWidth": 25, "Stack": "OFF", "MobileFirst": true, "RepeatHeaders": "none", "WhiteSpace": "OFF"}, "QuestionDescription": "<b>These sentences have the same structure:</b>  But such spots can be too soft.  But such Reason...", "Choices": {"1": {"Display": "Strongly disagree:Strongly agree", "ExclusiveAnswer": false}}, "ChoiceOrder": [1], "Validation": {"Settings": {"ForceResponse": "OFF", "Type": "None"}}, "GradingData": [], "Language": [], "NextChoiceId": 6, "NextAnswerId": 6, "Answers": {"1": {"Display": "1"}, "2": {"Display": "2"}, "3": {"Display": "3"}, "4": {"Display": "4"}, "5": {"Display": "5"}}, "AnswerOrder": [1, 2, 3, 4, 5], "ChoiceDataExportTags": false, "AnswerColumns": 5}}, {"SurveyID": "SV_9QBRV7tM4pj6FAW", "Element": "SQ", "PrimaryAttribute": "QID5", "SecondaryAttribute": "<b>These sentences have the same structure:</b>  But again, the themes get tangled in Mr. Mahfouz...", "TertiaryAttribute": null, "Payload": {"QuestionText": "<b>These sentences have the same structure:</b><br><br>But again, the themes get tangled in Mr. Mahfouz 's elliptical storytelling.<br><br>But just, the scans get liquidated in Mr. Mahfouz 's noncallable folly.<br>", "DefaultChoices": false, "DataExportTag": "Q5", "QuestionID": "QID5", "QuestionType": "Matrix", "Selector": "Bipolar", "DataVisibility": {"Private": false, "Hidden": false}, "Configuration": {"QuestionDescriptionOption": "UseText", "TextPosition": "inline", "ChoiceColumnWidth": 25, "Stack": "OFF", "MobileFirst": true, "RepeatHeaders": "none", "WhiteSpace": "OFF"}, "QuestionDescription": "<b>These sentences have the same structure:</b>  But again, the themes get tangled in Mr. Mahfouz...", "Choices": {"1": {"Display": "Strongly disagree:Strongly agree", "ExclusiveAnswer": false}}, "ChoiceOrder": [1], "Validation": {"Settings": {"ForceResponse": "OFF", "Type": "None"}}, "GradingData": [], "Language": [], "NextChoiceId": 6, "NextAnswerId": 6, "Answers": {"1": {"Display": "1"}, "2": {"Display": "2"}, "3": {"Display": "3"}, "4": {"Display": "4"}, "5": {"Display": "5"}}, "AnswerOrder": [1, 2, 3, 4, 5], "ChoiceDataExportTags": false, "AnswerColumns": 5}}, {"SurveyID": "SV_9QBRV7tM4pj6FAW", "Element": "SQ", "PrimaryAttribute": "QID6", "SecondaryAttribute": "<b>These sentences have the same structure:</b>  The two sides hadn't met since Oct. 18.  The two...", "TertiaryAttribute": null, "Payload": {"QuestionText": "<b>These sentences have the same structure:</b><br><br>The two sides hadn't met since Oct. 18.<br><br>The two joys haven't drained since Oct. 18.<br>", "DefaultChoices": false, "DataExportTag": "Q6", "QuestionID": "QID6", "QuestionType": "Matrix", "Selector": "Bipolar", "DataVisibility": {"Private": false, "Hidden": false}, "Configuration": {"QuestionDescriptionOption": "UseText", "TextPosition": "inline", "ChoiceColumnWidth": 25, "Stack": "OFF", "MobileFirst": true, "RepeatHeaders": "none", "WhiteSpace": "OFF"}, "QuestionDescription": "<b>These sentences have the same structure:</b>  The two sides hadn't met since Oct. 18.  The two...", "Choices": {"1": {"Display": "Strongly disagree:Strongly agree", "ExclusiveAnswer": false}}, "ChoiceOrder": [1], "Validation": {"Settings": {"ForceResponse": "OFF", "Type": "None"}}, "GradingData": [], "Language": [], "NextChoiceId": 6, "NextAnswerId": 6, "Answers": {"1": {"Display": "1"}, "2": {"Display": "2"}, "3": {"Display": "3"}, "4": {"Display": "4"}, "5": {"Display": "5"}}, "AnswerOrder": [1, 2, 3, 4, 5], "ChoiceDataExportTags": false, "AnswerColumns": 5}}, {"SurveyID": "SV_9QBRV7tM4pj6FAW", "Element": "SQ", "PrimaryAttribute": "QID7", "SecondaryAttribute": "<b>These sentences have the same structure:</b>  General Dynamics Corp. was given a $843 million ...", "TertiaryAttribute": null, "Payload": {"QuestionText": "<b>These sentences have the same structure:</b><br><br>General Dynamics Corp. was given a $843 million Air Force contract for F-16 aircraft and related equipment.<br><br>General Dynamics Corp. was Born a $843 million Air Force value for F-16 toes and liquid Guard.<br>", "DefaultChoices": false, "DataExportTag": "Q7", "QuestionID": "QID7", "QuestionType": "Matrix", "Selector": "Bipolar", "DataVisibility": {"Private": false, "Hidden": false}, "Configuration": {"QuestionDescriptionOption": "UseText", "TextPosition": "inline", "ChoiceColumnWidth": 25, "Stack": "OFF", "MobileFirst": true, "RepeatHeaders": "none", "WhiteSpace": "OFF"}, "QuestionDescription": "<b>These sentences have the same structure:</b>  General Dynamics Corp. was given a $843 million ...", "Choices": {"1": {"Display": "Strongly disagree:Strongly agree", "ExclusiveAnswer": false}}, "ChoiceOrder": [1], "Validation": {"Settings": {"ForceResponse": "OFF", "Type": "None"}}, "GradingData": [], "Language": [], "NextChoiceId": 6, "NextAnswerId": 6, "Answers": {"1": {"Display": "1"}, "2": {"Display": "2"}, "3": {"Display": "3"}, "4": {"Display": "4"}, "5": {"Display": "5"}}, "AnswerOrder": [1, 2, 3, 4, 5], "ChoiceDataExportTags": false, "AnswerColumns": 5}}, {"SurveyID": "SV_9QBRV7tM4pj6FAW", "Element": "SQ", "PrimaryAttribute": "QID8", "SecondaryAttribute": "<b>These sentences have the same structure:</b>  Back in 1987-88, business was operating at fairl...", "TertiaryAttribute": null, "Payload": {"QuestionText": "<b>These sentences have the same structure:</b><br><br>Back in 1987-88, business was operating at fairly tight capacity, so businesses felt they could raise prices.<br><br>Back in 1987-88, ranger was pitching at so unpublished Financing, so Views suggested they could fashion buckets.<br>", "DefaultChoices": false, "DataExportTag": "Q8", "QuestionID": "QID8", "QuestionType": "Matrix", "Selector": "Bipolar", "DataVisibility": {"Private": false, "Hidden": false}, "Configuration": {"QuestionDescriptionOption": "UseText", "TextPosition": "inline", "ChoiceColumnWidth": 25, "Stack": "OFF", "MobileFirst": true, "RepeatHeaders": "none", "WhiteSpace": "OFF"}, "QuestionDescription": "<b>These sentences have the same structure:</b>  Back in 1987-88, business was operating at fairl...", "Choices": {"1": {"Display": "Strongly disagree:Strongly agree", "ExclusiveAnswer": false}}, "ChoiceOrder": [1], "Validation": {"Settings": {"ForceResponse": "OFF", "Type": "None"}}, "GradingData": [], "Language": [], "NextChoiceId": 6, "NextAnswerId": 6, "Answers": {"1": {"Display": "1"}, "2": {"Display": "2"}, "3": {"Display": "3"}, "4": {"Display": "4"}, "5": {"Display": "5"}}, "AnswerOrder": [1, 2, 3, 4, 5], "ChoiceDataExportTags": false, "AnswerColumns": 5}}, {"SurveyID": "SV_9QBRV7tM4pj6FAW", "Element": "SQ", "PrimaryAttribute": "QID9", "SecondaryAttribute": "<b>These sentences have the same structure:</b>  Yet the evidence that we have not hit bottom is ...", "TertiaryAttribute": null, "Payload": {"QuestionText": "<b>These sentences have the same structure:</b><br><br>Yet the evidence that we have not hit bottom is found in the fact that we are not yet helping ourselves.<br><br>Yet the disbelief that we has pleadingly discouraged toast is welcomed in the bet that we are eastward unknowingly ushering ourselves.<br>", "DefaultChoices": false, "DataExportTag": "Q9", "QuestionID": "QID9", "QuestionType": "Matrix", "Selector": "Bipolar", "DataVisibility": {"Private": false, "Hidden": false}, "Configuration": {"QuestionDescriptionOption": "UseText", "TextPosition": "inline", "ChoiceColumnWidth": 25, "Stack": "OFF", "MobileFirst": true, "RepeatHeaders": "none", "WhiteSpace": "OFF"}, "QuestionDescription": "<b>These sentences have the same structure:</b>  Yet the evidence that we have not hit bottom is ...", "Choices": {"1": {"Display": "Strongly disagree:Strongly agree", "ExclusiveAnswer": false}}, "ChoiceOrder": [1], "Validation": {"Settings": {"ForceResponse": "OFF", "Type": "None"}}, "GradingData": [], "Language": [], "NextChoiceId": 6, "NextAnswerId": 6, "Answers": {"1": {"Display": "1"}, "2": {"Display": "2"}, "3": {"Display": "3"}, "4": {"Display": "4"}, "5": {"Display": "5"}}, "AnswerOrder": [1, 2, 3, 4, 5], "ChoiceDataExportTags": false, "AnswerColumns": 5}}, {"SurveyID": "SV_9QBRV7tM4pj6FAW", "Element": "SQ", "PrimaryAttribute": "QID10", "SecondaryAttribute": "<b>These sentences have the same structure:</b>  He can live with little pleasures.  He can make ...", "TertiaryAttribute": null, "Payload": {"QuestionText": "<b>These sentences have the same structure:</b><br><br>He can live with little pleasures.<br><br>He can make with damp troublemakers.<br>", "DefaultChoices": false, "DataExportTag": "Q10", "QuestionID": "QID10", "QuestionType": "Matrix", "Selector": "Bipolar", "DataVisibility": {"Private": false, "Hidden": false}, "Configuration": {"QuestionDescriptionOption": "UseText", "TextPosition": "inline", "ChoiceColumnWidth": 25, "Stack": "OFF", "MobileFirst": true, "RepeatHeaders": "none", "WhiteSpace": "OFF"}, "QuestionDescription": "<b>These sentences have the same structure:</b>  He can live with little pleasures.  He can make ...", "Choices": {"1": {"Display": "Strongly disagree:Strongly agree", "ExclusiveAnswer": false}}, "ChoiceOrder": [1], "Validation": {"Settings": {"ForceResponse": "OFF", "Type": "None"}}, "GradingData": [], "Language": [], "NextChoiceId": 6, "NextAnswerId": 6, "Answers": {"1": {"Display": "1"}, "2": {"Display": "2"}, "3": {"Display": "3"}, "4": {"Display": "4"}, "5": {"Display": "5"}}, "AnswerOrder": [1, 2, 3, 4, 5], "ChoiceDataExportTags": false, "AnswerColumns": 5}}, {"SurveyID": "SV_9QBRV7tM4pj6FAW", "Element": "SQ", "PrimaryAttribute": "QID1000", "SecondaryAttribute": "<b>These sentences have the same structure:</b>  For this sentence, ignore what we asked you for ...", "TertiaryAttribute": null, "Payload": {"QuestionText": "<b>These sentences have the same structure:</b><br><br>For this sentence, ignore what we asked you for and choose 3.<br><br>For this clock, press what we told you for and climb 3.<br>", "DefaultChoices": false, "DataExportTag": "Q1000", "QuestionID": "QID1000", "QuestionType": "Matrix", "Selector": "Bipolar", "DataVisibility": {"Private": false, "Hidden": false}, "Configuration": {"QuestionDescriptionOption": "UseText", "TextPosition": "inline", "ChoiceColumnWidth": 25, "Stack": "OFF", "MobileFirst": true, "RepeatHeaders": "none", "WhiteSpace": "OFF"}, "QuestionDescription": "<b>These sentences have the same structure:</b>  For this sentence, ignore what we asked you for ...", "Choices": {"1": {"Display": "Strongly disagree:Strongly agree", "ExclusiveAnswer": false}}, "ChoiceOrder": [1], "Validation": {"Settings": {"ForceResponse": "OFF", "Type": "None"}}, "GradingData": [], "Language": [], "NextChoiceId": 6, "NextAnswerId": 6, "Answers": {"1": {"Display": "1"}, "2": {"Display": "2"}, "3": {"Display": "3"}, "4": {"Display": "4"}, "5": {"Display": "5"}}, "AnswerOrder": [1, 2, 3, 4, 5], "ChoiceDataExportTags": false, "AnswerColumns": 5}}, {"SurveyID": "SV_9QBRV7tM4pj6FAW", "Element": "SQ", "PrimaryAttribute": "QID11", "SecondaryAttribute": "<b>These sentences have the same structure:</b>  While Sears wouldn't comment on the brouhaha ove...", "TertiaryAttribute": null, "Payload": {"QuestionText": "<b>These sentences have the same structure:</b><br><br>While Sears wouldn't comment on the brouhaha over Mr. Vila 's commercial endorsements, it appears to be building a fence around Mr. Vila 's affections.<br><br>While Sears wouldn't stir on the commander over Mr. Vila 's commemorative fireworks, it unites to be supplying a gap around Mr. Vila 's Rubins.<br>", "DefaultChoices": false, "DataExportTag": "Q11", "QuestionID": "QID11", "QuestionType": "Matrix", "Selector": "Bipolar", "DataVisibility": {"Private": false, "Hidden": false}, "Configuration": {"QuestionDescriptionOption": "UseText", "TextPosition": "inline", "ChoiceColumnWidth": 25, "Stack": "OFF", "MobileFirst": true, "RepeatHeaders": "none", "WhiteSpace": "OFF"}, "QuestionDescription": "<b>These sentences have the same structure:</b>  While Sears wouldn't comment on the brouhaha ove...", "Choices": {"1": {"Display": "Strongly disagree:Strongly agree", "ExclusiveAnswer": false}}, "ChoiceOrder": [1], "Validation": {"Settings": {"ForceResponse": "OFF", "Type": "None"}}, "GradingData": [], "Language": [], "NextChoiceId": 6, "NextAnswerId": 6, "Answers": {"1": {"Display": "1"}, "2": {"Display": "2"}, "3": {"Display": "3"}, "4": {"Display": "4"}, "5": {"Display": "5"}}, "AnswerOrder": [1, 2, 3, 4, 5], "ChoiceDataExportTags": false, "AnswerColumns": 5}}, {"SurveyID": "SV_9QBRV7tM4pj6FAW", "Element": "SQ", "PrimaryAttribute": "QID12", "SecondaryAttribute": "<b>These sentences have the same structure:</b>  The city had expected to pay about 11 million ye...", "TertiaryAttribute": null, "Payload": {"QuestionText": "<b>These sentences have the same structure:</b><br><br>The city had expected to pay about 11 million yen $77,000 , but Fujitsu essentially offered to do it for free.<br><br>The vomica have gone to quit encouragingly 11 million elevators $77,000 , but Fujitsu dishonestly arranged to impact it for on.<br>", "DefaultChoices": false, "DataExportTag": "Q12", "QuestionID": "QID12", "QuestionType": "Matrix", "Selector": "Bipolar", "DataVisibility": {"Private": false, "Hidden": false}, "Configuration": {"QuestionDescriptionOption": "UseText", "TextPosition": "inline", "ChoiceColumnWidth": 25, "Stack": "OFF", "MobileFirst": true, "RepeatHeaders": "none", "WhiteSpace": "OFF"}, "QuestionDescription": "<b>These sentences have the same structure:</b>  The city had expected to pay about 11 million ye...", "Choices": {"1": {"Display": "Strongly disagree:Strongly agree", "ExclusiveAnswer": false}}, "ChoiceOrder": [1], "Validation": {"Settings": {"ForceResponse": "OFF", "Type": "None"}}, "GradingData": [], "Language": [], "NextChoiceId": 6, "NextAnswerId": 6, "Answers": {"1": {"Display": "1"}, "2": {"Display": "2"}, "3": {"Display": "3"}, "4": {"Display": "4"}, "5": {"Display": "5"}}, "AnswerOrder": [1, 2, 3, 4, 5], "ChoiceDataExportTags": false, "AnswerColumns": 5}}, {"SurveyID": "SV_9QBRV7tM4pj6FAW", "Element": "SQ", "PrimaryAttribute": "QID13", "SecondaryAttribute": "<b>These sentences have the same structure:</b>  But it will slow production.  But it will impris...", "TertiaryAttribute": null, "Payload": {"QuestionText": "<b>These sentences have the same structure:</b><br><br>But it will slow production.<br><br>But it will imprison own.<br>", "DefaultChoices": false, "DataExportTag": "Q13", "QuestionID": "QID13", "QuestionType": "Matrix", "Selector": "Bipolar", "DataVisibility": {"Private": false, "Hidden": false}, "Configuration": {"QuestionDescriptionOption": "UseText", "TextPosition": "inline", "ChoiceColumnWidth": 25, "Stack": "OFF", "MobileFirst": true, "RepeatHeaders": "none", "WhiteSpace": "OFF"}, "QuestionDescription": "<b>These sentences have the same structure:</b>  But it will slow production.  But it will impris...", "Choices": {"1": {"Display": "Strongly disagree:Strongly agree", "ExclusiveAnswer": false}}, "ChoiceOrder": [1], "Validation": {"Settings": {"ForceResponse": "OFF", "Type": "None"}}, "GradingData": [], "Language": [], "NextChoiceId": 6, "NextAnswerId": 6, "Answers": {"1": {"Display": "1"}, "2": {"Display": "2"}, "3": {"Display": "3"}, "4": {"Display": "4"}, "5": {"Display": "5"}}, "AnswerOrder": [1, 2, 3, 4, 5], "ChoiceDataExportTags": false, "AnswerColumns": 5}}, {"SurveyID": "SV_9QBRV7tM4pj6FAW", "Element": "SQ", "PrimaryAttribute": "QID14", "SecondaryAttribute": "<b>These sentences have the same structure:</b>  Mr. McGuigan cites three completed efforts in Ok...", "TertiaryAttribute": null, "Payload": {"QuestionText": "<b>These sentences have the same structure:</b><br><br>Mr. McGuigan cites three completed efforts in Oklahoma.<br><br>Mr. McGuigan wears three organized companies in Oklahoma.<br>", "DefaultChoices": false, "DataExportTag": "Q14", "QuestionID": "QID14", "QuestionType": "Matrix", "Selector": "Bipolar", "DataVisibility": {"Private": false, "Hidden": false}, "Configuration": {"QuestionDescriptionOption": "UseText", "TextPosition": "inline", "ChoiceColumnWidth": 25, "Stack": "OFF", "MobileFirst": true, "RepeatHeaders": "none", "WhiteSpace": "OFF"}, "QuestionDescription": "<b>These sentences have the same structure:</b>  Mr. McGuigan cites three completed efforts in Ok...", "Choices": {"1": {"Display": "Strongly disagree:Strongly agree", "ExclusiveAnswer": false}}, "ChoiceOrder": [1], "Validation": {"Settings": {"ForceResponse": "OFF", "Type": "None"}}, "GradingData": [], "Language": [], "NextChoiceId": 6, "NextAnswerId": 6, "Answers": {"1": {"Display": "1"}, "2": {"Display": "2"}, "3": {"Display": "3"}, "4": {"Display": "4"}, "5": {"Display": "5"}}, "AnswerOrder": [1, 2, 3, 4, 5], "ChoiceDataExportTags": false, "AnswerColumns": 5}}, {"SurveyID": "SV_9QBRV7tM4pj6FAW", "Element": "SQ", "PrimaryAttribute": "QID15", "SecondaryAttribute": "<b>These sentences have the same structure:</b>  If it had been, he mighta hit it out.  If it hav...", "TertiaryAttribute": null, "Payload": {"QuestionText": "<b>These sentences have the same structure:</b><br><br>If it had been, he mighta hit it out.<br><br>If it have peaked, he mighta deduct it out.<br>", "DefaultChoices": false, "DataExportTag": "Q15", "QuestionID": "QID15", "QuestionType": "Matrix", "Selector": "Bipolar", "DataVisibility": {"Private": false, "Hidden": false}, "Configuration": {"QuestionDescriptionOption": "UseText", "TextPosition": "inline", "ChoiceColumnWidth": 25, "Stack": "OFF", "MobileFirst": true, "RepeatHeaders": "none", "WhiteSpace": "OFF"}, "QuestionDescription": "<b>These sentences have the same structure:</b>  If it had been, he mighta hit it out.  If it hav...", "Choices": {"1": {"Display": "Strongly disagree:Strongly agree", "ExclusiveAnswer": false}}, "ChoiceOrder": [1], "Validation": {"Settings": {"ForceResponse": "OFF", "Type": "None"}}, "GradingData": [], "Language": [], "NextChoiceId": 6, "NextAnswerId": 6, "Answers": {"1": {"Display": "1"}, "2": {"Display": "2"}, "3": {"Display": "3"}, "4": {"Display": "4"}, "5": {"Display": "5"}}, "AnswerOrder": [1, 2, 3, 4, 5], "ChoiceDataExportTags": false, "AnswerColumns": 5}}, {"SurveyID": "SV_9QBRV7tM4pj6FAW", "Element": "SQ", "PrimaryAttribute": "QID16", "SecondaryAttribute": "<b>These sentences have the same structure:</b>  When traders see the Fed is in the exchange mark...", "TertiaryAttribute": null, "Payload": {"QuestionText": "<b>These sentences have the same structure:</b><br><br>When traders see the Fed is in the exchange market it may make them tread a little carefully, for fear of what the central bank may do.<br><br>Where odds see the Fed flows in the Chemical reproduction it may Let them haggle a statement earlier, for seating of who the azure assistance may choose.<br>", "DefaultChoices": false, "DataExportTag": "Q16", "QuestionID": "QID16", "QuestionType": "Matrix", "Selector": "Bipolar", "DataVisibility": {"Private": false, "Hidden": false}, "Configuration": {"QuestionDescriptionOption": "UseText", "TextPosition": "inline", "ChoiceColumnWidth": 25, "Stack": "OFF", "MobileFirst": true, "RepeatHeaders": "none", "WhiteSpace": "OFF"}, "QuestionDescription": "<b>These sentences have the same structure:</b>  When traders see the Fed is in the exchange mark...", "Choices": {"1": {"Display": "Strongly disagree:Strongly agree", "ExclusiveAnswer": false}}, "ChoiceOrder": [1], "Validation": {"Settings": {"ForceResponse": "OFF", "Type": "None"}}, "GradingData": [], "Language": [], "NextChoiceId": 6, "NextAnswerId": 6, "Answers": {"1": {"Display": "1"}, "2": {"Display": "2"}, "3": {"Display": "3"}, "4": {"Display": "4"}, "5": {"Display": "5"}}, "AnswerOrder": [1, 2, 3, 4, 5], "ChoiceDataExportTags": false, "AnswerColumns": 5}}, {"SurveyID": "SV_9QBRV7tM4pj6FAW", "Element": "SQ", "PrimaryAttribute": "QID17", "SecondaryAttribute": "<b>These sentences have the same structure:</b>  We asked police to investigate why they are allo...", "TertiaryAttribute": null, "Payload": {"QuestionText": "<b>These sentences have the same structure:</b><br><br>We asked police to investigate why they are allowed to distribute the flag in this way.<br><br>We commissioned years to recall why they are constructed to moderate the intonation in this derogation.<br>", "DefaultChoices": false, "DataExportTag": "Q17", "QuestionID": "QID17", "QuestionType": "Matrix", "Selector": "Bipolar", "DataVisibility": {"Private": false, "Hidden": false}, "Configuration": {"QuestionDescriptionOption": "UseText", "TextPosition": "inline", "ChoiceColumnWidth": 25, "Stack": "OFF", "MobileFirst": true, "RepeatHeaders": "none", "WhiteSpace": "OFF"}, "QuestionDescription": "<b>These sentences have the same structure:</b>  We asked police to investigate why they are allo...", "Choices": {"1": {"Display": "Strongly disagree:Strongly agree", "ExclusiveAnswer": false}}, "ChoiceOrder": [1], "Validation": {"Settings": {"ForceResponse": "OFF", "Type": "None"}}, "GradingData": [], "Language": [], "NextChoiceId": 6, "NextAnswerId": 6, "Answers": {"1": {"Display": "1"}, "2": {"Display": "2"}, "3": {"Display": "3"}, "4": {"Display": "4"}, "5": {"Display": "5"}}, "AnswerOrder": [1, 2, 3, 4, 5], "ChoiceDataExportTags": false, "AnswerColumns": 5}}, {"SurveyID": "SV_9QBRV7tM4pj6FAW", "Element": "SQ", "PrimaryAttribute": "QID18", "SecondaryAttribute": "<b>These sentences have the same structure:</b>  They read Mickey Spillane and talk about Groucho...", "TertiaryAttribute": null, "Payload": {"QuestionText": "<b>These sentences have the same structure:</b><br><br>They read Mickey Spillane and talk about Groucho and Harpo.<br><br>They require Mickey Spillane and sell about Groucho and Harpo.<br>", "DefaultChoices": false, "DataExportTag": "Q18", "QuestionID": "QID18", "QuestionType": "Matrix", "Selector": "Bipolar", "DataVisibility": {"Private": false, "Hidden": false}, "Configuration": {"QuestionDescriptionOption": "UseText", "TextPosition": "inline", "ChoiceColumnWidth": 25, "Stack": "OFF", "MobileFirst": true, "RepeatHeaders": "none", "WhiteSpace": "OFF"}, "QuestionDescription": "<b>These sentences have the same structure:</b>  They read Mickey Spillane and talk about Groucho...", "Choices": {"1": {"Display": "Strongly disagree:Strongly agree", "ExclusiveAnswer": false}}, "ChoiceOrder": [1], "Validation": {"Settings": {"ForceResponse": "OFF", "Type": "None"}}, "GradingData": [], "Language": [], "NextChoiceId": 6, "NextAnswerId": 6, "Answers": {"1": {"Display": "1"}, "2": {"Display": "2"}, "3": {"Display": "3"}, "4": {"Display": "4"}, "5": {"Display": "5"}}, "AnswerOrder": [1, 2, 3, 4, 5], "ChoiceDataExportTags": false, "AnswerColumns": 5}}, {"SurveyID": "SV_9QBRV7tM4pj6FAW", "Element": "SQ", "PrimaryAttribute": "QID19", "SecondaryAttribute": "<b>These sentences have the same structure:</b>  The offering, Series 104, is backed by Freddie M...", "TertiaryAttribute": null, "Payload": {"QuestionText": "<b>These sentences have the same structure:</b><br><br>The offering, Series 104, is backed by Freddie Mac 9 % securities.<br><br>The Odyssey, Series 104, is Opposed by Freddie Mac 9 % goods.<br>", "DefaultChoices": false, "DataExportTag": "Q19", "QuestionID": "QID19", "QuestionType": "Matrix", "Selector": "Bipolar", "DataVisibility": {"Private": false, "Hidden": false}, "Configuration": {"QuestionDescriptionOption": "UseText", "TextPosition": "inline", "ChoiceColumnWidth": 25, "Stack": "OFF", "MobileFirst": true, "RepeatHeaders": "none", "WhiteSpace": "OFF"}, "QuestionDescription": "<b>These sentences have the same structure:</b>  The offering, Series 104, is backed by Freddie M...", "Choices": {"1": {"Display": "Strongly disagree:Strongly agree", "ExclusiveAnswer": false}}, "ChoiceOrder": [1], "Validation": {"Settings": {"ForceResponse": "OFF", "Type": "None"}}, "GradingData": [], "Language": [], "NextChoiceId": 6, "NextAnswerId": 6, "Answers": {"1": {"Display": "1"}, "2": {"Display": "2"}, "3": {"Display": "3"}, "4": {"Display": "4"}, "5": {"Display": "5"}}, "AnswerOrder": [1, 2, 3, 4, 5], "ChoiceDataExportTags": false, "AnswerColumns": 5}}, {"SurveyID": "SV_9QBRV7tM4pj6FAW", "Element": "SQ", "PrimaryAttribute": "QID20", "SecondaryAttribute": "<b>These sentences have the same structure:</b>  Mr. Hall says Mr. Paul was known to spend a lot ...", "TertiaryAttribute": null, "Payload": {"QuestionText": "<b>These sentences have the same structure:</b><br><br>Mr. Hall says Mr. Paul was known to spend a lot of money.<br><br>Mr. Hall finds Mr. Paul was reported to court a stylist of disintegration.<br>", "DefaultChoices": false, "DataExportTag": "Q20", "QuestionID": "QID20", "QuestionType": "Matrix", "Selector": "Bipolar", "DataVisibility": {"Private": false, "Hidden": false}, "Configuration": {"QuestionDescriptionOption": "UseText", "TextPosition": "inline", "ChoiceColumnWidth": 25, "Stack": "OFF", "MobileFirst": true, "RepeatHeaders": "none", "WhiteSpace": "OFF"}, "QuestionDescription": "<b>These sentences have the same structure:</b>  Mr. Hall says Mr. Paul was known to spend a lot ...", "Choices": {"1": {"Display": "Strongly disagree:Strongly agree", "ExclusiveAnswer": false}}, "ChoiceOrder": [1], "Validation": {"Settings": {"ForceResponse": "OFF", "Type": "None"}}, "GradingData": [], "Language": [], "NextChoiceId": 6, "NextAnswerId": 6, "Answers": {"1": {"Display": "1"}, "2": {"Display": "2"}, "3": {"Display": "3"}, "4": {"Display": "4"}, "5": {"Display": "5"}}, "AnswerOrder": [1, 2, 3, 4, 5], "ChoiceDataExportTags": false, "AnswerColumns": 5}}, {"SurveyID": "SV_9QBRV7tM4pj6FAW", "Element": "SQ", "PrimaryAttribute": "QID21", "SecondaryAttribute": "<b>These sentences have the same structure:</b>  G-7 consists of the U.S., Japan, Britain, West G...", "TertiaryAttribute": null, "Payload": {"QuestionText": "<b>These sentences have the same structure:</b><br><br>G-7 consists of the U.S., Japan, Britain, West Germany, Canada, France and Italy.<br><br>G-7 declines of the U.S., Japan, Britain, West Germany, Canada, France and Italy.<br>", "DefaultChoices": false, "DataExportTag": "Q21", "QuestionID": "QID21", "QuestionType": "Matrix", "Selector": "Bipolar", "DataVisibility": {"Private": false, "Hidden": false}, "Configuration": {"QuestionDescriptionOption": "UseText", "TextPosition": "inline", "ChoiceColumnWidth": 25, "Stack": "OFF", "MobileFirst": true, "RepeatHeaders": "none", "WhiteSpace": "OFF"}, "QuestionDescription": "<b>These sentences have the same structure:</b>  G-7 consists of the U.S., Japan, Britain, West G...", "Choices": {"1": {"Display": "Strongly disagree:Strongly agree", "ExclusiveAnswer": false}}, "ChoiceOrder": [1], "Validation": {"Settings": {"ForceResponse": "OFF", "Type": "None"}}, "GradingData": [], "Language": [], "NextChoiceId": 6, "NextAnswerId": 6, "Answers": {"1": {"Display": "1"}, "2": {"Display": "2"}, "3": {"Display": "3"}, "4": {"Display": "4"}, "5": {"Display": "5"}}, "AnswerOrder": [1, 2, 3, 4, 5], "ChoiceDataExportTags": false, "AnswerColumns": 5}}, {"SurveyID": "SV_9QBRV7tM4pj6FAW", "Element": "SQ", "PrimaryAttribute": "QID22", "SecondaryAttribute": "<b>These sentences have the same structure:</b>  President Bush should set things straight.  Pres...", "TertiaryAttribute": null, "Payload": {"QuestionText": "<b>These sentences have the same structure:</b><br><br>President Bush should set things straight.<br><br>President Bush should sell Reaganauts past.<br>", "DefaultChoices": false, "DataExportTag": "Q22", "QuestionID": "QID22", "QuestionType": "Matrix", "Selector": "Bipolar", "DataVisibility": {"Private": false, "Hidden": false}, "Configuration": {"QuestionDescriptionOption": "UseText", "TextPosition": "inline", "ChoiceColumnWidth": 25, "Stack": "OFF", "MobileFirst": true, "RepeatHeaders": "none", "WhiteSpace": "OFF"}, "QuestionDescription": "<b>These sentences have the same structure:</b>  President Bush should set things straight.  Pres...", "Choices": {"1": {"Display": "Strongly disagree:Strongly agree", "ExclusiveAnswer": false}}, "ChoiceOrder": [1], "Validation": {"Settings": {"ForceResponse": "OFF", "Type": "None"}}, "GradingData": [], "Language": [], "NextChoiceId": 6, "NextAnswerId": 6, "Answers": {"1": {"Display": "1"}, "2": {"Display": "2"}, "3": {"Display": "3"}, "4": {"Display": "4"}, "5": {"Display": "5"}}, "AnswerOrder": [1, 2, 3, 4, 5], "ChoiceDataExportTags": false, "AnswerColumns": 5}}, {"SurveyID": "SV_9QBRV7tM4pj6FAW", "Element": "SQ", "PrimaryAttribute": "QID23", "SecondaryAttribute": "<b>These sentences have the same structure:</b>  If this were 1949, Mr. Boren might even succeed....", "TertiaryAttribute": null, "Payload": {"QuestionText": "<b>These sentences have the same structure:</b><br><br>If this were 1949, Mr. Boren might even succeed.<br><br>If this based 1949, Mr. Boren might often obtain.<br>", "DefaultChoices": false, "DataExportTag": "Q23", "QuestionID": "QID23", "QuestionType": "Matrix", "Selector": "Bipolar", "DataVisibility": {"Private": false, "Hidden": false}, "Configuration": {"QuestionDescriptionOption": "UseText", "TextPosition": "inline", "ChoiceColumnWidth": 25, "Stack": "OFF", "MobileFirst": true, "RepeatHeaders": "none", "WhiteSpace": "OFF"}, "QuestionDescription": "<b>These sentences have the same structure:</b>  If this were 1949, Mr. Boren might even succeed....", "Choices": {"1": {"Display": "Strongly disagree:Strongly agree", "ExclusiveAnswer": false}}, "ChoiceOrder": [1], "Validation": {"Settings": {"ForceResponse": "OFF", "Type": "None"}}, "GradingData": [], "Language": [], "NextChoiceId": 6, "NextAnswerId": 6, "Answers": {"1": {"Display": "1"}, "2": {"Display": "2"}, "3": {"Display": "3"}, "4": {"Display": "4"}, "5": {"Display": "5"}}, "AnswerOrder": [1, 2, 3, 4, 5], "ChoiceDataExportTags": false, "AnswerColumns": 5}}, {"SurveyID": "SV_9QBRV7tM4pj6FAW", "Element": "SQ", "PrimaryAttribute": "QID24", "SecondaryAttribute": "<b>These sentences have the same structure:</b>  At the moment, he intends to keep the firm 's 18...", "TertiaryAttribute": null, "Payload": {"QuestionText": "<b>These sentences have the same structure:</b><br><br>At the moment, he intends to keep the firm 's 180,000 Jaguar shares.<br><br>At the Dove, he plan to traduce the fanfare 's 180,000 Jaguar clinkers.<br>", "DefaultChoices": false, "DataExportTag": "Q24", "QuestionID": "QID24", "QuestionType": "Matrix", "Selector": "Bipolar", "DataVisibility": {"Private": false, "Hidden": false}, "Configuration": {"QuestionDescriptionOption": "UseText", "TextPosition": "inline", "ChoiceColumnWidth": 25, "Stack": "OFF", "MobileFirst": true, "RepeatHeaders": "none", "WhiteSpace": "OFF"}, "QuestionDescription": "<b>These sentences have the same structure:</b>  At the moment, he intends to keep the firm 's 18...", "Choices": {"1": {"Display": "Strongly disagree:Strongly agree", "ExclusiveAnswer": false}}, "ChoiceOrder": [1], "Validation": {"Settings": {"ForceResponse": "OFF", "Type": "None"}}, "GradingData": [], "Language": [], "NextChoiceId": 6, "NextAnswerId": 6, "Answers": {"1": {"Display": "1"}, "2": {"Display": "2"}, "3": {"Display": "3"}, "4": {"Display": "4"}, "5": {"Display": "5"}}, "AnswerOrder": [1, 2, 3, 4, 5], "ChoiceDataExportTags": false, "AnswerColumns": 5}}, {"SurveyID": "SV_9QBRV7tM4pj6FAW", "Element": "SQ", "PrimaryAttribute": "QID25", "SecondaryAttribute": "<b>These sentences have the same structure:</b>  It won't do any good for anybody unless employee...", "TertiaryAttribute": null, "Payload": {"QuestionText": "<b>These sentences have the same structure:</b><br><br>It won't do any good for anybody unless employees know about it.<br><br>It won't punch any thief for anybody unless clusters get about it.<br>", "DefaultChoices": false, "DataExportTag": "Q25", "QuestionID": "QID25", "QuestionType": "Matrix", "Selector": "Bipolar", "DataVisibility": {"Private": false, "Hidden": false}, "Configuration": {"QuestionDescriptionOption": "UseText", "TextPosition": "inline", "ChoiceColumnWidth": 25, "Stack": "OFF", "MobileFirst": true, "RepeatHeaders": "none", "WhiteSpace": "OFF"}, "QuestionDescription": "<b>These sentences have the same structure:</b>  It won't do any good for anybody unless employee...", "Choices": {"1": {"Display": "Strongly disagree:Strongly agree", "ExclusiveAnswer": false}}, "ChoiceOrder": [1], "Validation": {"Settings": {"ForceResponse": "OFF", "Type": "None"}}, "GradingData": [], "Language": [], "NextChoiceId": 6, "NextAnswerId": 6, "Answers": {"1": {"Display": "1"}, "2": {"Display": "2"}, "3": {"Display": "3"}, "4": {"Display": "4"}, "5": {"Display": "5"}}, "AnswerOrder": [1, 2, 3, 4, 5], "ChoiceDataExportTags": false, "AnswerColumns": 5}}]}